Microsoft Visual Studio Solution File, Format Version 9.00
# Visual Studio 2005
Project("{8BC9CEB8-8B4A-11D0-8D11-00A0C91BC942}") = "_inc_ndas_private", "inc\_vs80__inc_ndas_private.vcproj", "{0BB4ECC0-7DDC-44B8-B624-8A1E15426A62}"
EndProject
Project("{8BC9CEB8-8B4A-11D0-8D11-00A0C91BC942}") = "_inc_ndas_public", "inc\public\_vs80__inc_ndas_public.vcproj", "{5052B92F-1150-493D-815F-0A4B3AF06410}"
EndProject
Project("{8BC9CEB8-8B4A-11D0-8D11-00A0C91BC942}") = "aes", "common\aes\_vs80_aes.vcproj", "{72A13239-1F02-40BF-97AA-DA1DDD3D3383}"
EndProject
Project("{8BC9CEB8-8B4A-11D0-8D11-00A0C91BC942}") = "des", "common\des\_vs80_des.vcproj", "{5EC1A688-29AA-4363-AE98-E1FC2E1D0CF2}"
EndProject
Project("{8BC9CEB8-8B4A-11D0-8D11-00A0C91BC942}") = "hash", "common\hash\_vs80_hash.vcproj", "{D04817F6-0673-47FF-872A-E5A6AB661BB4}"
EndProject
Project("{8BC9CEB8-8B4A-11D0-8D11-00A0C91BC942}") = "ndascntenc", "common\ndascntenc\_vs80_ndascntenc.vcproj", "{F0F6ACD5-3171-4769-8FAE-5182984A963B}"
EndProject
Project("{8BC9CEB8-8B4A-11D0-8D11-00A0C91BC942}") = "ndasid", "common\ndasid\_vs80_ndasid.vcproj", "{7E1B8EBB-057C-407A-B470-E3F4DE80E619}"
EndProject
Project("{8BC9CEB8-8B4A-11D0-8D11-00A0C91BC942}") = "ndasidenc", "common\ndasidenc\_vs80_ndasidenc.vcproj", "{362E60EC-BB0F-4D53-95C0-584C7DE081F4}"
EndProject
Project("{8BC9CEB8-8B4A-11D0-8D11-00A0C91BC942}") = "ndassyscfg", "common\ndassyscfg\_vs80_ndassyscfg.vcproj", "{20AFB993-ADEC-4EC3-9DD6-51CCCD6D8EDF}"
EndProject
Project("{8BC9CEB8-8B4A-11D0-8D11-00A0C91BC942}") = "scrc32", "common\scrc32\_vs80_scrc32.vcproj", "{5F6E73F1-8261-4CB9-A6AE-FB01B9725D64}"
EndProject
Project("{8BC9CEB8-8B4A-11D0-8D11-00A0C91BC942}") = "xdbgprn", "common\xdbgprn\_vs80_xdbgprn.vcproj", "{6EC22831-09ED-4443-B8F0-DA28A93AB9BF}"
EndProject
Project("{8BC9CEB8-8B4A-11D0-8D11-00A0C91BC942}") = "xregcfg", "common\xregcfg\_vs80_xregcfg.vcproj", "{A23C814B-C72B-46F8-BD55-260CBB7DC774}"
EndProject
Project("{8BC9CEB8-8B4A-11D0-8D11-00A0C91BC942}") = "_inc_ndas_drivers", "drivers\inc\_vs80__inc_ndas_drivers.vcproj", "{878CAB34-D312-442D-A15C-6E2B371C4DD1}"
EndProject
Project("{8BC9CEB8-8B4A-11D0-8D11-00A0C91BC942}") = "lfsfilt", "drivers\lfsfilter\_vs80_lfsfilt.vcproj", "{E6DE1424-92F7-4F22-84CD-2D73750035AA}"
EndProject
Project("{8BC9CEB8-8B4A-11D0-8D11-00A0C91BC942}") = "lpx", "drivers\netlpx\lpx\_vs80_lpx.vcproj", "{998B9911-1BC2-4EB5-A775-FDCC3EB71E05}"
EndProject
Project("{8BC9CEB8-8B4A-11D0-8D11-00A0C91BC942}") = "lpxtdi", "drivers\lpxtdi\_vs80_lpxtdi.vcproj", "{E145BD01-59DE-4598-B1B4-77ECECBF14CE}"
EndProject
Project("{8BC9CEB8-8B4A-11D0-8D11-00A0C91BC942}") = "ndasiomg", "drivers\ndasiomsg\_vs80_ndasiomg.vcproj", "{B3B9CB7E-E5B9-4603-AEAA-A9D1232E69F1}"
EndProject
Project("{8BC9CEB8-8B4A-11D0-8D11-00A0C91BC942}") = "wshlpx", "drivers\netlpx\wshlpx\_vs80_wshlpx.vcproj", "{4DBF16C9-D7C7-4E6C-B129-B14D505ABA0F}"
EndProject
Project("{8BC9CEB8-8B4A-11D0-8D11-00A0C91BC942}") = "lfsfiltctl", "umapps\lfsfiltctl\_vs80_lfsfiltctl.vcproj", "{368478A8-F73B-4518-9475-F0D2121400E7}"
EndProject
Project("{8BC9CEB8-8B4A-11D0-8D11-00A0C91BC942}") = "ndascmd", "umapps\ndascmd\_vs80_ndascmd.vcproj", "{37CCBD02-11AD-4310-9E8A-4D1EFC2A21C8}"
EndProject
Project("{8BC9CEB8-8B4A-11D0-8D11-00A0C91BC942}") = "ndascomm", "umapps\ndascomm\_vs80_ndascomm.vcproj", "{1FEA1228-8887-4A08-9DEF-660928F90813}"
EndProject
Project("{8BC9CEB8-8B4A-11D0-8D11-00A0C91BC942}") = "ndashear", "umapps\ndashear\_vs80_ndashear.vcproj", "{A75333E3-A78F-440C-8141-742740A6A8C1}"
EndProject
Project("{8BC9CEB8-8B4A-11D0-8D11-00A0C91BC942}") = "ndasmsg", "umapps\ndasmsg\_vs80_ndasmsg.vcproj", "{7D90F2C6-26F4-4697-B768-4B0E885C1D5C}"
EndProject
Project("{8BC9CEB8-8B4A-11D0-8D11-00A0C91BC942}") = "ndasop", "umapps\ndasop\_vs80_ndasop.vcproj", "{3DD5BFBF-D51B-47FC-A643-F24CFAD701C4}"
EndProject
Project("{8BC9CEB8-8B4A-11D0-8D11-00A0C91BC942}") = "lpxtrans", "umapps\ndassvc\lpxtrans\_vs80_lpxtrans.vcproj", "{E3F6FBA7-F863-4830-BC35-4C3434327112}"
EndProject
Project("{8BC9CEB8-8B4A-11D0-8D11-00A0C91BC942}") = "ndassvc", "umapps\ndassvc\service\_vs80_ndassvc.vcproj", "{AE025CB5-7E75-40CD-9B7E-AE1130DA3832}"
EndProject
Project("{8BC9CEB8-8B4A-11D0-8D11-00A0C91BC942}") = "ndassvc_support", "umapps\ndassvc\support\_vs80_ndassvc_support.vcproj", "{0C401A79-BA06-43E6-BBD6-83BEDD664052}"
EndProject
Project("{8BC9CEB8-8B4A-11D0-8D11-00A0C91BC942}") = "ndasuser", "umapps\ndasuser\_vs80_ndasuser.vcproj", "{57D3FC4E-F9C1-486E-AD02-B5B59EE9084C}"
	ProjectSection(ProjectDependencies) = postProject
		{7E1B8EBB-057C-407A-B470-E3F4DE80E619} = {7E1B8EBB-057C-407A-B470-E3F4DE80E619}
		{362E60EC-BB0F-4D53-95C0-584C7DE081F4} = {362E60EC-BB0F-4D53-95C0-584C7DE081F4}
		{5F6E73F1-8261-4CB9-A6AE-FB01B9725D64} = {5F6E73F1-8261-4CB9-A6AE-FB01B9725D64}
	EndProjectSection
EndProject
Project("{8BC9CEB8-8B4A-11D0-8D11-00A0C91BC942}") = "ndashixnotify", "umapps\ndashixnotify\_vs80_ndashixnotify.vcproj", "{EC8BAD1E-FA93-4302-9E43-D2D4F2805694}"
EndProject
Project("{8BC9CEB8-8B4A-11D0-8D11-00A0C91BC942}") = "vendorctl", "umapps\vendorctl\_vs80_vendorctl.vcproj", "{7C3CEAE3-A99E-469E-A793-1D10643FE229}"
EndProject
Project("{8BC9CEB8-8B4A-11D0-8D11-00A0C91BC942}") = "dsig", "setuphlp\dsig\_vs80_dsig.vcproj", "{FB26A50E-693E-4CFC-A585-D70B0B3E3F7C}"
EndProject
Project("{8BC9CEB8-8B4A-11D0-8D11-00A0C91BC942}") = "_inc_ndas_setup", "setuphlp\inc\_vs80__inc_ndas_setup.vcproj", "{7F757832-2DB1-42DF-A977-A92F359AC679}"
EndProject
Project("{8BC9CEB8-8B4A-11D0-8D11-00A0C91BC942}") = "ndasdi", "setuphlp\ndasdi\_vs80_ndasdi.vcproj", "{C9B6CCBB-80BA-49ED-9DFF-ECD6C9EEB2A2}"
EndProject
Project("{8BC9CEB8-8B4A-11D0-8D11-00A0C91BC942}") = "ndupdate", "setuphlp\ndupdate\_vs80_ndupdate.vcproj", "{579AB25C-E753-4092-A423-DED628F41DF6}"
EndProject
Project("{8BC9CEB8-8B4A-11D0-8D11-00A0C91BC942}") = "ndasmgmt", "umapps\ndasmgmt\_vs80_ndasmgmt.vcproj", "{876917FD-362F-4C89-8AFA-AAFBA6A405C1}"
EndProject
Project("{8BC9CEB8-8B4A-11D0-8D11-00A0C91BC942}") = "ndasbind", "umapps\ndasbind\_vs80_ndasbind.vcproj", "{F8031F82-8819-423D-BFE8-D5CE12960D8E}"
EndProject
Project("{8BC9CEB8-8B4A-11D0-8D11-00A0C91BC942}") = "ndasmsi", "setuphlp\ndasmsi\_vs80_ndmsica.vcproj", "{F1B1DE6A-1D50-4156-BAE0-8FAA592CC27E}"
EndProject
Project("{8BC9CEB8-8B4A-11D0-8D11-00A0C91BC942}") = "ndasbus", "drivers\ndasbus\_vs80_ndasbus.vcproj", "{6163B2FA-45E3-4DC9-910D-94A41D341855}"
	ProjectSection(ProjectDependencies) = postProject
		{A89ED5ED-A0FE-44E6-A29B-5EEF0EB7B3E4} = {A89ED5ED-A0FE-44E6-A29B-5EEF0EB7B3E4}
	EndProjectSection
EndProject
Project("{8BC9CEB8-8B4A-11D0-8D11-00A0C91BC942}") = "ndasscsi", "drivers\ndasscsi\_vs80_ndasscsi.vcproj", "{4C1E81C6-0256-4708-B45F-A63CC5BAF7C9}"
	ProjectSection(ProjectDependencies) = postProject
		{E145BD01-59DE-4598-B1B4-77ECECBF14CE} = {E145BD01-59DE-4598-B1B4-77ECECBF14CE}
		{A89ED5ED-A0FE-44E6-A29B-5EEF0EB7B3E4} = {A89ED5ED-A0FE-44E6-A29B-5EEF0EB7B3E4}
	EndProjectSection
EndProject
Project("{8BC9CEB8-8B4A-11D0-8D11-00A0C91BC942}") = "ndask", "drivers\ndasklib\_vs80_ndask.vcproj", "{A89ED5ED-A0FE-44E6-A29B-5EEF0EB7B3E4}"
EndProject
Project("{8BC9CEB8-8B4A-11D0-8D11-00A0C91BC942}") = "setup", "setuphlp\setup\_vs80_setup.vcproj", "{F1B1DE6B-1D50-4156-BAE0-8FAA592CC27E}"
EndProject
Project("{8BC9CEB8-8B4A-11D0-8D11-00A0C91BC942}") = "ndasemu", "tools\ndasemu\ndasemu.vcproj", "{94BE417D-1F37-4FB6-BF6D-C09581161A35}"
EndProject
Project("{8BC9CEB8-8B4A-11D0-8D11-00A0C91BC942}") = "ndasvol", "umapps\ndasvol\_vs80_ndasvol.vcproj", "{CFE819A4-95EE-49C4-8DE5-3B91193CA169}"
EndProject
Project("{8BC9CEB8-8B4A-11D0-8D11-00A0C91BC942}") = "ndasfat", "drivers\ndasfat\_vs80_ndasfat.vcproj", "{A0FF0035-4B11-4F1D-AE48-6EC79EE4B8D7}"
EndProject
Project("{8BC9CEB8-8B4A-11D0-8D11-00A0C91BC942}") = "ndas4routersetup", "tools\ndas4routersetup\_vs80_ndas4routersetup.vcproj", "{F598BB61-CF95-4D31-A2E0-591134041983}"
EndProject
Project("{8BC9CEB8-8B4A-11D0-8D11-00A0C91BC942}") = "ndasfscontrol", "tools\ndasfscontrol\ndasfscontrol.vcproj", "{57AB317E-24F5-43EB-8DAF-507ECB5C08AC}"
EndProject
Project("{8BC9CEB8-8B4A-11D0-8D11-00A0C91BC942}") = "xtl", "inc\xtl\_vs80_inc_xtl.vcproj", "{F71571FB-C04D-4062-8555-AD057D047411}"
EndProject
Project("{8BC9CEB8-8B4A-11D0-8D11-00A0C91BC942}") = "ndasscsictl", "umapps\ndscctl\ndscctl.vcproj", "{DD7C7995-0066-4146-A0D3-DD1D23EAD035}"
EndProject
Project("{8BC9CEB8-8B4A-11D0-8D11-00A0C91BC942}") = "ndasbusctl", "umapps\ndasbusctl\_vs80_lsbusctl.vcproj", "{0775EE45-A508-4987-A31F-D9A3133300E0}"
EndProject
Project("{8BC9CEB8-8B4A-11D0-8D11-00A0C91BC942}") = "ndasntfs", "drivers\ndasntfs\ndasntfs\ndasntfs.vcproj", "{F1083805-B4C2-499D-BA94-451D4D2E9644}"
EndProject
Project("{8BC9CEB8-8B4A-11D0-8D11-00A0C91BC942}") = "xixfs", "drivers\xixfs\xixfs.vcproj", "{0517E936-0CE1-468A-AC52-82E9358B61D4}"
	ProjectSection(ProjectDependencies) = postProject
		{E145BD01-59DE-4598-B1B4-77ECECBF14CE} = {E145BD01-59DE-4598-B1B4-77ECECBF14CE}
		{40660173-2A45-4738-B0DF-FFD0F20709B0} = {40660173-2A45-4738-B0DF-FFD0F20709B0}
		{5EC1A688-29AA-4363-AE98-E1FC2E1D0CF2} = {5EC1A688-29AA-4363-AE98-E1FC2E1D0CF2}
		{1613E6EA-AF1C-4978-B97D-E6FA0F08BC91} = {1613E6EA-AF1C-4978-B97D-E6FA0F08BC91}
	EndProjectSection
EndProject
Project("{8BC9CEB8-8B4A-11D0-8D11-00A0C91BC942}") = "ndasxixfscontrol", "tools\ndasxixfscontrol\ndasxixfscontrol.vcproj", "{F24AE31C-F478-4D22-8E15-F84B82F0F6FA}"
EndProject
Project("{8BC9CEB8-8B4A-11D0-8D11-00A0C91BC942}") = "xixfsctl", "umapps\xixfsctl\xixfsctl.vcproj", "{A1400097-DE43-4D7E-AC56-81C1DA58D3C0}"
EndProject
Project("{8BC9CEB8-8B4A-11D0-8D11-00A0C91BC942}") = "ndasport", "drivers\ndasport\ndasport.vcproj", "{217F271A-8EF6-4206-8F67-BC15E990C339}"
EndProject
Project("{8BC9CEB8-8B4A-11D0-8D11-00A0C91BC942}") = "uxixfs", "drivers\xixfs_format\uxixfs\uxixfs.vcproj", "{DBE32ACB-C4D7-4B2A-8D99-3E3AA36A3D9C}"
EndProject
Project("{8BC9CEB8-8B4A-11D0-8D11-00A0C91BC942}") = "xixcore", "drivers\xixfs\xixcore\core\xixcore.vcproj", "{40660173-2A45-4738-B0DF-FFD0F20709B0}"
EndProject
Project("{8BC9CEB8-8B4A-11D0-8D11-00A0C91BC942}") = "xcsystem", "drivers\xixfs\xixcore\sysdep\winnt\xcsystem.vcproj", "{1613E6EA-AF1C-4978-B97D-E6FA0F08BC91}"
EndProject
Project("{8BC9CEB8-8B4A-11D0-8D11-00A0C91BC942}") = "_inc_xixcore", "drivers\xixfs\xixcore\include\_inc_xixcore.vcproj", "{898C0BFA-1003-4C6E-B673-BBFD406F43A8}"
EndProject
Project("{8BC9CEB8-8B4A-11D0-8D11-00A0C91BC942}") = "lspx", "common\lspx\lspx.vcproj", "{0352E38A-B1F7-49BA-BC9E-4B0C585007DF}"
EndProject
Project("{8BC9CEB8-8B4A-11D0-8D11-00A0C91BC942}") = "ndasportctl", "drivers\ndasport\ndasportctl\ndasportctl.vcproj", "{DB9AA6FB-36AA-488D-8AD5-29AD401BDE22}"
EndProject
Project("{8BC9CEB8-8B4A-11D0-8D11-00A0C91BC942}") = "xdi", "setuphlp\xdi\_vs80_xdi.vcproj", "{F1B1DE6D-1D50-4156-BAE0-8FAA592CC27E}"
EndProject
Project("{8BC9CEB8-8B4A-11D0-8D11-00A0C91BC942}") = "xdimsi", "setuphlp\xdimsi\_vs80_xdimsi.vcproj", "{F1B1DE6C-1D50-4156-BAE0-8FAA592CC27E}"
EndProject
Project("{8BC9CEB8-8B4A-11D0-8D11-00A0C91BC942}") = "ndasmsiu", "setuphlp\ndasmsiu\ndasmsiu.vcproj", "{B61AADC7-6A76-4E0D-B398-85C2A2BDAB7B}"
EndProject
Global
	GlobalSection(SolutionConfigurationPlatforms) = preSolution
		Debug|Any CPU = Debug|Any CPU
		Debug|Win32 = Debug|Win32
		Debug|x64 = Debug|x64
		Release|Any CPU = Release|Any CPU
		Release|Win32 = Release|Win32
		Release|x64 = Release|x64
	EndGlobalSection
	GlobalSection(ProjectConfigurationPlatforms) = postSolution
		{0BB4ECC0-7DDC-44B8-B624-8A1E15426A62}.Debug|Any CPU.ActiveCfg = Debug|x64
		{0BB4ECC0-7DDC-44B8-B624-8A1E15426A62}.Debug|Win32.ActiveCfg = Debug|Win32
		{0BB4ECC0-7DDC-44B8-B624-8A1E15426A62}.Debug|x64.ActiveCfg = Debug|x64
		{0BB4ECC0-7DDC-44B8-B624-8A1E15426A62}.Release|Any CPU.ActiveCfg = Release|x64
		{0BB4ECC0-7DDC-44B8-B624-8A1E15426A62}.Release|Win32.ActiveCfg = Release|Win32
		{0BB4ECC0-7DDC-44B8-B624-8A1E15426A62}.Release|x64.ActiveCfg = Release|x64
		{5052B92F-1150-493D-815F-0A4B3AF06410}.Debug|Any CPU.ActiveCfg = Debug|x64
		{5052B92F-1150-493D-815F-0A4B3AF06410}.Debug|Win32.ActiveCfg = Debug|Win32
		{5052B92F-1150-493D-815F-0A4B3AF06410}.Debug|x64.ActiveCfg = Debug|x64
		{5052B92F-1150-493D-815F-0A4B3AF06410}.Release|Any CPU.ActiveCfg = Release|x64
		{5052B92F-1150-493D-815F-0A4B3AF06410}.Release|Win32.ActiveCfg = Release|Win32
		{5052B92F-1150-493D-815F-0A4B3AF06410}.Release|x64.ActiveCfg = Release|x64
		{72A13239-1F02-40BF-97AA-DA1DDD3D3383}.Debug|Any CPU.ActiveCfg = Debug|x64
		{72A13239-1F02-40BF-97AA-DA1DDD3D3383}.Debug|Win32.ActiveCfg = Debug|Win32
		{72A13239-1F02-40BF-97AA-DA1DDD3D3383}.Debug|Win32.Build.0 = Debug|Win32
		{72A13239-1F02-40BF-97AA-DA1DDD3D3383}.Debug|x64.ActiveCfg = Debug|x64
		{72A13239-1F02-40BF-97AA-DA1DDD3D3383}.Debug|x64.Build.0 = Debug|x64
		{72A13239-1F02-40BF-97AA-DA1DDD3D3383}.Release|Any CPU.ActiveCfg = Release|x64
		{72A13239-1F02-40BF-97AA-DA1DDD3D3383}.Release|Win32.ActiveCfg = Release|Win32
		{72A13239-1F02-40BF-97AA-DA1DDD3D3383}.Release|Win32.Build.0 = Release|Win32
		{72A13239-1F02-40BF-97AA-DA1DDD3D3383}.Release|x64.ActiveCfg = Release|x64
		{72A13239-1F02-40BF-97AA-DA1DDD3D3383}.Release|x64.Build.0 = Release|x64
		{5EC1A688-29AA-4363-AE98-E1FC2E1D0CF2}.Debug|Any CPU.ActiveCfg = Debug|x64
		{5EC1A688-29AA-4363-AE98-E1FC2E1D0CF2}.Debug|Win32.ActiveCfg = Debug|Win32
		{5EC1A688-29AA-4363-AE98-E1FC2E1D0CF2}.Debug|Win32.Build.0 = Debug|Win32
		{5EC1A688-29AA-4363-AE98-E1FC2E1D0CF2}.Debug|x64.ActiveCfg = Debug|x64
		{5EC1A688-29AA-4363-AE98-E1FC2E1D0CF2}.Debug|x64.Build.0 = Debug|x64
		{5EC1A688-29AA-4363-AE98-E1FC2E1D0CF2}.Release|Any CPU.ActiveCfg = Release|x64
		{5EC1A688-29AA-4363-AE98-E1FC2E1D0CF2}.Release|Win32.ActiveCfg = Release|Win32
		{5EC1A688-29AA-4363-AE98-E1FC2E1D0CF2}.Release|Win32.Build.0 = Release|Win32
		{5EC1A688-29AA-4363-AE98-E1FC2E1D0CF2}.Release|x64.ActiveCfg = Release|x64
		{5EC1A688-29AA-4363-AE98-E1FC2E1D0CF2}.Release|x64.Build.0 = Release|x64
		{D04817F6-0673-47FF-872A-E5A6AB661BB4}.Debug|Any CPU.ActiveCfg = Debug|x64
		{D04817F6-0673-47FF-872A-E5A6AB661BB4}.Debug|Win32.ActiveCfg = Debug|Win32
		{D04817F6-0673-47FF-872A-E5A6AB661BB4}.Debug|Win32.Build.0 = Debug|Win32
		{D04817F6-0673-47FF-872A-E5A6AB661BB4}.Debug|x64.ActiveCfg = Debug|x64
		{D04817F6-0673-47FF-872A-E5A6AB661BB4}.Debug|x64.Build.0 = Debug|x64
		{D04817F6-0673-47FF-872A-E5A6AB661BB4}.Release|Any CPU.ActiveCfg = Release|x64
		{D04817F6-0673-47FF-872A-E5A6AB661BB4}.Release|Win32.ActiveCfg = Release|Win32
		{D04817F6-0673-47FF-872A-E5A6AB661BB4}.Release|Win32.Build.0 = Release|Win32
		{D04817F6-0673-47FF-872A-E5A6AB661BB4}.Release|x64.ActiveCfg = Release|x64
		{D04817F6-0673-47FF-872A-E5A6AB661BB4}.Release|x64.Build.0 = Release|x64
		{F0F6ACD5-3171-4769-8FAE-5182984A963B}.Debug|Any CPU.ActiveCfg = Debug|x64
		{F0F6ACD5-3171-4769-8FAE-5182984A963B}.Debug|Win32.ActiveCfg = Debug|Win32
		{F0F6ACD5-3171-4769-8FAE-5182984A963B}.Debug|Win32.Build.0 = Debug|Win32
		{F0F6ACD5-3171-4769-8FAE-5182984A963B}.Debug|x64.ActiveCfg = Debug|x64
		{F0F6ACD5-3171-4769-8FAE-5182984A963B}.Debug|x64.Build.0 = Debug|x64
		{F0F6ACD5-3171-4769-8FAE-5182984A963B}.Release|Any CPU.ActiveCfg = Release|x64
		{F0F6ACD5-3171-4769-8FAE-5182984A963B}.Release|Win32.ActiveCfg = Release|Win32
		{F0F6ACD5-3171-4769-8FAE-5182984A963B}.Release|Win32.Build.0 = Release|Win32
		{F0F6ACD5-3171-4769-8FAE-5182984A963B}.Release|x64.ActiveCfg = Release|x64
		{F0F6ACD5-3171-4769-8FAE-5182984A963B}.Release|x64.Build.0 = Release|x64
		{7E1B8EBB-057C-407A-B470-E3F4DE80E619}.Debug|Any CPU.ActiveCfg = Debug|x64
		{7E1B8EBB-057C-407A-B470-E3F4DE80E619}.Debug|Win32.ActiveCfg = Debug|Win32
		{7E1B8EBB-057C-407A-B470-E3F4DE80E619}.Debug|Win32.Build.0 = Debug|Win32
		{7E1B8EBB-057C-407A-B470-E3F4DE80E619}.Debug|x64.ActiveCfg = Debug|x64
		{7E1B8EBB-057C-407A-B470-E3F4DE80E619}.Debug|x64.Build.0 = Debug|x64
		{7E1B8EBB-057C-407A-B470-E3F4DE80E619}.Release|Any CPU.ActiveCfg = Release|x64
		{7E1B8EBB-057C-407A-B470-E3F4DE80E619}.Release|Win32.ActiveCfg = Release|Win32
		{7E1B8EBB-057C-407A-B470-E3F4DE80E619}.Release|Win32.Build.0 = Release|Win32
		{7E1B8EBB-057C-407A-B470-E3F4DE80E619}.Release|x64.ActiveCfg = Release|x64
		{7E1B8EBB-057C-407A-B470-E3F4DE80E619}.Release|x64.Build.0 = Release|x64
		{362E60EC-BB0F-4D53-95C0-584C7DE081F4}.Debug|Any CPU.ActiveCfg = Debug|x64
		{362E60EC-BB0F-4D53-95C0-584C7DE081F4}.Debug|Win32.ActiveCfg = Debug|Win32
		{362E60EC-BB0F-4D53-95C0-584C7DE081F4}.Debug|Win32.Build.0 = Debug|Win32
		{362E60EC-BB0F-4D53-95C0-584C7DE081F4}.Debug|x64.ActiveCfg = Debug|x64
		{362E60EC-BB0F-4D53-95C0-584C7DE081F4}.Debug|x64.Build.0 = Debug|x64
		{362E60EC-BB0F-4D53-95C0-584C7DE081F4}.Release|Any CPU.ActiveCfg = Release|x64
		{362E60EC-BB0F-4D53-95C0-584C7DE081F4}.Release|Win32.ActiveCfg = Release|Win32
		{362E60EC-BB0F-4D53-95C0-584C7DE081F4}.Release|Win32.Build.0 = Release|Win32
		{362E60EC-BB0F-4D53-95C0-584C7DE081F4}.Release|x64.ActiveCfg = Release|x64
		{362E60EC-BB0F-4D53-95C0-584C7DE081F4}.Release|x64.Build.0 = Release|x64
		{20AFB993-ADEC-4EC3-9DD6-51CCCD6D8EDF}.Debug|Any CPU.ActiveCfg = Debug|x64
		{20AFB993-ADEC-4EC3-9DD6-51CCCD6D8EDF}.Debug|Win32.ActiveCfg = Debug|Win32
		{20AFB993-ADEC-4EC3-9DD6-51CCCD6D8EDF}.Debug|Win32.Build.0 = Debug|Win32
		{20AFB993-ADEC-4EC3-9DD6-51CCCD6D8EDF}.Debug|x64.ActiveCfg = Debug|x64
		{20AFB993-ADEC-4EC3-9DD6-51CCCD6D8EDF}.Debug|x64.Build.0 = Debug|x64
		{20AFB993-ADEC-4EC3-9DD6-51CCCD6D8EDF}.Release|Any CPU.ActiveCfg = Release|x64
		{20AFB993-ADEC-4EC3-9DD6-51CCCD6D8EDF}.Release|Win32.ActiveCfg = Release|Win32
		{20AFB993-ADEC-4EC3-9DD6-51CCCD6D8EDF}.Release|Win32.Build.0 = Release|Win32
		{20AFB993-ADEC-4EC3-9DD6-51CCCD6D8EDF}.Release|x64.ActiveCfg = Release|x64
		{20AFB993-ADEC-4EC3-9DD6-51CCCD6D8EDF}.Release|x64.Build.0 = Release|x64
		{5F6E73F1-8261-4CB9-A6AE-FB01B9725D64}.Debug|Any CPU.ActiveCfg = Debug|x64
		{5F6E73F1-8261-4CB9-A6AE-FB01B9725D64}.Debug|Win32.ActiveCfg = Debug|Win32
		{5F6E73F1-8261-4CB9-A6AE-FB01B9725D64}.Debug|Win32.Build.0 = Debug|Win32
		{5F6E73F1-8261-4CB9-A6AE-FB01B9725D64}.Debug|x64.ActiveCfg = Debug|x64
		{5F6E73F1-8261-4CB9-A6AE-FB01B9725D64}.Debug|x64.Build.0 = Debug|x64
		{5F6E73F1-8261-4CB9-A6AE-FB01B9725D64}.Release|Any CPU.ActiveCfg = Release|x64
		{5F6E73F1-8261-4CB9-A6AE-FB01B9725D64}.Release|Win32.ActiveCfg = Release|Win32
		{5F6E73F1-8261-4CB9-A6AE-FB01B9725D64}.Release|Win32.Build.0 = Release|Win32
		{5F6E73F1-8261-4CB9-A6AE-FB01B9725D64}.Release|x64.ActiveCfg = Release|x64
		{5F6E73F1-8261-4CB9-A6AE-FB01B9725D64}.Release|x64.Build.0 = Release|x64
		{6EC22831-09ED-4443-B8F0-DA28A93AB9BF}.Debug|Any CPU.ActiveCfg = Debug|x64
		{6EC22831-09ED-4443-B8F0-DA28A93AB9BF}.Debug|Win32.ActiveCfg = Debug|Win32
		{6EC22831-09ED-4443-B8F0-DA28A93AB9BF}.Debug|Win32.Build.0 = Debug|Win32
		{6EC22831-09ED-4443-B8F0-DA28A93AB9BF}.Debug|x64.ActiveCfg = Debug|x64
		{6EC22831-09ED-4443-B8F0-DA28A93AB9BF}.Debug|x64.Build.0 = Debug|x64
		{6EC22831-09ED-4443-B8F0-DA28A93AB9BF}.Release|Any CPU.ActiveCfg = Release|x64
		{6EC22831-09ED-4443-B8F0-DA28A93AB9BF}.Release|Win32.ActiveCfg = Release|Win32
		{6EC22831-09ED-4443-B8F0-DA28A93AB9BF}.Release|Win32.Build.0 = Release|Win32
		{6EC22831-09ED-4443-B8F0-DA28A93AB9BF}.Release|x64.ActiveCfg = Release|x64
		{6EC22831-09ED-4443-B8F0-DA28A93AB9BF}.Release|x64.Build.0 = Release|x64
		{A23C814B-C72B-46F8-BD55-260CBB7DC774}.Debug|Any CPU.ActiveCfg = Debug|x64
		{A23C814B-C72B-46F8-BD55-260CBB7DC774}.Debug|Win32.ActiveCfg = Debug|Win32
		{A23C814B-C72B-46F8-BD55-260CBB7DC774}.Debug|Win32.Build.0 = Debug|Win32
		{A23C814B-C72B-46F8-BD55-260CBB7DC774}.Debug|x64.ActiveCfg = Debug|x64
		{A23C814B-C72B-46F8-BD55-260CBB7DC774}.Debug|x64.Build.0 = Debug|x64
		{A23C814B-C72B-46F8-BD55-260CBB7DC774}.Release|Any CPU.ActiveCfg = Release|x64
		{A23C814B-C72B-46F8-BD55-260CBB7DC774}.Release|Win32.ActiveCfg = Release|Win32
		{A23C814B-C72B-46F8-BD55-260CBB7DC774}.Release|Win32.Build.0 = Release|Win32
		{A23C814B-C72B-46F8-BD55-260CBB7DC774}.Release|x64.ActiveCfg = Release|x64
		{A23C814B-C72B-46F8-BD55-260CBB7DC774}.Release|x64.Build.0 = Release|x64
		{878CAB34-D312-442D-A15C-6E2B371C4DD1}.Debug|Any CPU.ActiveCfg = Debug|x64
		{878CAB34-D312-442D-A15C-6E2B371C4DD1}.Debug|Win32.ActiveCfg = Debug|Win32
		{878CAB34-D312-442D-A15C-6E2B371C4DD1}.Debug|x64.ActiveCfg = Debug|x64
		{878CAB34-D312-442D-A15C-6E2B371C4DD1}.Release|Any CPU.ActiveCfg = Release|x64
		{878CAB34-D312-442D-A15C-6E2B371C4DD1}.Release|Win32.ActiveCfg = Release|Win32
		{878CAB34-D312-442D-A15C-6E2B371C4DD1}.Release|x64.ActiveCfg = Release|x64
		{E6DE1424-92F7-4F22-84CD-2D73750035AA}.Debug|Any CPU.ActiveCfg = Debug|x64
		{E6DE1424-92F7-4F22-84CD-2D73750035AA}.Debug|Win32.ActiveCfg = Debug|Win32
		{E6DE1424-92F7-4F22-84CD-2D73750035AA}.Debug|Win32.Build.0 = Debug|Win32
		{E6DE1424-92F7-4F22-84CD-2D73750035AA}.Debug|x64.ActiveCfg = Debug|x64
		{E6DE1424-92F7-4F22-84CD-2D73750035AA}.Debug|x64.Build.0 = Debug|x64
		{E6DE1424-92F7-4F22-84CD-2D73750035AA}.Release|Any CPU.ActiveCfg = Release|x64
		{E6DE1424-92F7-4F22-84CD-2D73750035AA}.Release|Win32.ActiveCfg = Release|Win32
		{E6DE1424-92F7-4F22-84CD-2D73750035AA}.Release|Win32.Build.0 = Release|Win32
		{E6DE1424-92F7-4F22-84CD-2D73750035AA}.Release|x64.ActiveCfg = Release|x64
		{E6DE1424-92F7-4F22-84CD-2D73750035AA}.Release|x64.Build.0 = Release|x64
		{998B9911-1BC2-4EB5-A775-FDCC3EB71E05}.Debug|Any CPU.ActiveCfg = Debug|x64
		{998B9911-1BC2-4EB5-A775-FDCC3EB71E05}.Debug|Win32.ActiveCfg = Debug|Win32
		{998B9911-1BC2-4EB5-A775-FDCC3EB71E05}.Debug|Win32.Build.0 = Debug|Win32
		{998B9911-1BC2-4EB5-A775-FDCC3EB71E05}.Debug|x64.ActiveCfg = Debug|x64
		{998B9911-1BC2-4EB5-A775-FDCC3EB71E05}.Debug|x64.Build.0 = Debug|x64
		{998B9911-1BC2-4EB5-A775-FDCC3EB71E05}.Release|Any CPU.ActiveCfg = Release|x64
		{998B9911-1BC2-4EB5-A775-FDCC3EB71E05}.Release|Win32.ActiveCfg = Release|Win32
		{998B9911-1BC2-4EB5-A775-FDCC3EB71E05}.Release|Win32.Build.0 = Release|Win32
		{998B9911-1BC2-4EB5-A775-FDCC3EB71E05}.Release|x64.ActiveCfg = Release|x64
		{998B9911-1BC2-4EB5-A775-FDCC3EB71E05}.Release|x64.Build.0 = Release|x64
		{E145BD01-59DE-4598-B1B4-77ECECBF14CE}.Debug|Any CPU.ActiveCfg = Debug|x64
		{E145BD01-59DE-4598-B1B4-77ECECBF14CE}.Debug|Win32.ActiveCfg = Debug|Win32
		{E145BD01-59DE-4598-B1B4-77ECECBF14CE}.Debug|Win32.Build.0 = Debug|Win32
		{E145BD01-59DE-4598-B1B4-77ECECBF14CE}.Debug|x64.ActiveCfg = Debug|x64
		{E145BD01-59DE-4598-B1B4-77ECECBF14CE}.Debug|x64.Build.0 = Debug|x64
		{E145BD01-59DE-4598-B1B4-77ECECBF14CE}.Release|Any CPU.ActiveCfg = Release|x64
		{E145BD01-59DE-4598-B1B4-77ECECBF14CE}.Release|Win32.ActiveCfg = Release|Win32
		{E145BD01-59DE-4598-B1B4-77ECECBF14CE}.Release|Win32.Build.0 = Release|Win32
		{E145BD01-59DE-4598-B1B4-77ECECBF14CE}.Release|x64.ActiveCfg = Release|x64
		{E145BD01-59DE-4598-B1B4-77ECECBF14CE}.Release|x64.Build.0 = Release|x64
		{B3B9CB7E-E5B9-4603-AEAA-A9D1232E69F1}.Debug|Any CPU.ActiveCfg = Debug|x64
		{B3B9CB7E-E5B9-4603-AEAA-A9D1232E69F1}.Debug|Win32.ActiveCfg = Debug|Win32
		{B3B9CB7E-E5B9-4603-AEAA-A9D1232E69F1}.Debug|Win32.Build.0 = Debug|Win32
		{B3B9CB7E-E5B9-4603-AEAA-A9D1232E69F1}.Debug|x64.ActiveCfg = Debug|x64
		{B3B9CB7E-E5B9-4603-AEAA-A9D1232E69F1}.Debug|x64.Build.0 = Debug|x64
		{B3B9CB7E-E5B9-4603-AEAA-A9D1232E69F1}.Release|Any CPU.ActiveCfg = Release|x64
		{B3B9CB7E-E5B9-4603-AEAA-A9D1232E69F1}.Release|Win32.ActiveCfg = Release|Win32
		{B3B9CB7E-E5B9-4603-AEAA-A9D1232E69F1}.Release|Win32.Build.0 = Release|Win32
		{B3B9CB7E-E5B9-4603-AEAA-A9D1232E69F1}.Release|x64.ActiveCfg = Release|x64
		{B3B9CB7E-E5B9-4603-AEAA-A9D1232E69F1}.Release|x64.Build.0 = Release|x64
		{4DBF16C9-D7C7-4E6C-B129-B14D505ABA0F}.Debug|Any CPU.ActiveCfg = Debug|x64
		{4DBF16C9-D7C7-4E6C-B129-B14D505ABA0F}.Debug|Win32.ActiveCfg = Debug|Win32
		{4DBF16C9-D7C7-4E6C-B129-B14D505ABA0F}.Debug|Win32.Build.0 = Debug|Win32
		{4DBF16C9-D7C7-4E6C-B129-B14D505ABA0F}.Debug|x64.ActiveCfg = Debug|x64
		{4DBF16C9-D7C7-4E6C-B129-B14D505ABA0F}.Debug|x64.Build.0 = Debug|x64
		{4DBF16C9-D7C7-4E6C-B129-B14D505ABA0F}.Release|Any CPU.ActiveCfg = Release|x64
		{4DBF16C9-D7C7-4E6C-B129-B14D505ABA0F}.Release|Win32.ActiveCfg = Release|Win32
		{4DBF16C9-D7C7-4E6C-B129-B14D505ABA0F}.Release|Win32.Build.0 = Release|Win32
		{4DBF16C9-D7C7-4E6C-B129-B14D505ABA0F}.Release|x64.ActiveCfg = Release|x64
		{4DBF16C9-D7C7-4E6C-B129-B14D505ABA0F}.Release|x64.Build.0 = Release|x64
		{368478A8-F73B-4518-9475-F0D2121400E7}.Debug|Any CPU.ActiveCfg = Debug|x64
		{368478A8-F73B-4518-9475-F0D2121400E7}.Debug|Win32.ActiveCfg = Debug|Win32
		{368478A8-F73B-4518-9475-F0D2121400E7}.Debug|Win32.Build.0 = Debug|Win32
		{368478A8-F73B-4518-9475-F0D2121400E7}.Debug|x64.ActiveCfg = Debug|x64
		{368478A8-F73B-4518-9475-F0D2121400E7}.Debug|x64.Build.0 = Debug|x64
		{368478A8-F73B-4518-9475-F0D2121400E7}.Release|Any CPU.ActiveCfg = Release|x64
		{368478A8-F73B-4518-9475-F0D2121400E7}.Release|Win32.ActiveCfg = Release|Win32
		{368478A8-F73B-4518-9475-F0D2121400E7}.Release|Win32.Build.0 = Release|Win32
		{368478A8-F73B-4518-9475-F0D2121400E7}.Release|x64.ActiveCfg = Release|x64
		{368478A8-F73B-4518-9475-F0D2121400E7}.Release|x64.Build.0 = Release|x64
		{37CCBD02-11AD-4310-9E8A-4D1EFC2A21C8}.Debug|Any CPU.ActiveCfg = Debug|x64
		{37CCBD02-11AD-4310-9E8A-4D1EFC2A21C8}.Debug|Win32.ActiveCfg = Debug|Win32
		{37CCBD02-11AD-4310-9E8A-4D1EFC2A21C8}.Debug|Win32.Build.0 = Debug|Win32
		{37CCBD02-11AD-4310-9E8A-4D1EFC2A21C8}.Debug|x64.ActiveCfg = Debug|x64
		{37CCBD02-11AD-4310-9E8A-4D1EFC2A21C8}.Debug|x64.Build.0 = Debug|x64
		{37CCBD02-11AD-4310-9E8A-4D1EFC2A21C8}.Release|Any CPU.ActiveCfg = Release|x64
		{37CCBD02-11AD-4310-9E8A-4D1EFC2A21C8}.Release|Win32.ActiveCfg = Release|Win32
		{37CCBD02-11AD-4310-9E8A-4D1EFC2A21C8}.Release|Win32.Build.0 = Release|Win32
		{37CCBD02-11AD-4310-9E8A-4D1EFC2A21C8}.Release|x64.ActiveCfg = Release|x64
		{37CCBD02-11AD-4310-9E8A-4D1EFC2A21C8}.Release|x64.Build.0 = Release|x64
		{1FEA1228-8887-4A08-9DEF-660928F90813}.Debug|Any CPU.ActiveCfg = Debug|x64
		{1FEA1228-8887-4A08-9DEF-660928F90813}.Debug|Win32.ActiveCfg = Debug|Win32
		{1FEA1228-8887-4A08-9DEF-660928F90813}.Debug|Win32.Build.0 = Debug|Win32
		{1FEA1228-8887-4A08-9DEF-660928F90813}.Debug|x64.ActiveCfg = Debug|x64
		{1FEA1228-8887-4A08-9DEF-660928F90813}.Debug|x64.Build.0 = Debug|x64
		{1FEA1228-8887-4A08-9DEF-660928F90813}.Release|Any CPU.ActiveCfg = Release|x64
		{1FEA1228-8887-4A08-9DEF-660928F90813}.Release|Win32.ActiveCfg = Release|Win32
		{1FEA1228-8887-4A08-9DEF-660928F90813}.Release|Win32.Build.0 = Release|Win32
		{1FEA1228-8887-4A08-9DEF-660928F90813}.Release|x64.ActiveCfg = Release|x64
		{1FEA1228-8887-4A08-9DEF-660928F90813}.Release|x64.Build.0 = Release|x64
		{A75333E3-A78F-440C-8141-742740A6A8C1}.Debug|Any CPU.ActiveCfg = Debug|x64
		{A75333E3-A78F-440C-8141-742740A6A8C1}.Debug|Win32.ActiveCfg = Debug|Win32
		{A75333E3-A78F-440C-8141-742740A6A8C1}.Debug|Win32.Build.0 = Debug|Win32
		{A75333E3-A78F-440C-8141-742740A6A8C1}.Debug|x64.ActiveCfg = Debug|x64
		{A75333E3-A78F-440C-8141-742740A6A8C1}.Debug|x64.Build.0 = Debug|x64
		{A75333E3-A78F-440C-8141-742740A6A8C1}.Release|Any CPU.ActiveCfg = Release|x64
		{A75333E3-A78F-440C-8141-742740A6A8C1}.Release|Win32.ActiveCfg = Release|Win32
		{A75333E3-A78F-440C-8141-742740A6A8C1}.Release|Win32.Build.0 = Release|Win32
		{A75333E3-A78F-440C-8141-742740A6A8C1}.Release|x64.ActiveCfg = Release|x64
		{A75333E3-A78F-440C-8141-742740A6A8C1}.Release|x64.Build.0 = Release|x64
		{7D90F2C6-26F4-4697-B768-4B0E885C1D5C}.Debug|Any CPU.ActiveCfg = Debug|x64
		{7D90F2C6-26F4-4697-B768-4B0E885C1D5C}.Debug|Win32.ActiveCfg = Debug|Win32
		{7D90F2C6-26F4-4697-B768-4B0E885C1D5C}.Debug|Win32.Build.0 = Debug|Win32
		{7D90F2C6-26F4-4697-B768-4B0E885C1D5C}.Debug|x64.ActiveCfg = Debug|x64
		{7D90F2C6-26F4-4697-B768-4B0E885C1D5C}.Debug|x64.Build.0 = Debug|x64
		{7D90F2C6-26F4-4697-B768-4B0E885C1D5C}.Release|Any CPU.ActiveCfg = Release|x64
		{7D90F2C6-26F4-4697-B768-4B0E885C1D5C}.Release|Win32.ActiveCfg = Release|Win32
		{7D90F2C6-26F4-4697-B768-4B0E885C1D5C}.Release|Win32.Build.0 = Release|Win32
		{7D90F2C6-26F4-4697-B768-4B0E885C1D5C}.Release|x64.ActiveCfg = Release|x64
		{7D90F2C6-26F4-4697-B768-4B0E885C1D5C}.Release|x64.Build.0 = Release|x64
		{3DD5BFBF-D51B-47FC-A643-F24CFAD701C4}.Debug|Any CPU.ActiveCfg = Debug|x64
		{3DD5BFBF-D51B-47FC-A643-F24CFAD701C4}.Debug|Win32.ActiveCfg = Debug|Win32
		{3DD5BFBF-D51B-47FC-A643-F24CFAD701C4}.Debug|Win32.Build.0 = Debug|Win32
		{3DD5BFBF-D51B-47FC-A643-F24CFAD701C4}.Debug|x64.ActiveCfg = Debug|x64
		{3DD5BFBF-D51B-47FC-A643-F24CFAD701C4}.Debug|x64.Build.0 = Debug|x64
		{3DD5BFBF-D51B-47FC-A643-F24CFAD701C4}.Release|Any CPU.ActiveCfg = Release|x64
		{3DD5BFBF-D51B-47FC-A643-F24CFAD701C4}.Release|Win32.ActiveCfg = Release|Win32
		{3DD5BFBF-D51B-47FC-A643-F24CFAD701C4}.Release|Win32.Build.0 = Release|Win32
		{3DD5BFBF-D51B-47FC-A643-F24CFAD701C4}.Release|x64.ActiveCfg = Release|x64
		{3DD5BFBF-D51B-47FC-A643-F24CFAD701C4}.Release|x64.Build.0 = Release|x64
		{E3F6FBA7-F863-4830-BC35-4C3434327112}.Debug|Any CPU.ActiveCfg = Debug|x64
		{E3F6FBA7-F863-4830-BC35-4C3434327112}.Debug|Win32.ActiveCfg = Debug|Win32
		{E3F6FBA7-F863-4830-BC35-4C3434327112}.Debug|Win32.Build.0 = Debug|Win32
		{E3F6FBA7-F863-4830-BC35-4C3434327112}.Debug|x64.ActiveCfg = Debug|x64
		{E3F6FBA7-F863-4830-BC35-4C3434327112}.Debug|x64.Build.0 = Debug|x64
		{E3F6FBA7-F863-4830-BC35-4C3434327112}.Release|Any CPU.ActiveCfg = Release|x64
		{E3F6FBA7-F863-4830-BC35-4C3434327112}.Release|Win32.ActiveCfg = Release|Win32
		{E3F6FBA7-F863-4830-BC35-4C3434327112}.Release|Win32.Build.0 = Release|Win32
		{E3F6FBA7-F863-4830-BC35-4C3434327112}.Release|x64.ActiveCfg = Release|x64
		{E3F6FBA7-F863-4830-BC35-4C3434327112}.Release|x64.Build.0 = Release|x64
		{AE025CB5-7E75-40CD-9B7E-AE1130DA3832}.Debug|Any CPU.ActiveCfg = Debug|x64
		{AE025CB5-7E75-40CD-9B7E-AE1130DA3832}.Debug|Win32.ActiveCfg = Debug|Win32
		{AE025CB5-7E75-40CD-9B7E-AE1130DA3832}.Debug|Win32.Build.0 = Debug|Win32
		{AE025CB5-7E75-40CD-9B7E-AE1130DA3832}.Debug|x64.ActiveCfg = Debug|x64
		{AE025CB5-7E75-40CD-9B7E-AE1130DA3832}.Debug|x64.Build.0 = Debug|x64
		{AE025CB5-7E75-40CD-9B7E-AE1130DA3832}.Release|Any CPU.ActiveCfg = Release|x64
		{AE025CB5-7E75-40CD-9B7E-AE1130DA3832}.Release|Win32.ActiveCfg = Release|Win32
		{AE025CB5-7E75-40CD-9B7E-AE1130DA3832}.Release|Win32.Build.0 = Release|Win32
		{AE025CB5-7E75-40CD-9B7E-AE1130DA3832}.Release|x64.ActiveCfg = Release|x64
		{AE025CB5-7E75-40CD-9B7E-AE1130DA3832}.Release|x64.Build.0 = Release|x64
		{0C401A79-BA06-43E6-BBD6-83BEDD664052}.Debug|Any CPU.ActiveCfg = Debug|x64
		{0C401A79-BA06-43E6-BBD6-83BEDD664052}.Debug|Win32.ActiveCfg = Debug|Win32
		{0C401A79-BA06-43E6-BBD6-83BEDD664052}.Debug|Win32.Build.0 = Debug|Win32
		{0C401A79-BA06-43E6-BBD6-83BEDD664052}.Debug|x64.ActiveCfg = Debug|x64
		{0C401A79-BA06-43E6-BBD6-83BEDD664052}.Debug|x64.Build.0 = Debug|x64
		{0C401A79-BA06-43E6-BBD6-83BEDD664052}.Release|Any CPU.ActiveCfg = Release|x64
		{0C401A79-BA06-43E6-BBD6-83BEDD664052}.Release|Win32.ActiveCfg = Release|Win32
		{0C401A79-BA06-43E6-BBD6-83BEDD664052}.Release|Win32.Build.0 = Release|Win32
		{0C401A79-BA06-43E6-BBD6-83BEDD664052}.Release|x64.ActiveCfg = Release|x64
		{0C401A79-BA06-43E6-BBD6-83BEDD664052}.Release|x64.Build.0 = Release|x64
		{57D3FC4E-F9C1-486E-AD02-B5B59EE9084C}.Debug|Any CPU.ActiveCfg = Debug|x64
		{57D3FC4E-F9C1-486E-AD02-B5B59EE9084C}.Debug|Win32.ActiveCfg = Debug|Win32
		{57D3FC4E-F9C1-486E-AD02-B5B59EE9084C}.Debug|Win32.Build.0 = Debug|Win32
		{57D3FC4E-F9C1-486E-AD02-B5B59EE9084C}.Debug|x64.ActiveCfg = Debug|x64
		{57D3FC4E-F9C1-486E-AD02-B5B59EE9084C}.Debug|x64.Build.0 = Debug|x64
		{57D3FC4E-F9C1-486E-AD02-B5B59EE9084C}.Release|Any CPU.ActiveCfg = Release|x64
		{57D3FC4E-F9C1-486E-AD02-B5B59EE9084C}.Release|Win32.ActiveCfg = Release|Win32
		{57D3FC4E-F9C1-486E-AD02-B5B59EE9084C}.Release|Win32.Build.0 = Release|Win32
		{57D3FC4E-F9C1-486E-AD02-B5B59EE9084C}.Release|x64.ActiveCfg = Release|x64
		{57D3FC4E-F9C1-486E-AD02-B5B59EE9084C}.Release|x64.Build.0 = Release|x64
		{EC8BAD1E-FA93-4302-9E43-D2D4F2805694}.Debug|Any CPU.ActiveCfg = Debug|x64
		{EC8BAD1E-FA93-4302-9E43-D2D4F2805694}.Debug|Win32.ActiveCfg = Debug|Win32
		{EC8BAD1E-FA93-4302-9E43-D2D4F2805694}.Debug|Win32.Build.0 = Debug|Win32
		{EC8BAD1E-FA93-4302-9E43-D2D4F2805694}.Debug|x64.ActiveCfg = Debug|x64
		{EC8BAD1E-FA93-4302-9E43-D2D4F2805694}.Debug|x64.Build.0 = Debug|x64
		{EC8BAD1E-FA93-4302-9E43-D2D4F2805694}.Release|Any CPU.ActiveCfg = Release|x64
		{EC8BAD1E-FA93-4302-9E43-D2D4F2805694}.Release|Win32.ActiveCfg = Release|Win32
		{EC8BAD1E-FA93-4302-9E43-D2D4F2805694}.Release|Win32.Build.0 = Release|Win32
		{EC8BAD1E-FA93-4302-9E43-D2D4F2805694}.Release|x64.ActiveCfg = Release|x64
		{EC8BAD1E-FA93-4302-9E43-D2D4F2805694}.Release|x64.Build.0 = Release|x64
		{7C3CEAE3-A99E-469E-A793-1D10643FE229}.Debug|Any CPU.ActiveCfg = Debug|x64
		{7C3CEAE3-A99E-469E-A793-1D10643FE229}.Debug|Win32.ActiveCfg = Debug|Win32
		{7C3CEAE3-A99E-469E-A793-1D10643FE229}.Debug|Win32.Build.0 = Debug|Win32
		{7C3CEAE3-A99E-469E-A793-1D10643FE229}.Debug|x64.ActiveCfg = Debug|x64
		{7C3CEAE3-A99E-469E-A793-1D10643FE229}.Debug|x64.Build.0 = Debug|x64
		{7C3CEAE3-A99E-469E-A793-1D10643FE229}.Release|Any CPU.ActiveCfg = Release|x64
		{7C3CEAE3-A99E-469E-A793-1D10643FE229}.Release|Win32.ActiveCfg = Release|Win32
		{7C3CEAE3-A99E-469E-A793-1D10643FE229}.Release|Win32.Build.0 = Release|Win32
		{7C3CEAE3-A99E-469E-A793-1D10643FE229}.Release|x64.ActiveCfg = Release|x64
		{7C3CEAE3-A99E-469E-A793-1D10643FE229}.Release|x64.Build.0 = Release|x64
		{FB26A50E-693E-4CFC-A585-D70B0B3E3F7C}.Debug|Any CPU.ActiveCfg = Debug|x64
		{FB26A50E-693E-4CFC-A585-D70B0B3E3F7C}.Debug|Win32.ActiveCfg = Debug|Win32
		{FB26A50E-693E-4CFC-A585-D70B0B3E3F7C}.Debug|Win32.Build.0 = Debug|Win32
		{FB26A50E-693E-4CFC-A585-D70B0B3E3F7C}.Debug|x64.ActiveCfg = Debug|x64
		{FB26A50E-693E-4CFC-A585-D70B0B3E3F7C}.Debug|x64.Build.0 = Debug|x64
		{FB26A50E-693E-4CFC-A585-D70B0B3E3F7C}.Release|Any CPU.ActiveCfg = Release|x64
		{FB26A50E-693E-4CFC-A585-D70B0B3E3F7C}.Release|Win32.ActiveCfg = Release|Win32
		{FB26A50E-693E-4CFC-A585-D70B0B3E3F7C}.Release|Win32.Build.0 = Release|Win32
		{FB26A50E-693E-4CFC-A585-D70B0B3E3F7C}.Release|x64.ActiveCfg = Release|x64
		{FB26A50E-693E-4CFC-A585-D70B0B3E3F7C}.Release|x64.Build.0 = Release|x64
		{7F757832-2DB1-42DF-A977-A92F359AC679}.Debug|Any CPU.ActiveCfg = Debug|x64
		{7F757832-2DB1-42DF-A977-A92F359AC679}.Debug|Win32.ActiveCfg = Debug|Win32
		{7F757832-2DB1-42DF-A977-A92F359AC679}.Debug|x64.ActiveCfg = Debug|x64
		{7F757832-2DB1-42DF-A977-A92F359AC679}.Release|Any CPU.ActiveCfg = Release|x64
		{7F757832-2DB1-42DF-A977-A92F359AC679}.Release|Win32.ActiveCfg = Release|Win32
		{7F757832-2DB1-42DF-A977-A92F359AC679}.Release|x64.ActiveCfg = Release|x64
		{C9B6CCBB-80BA-49ED-9DFF-ECD6C9EEB2A2}.Debug|Any CPU.ActiveCfg = Debug|x64
		{C9B6CCBB-80BA-49ED-9DFF-ECD6C9EEB2A2}.Debug|Win32.ActiveCfg = Debug|Win32
		{C9B6CCBB-80BA-49ED-9DFF-ECD6C9EEB2A2}.Debug|Win32.Build.0 = Debug|Win32
		{C9B6CCBB-80BA-49ED-9DFF-ECD6C9EEB2A2}.Debug|x64.ActiveCfg = Debug|x64
		{C9B6CCBB-80BA-49ED-9DFF-ECD6C9EEB2A2}.Debug|x64.Build.0 = Debug|x64
		{C9B6CCBB-80BA-49ED-9DFF-ECD6C9EEB2A2}.Release|Any CPU.ActiveCfg = Release|x64
		{C9B6CCBB-80BA-49ED-9DFF-ECD6C9EEB2A2}.Release|Win32.ActiveCfg = Release|Win32
		{C9B6CCBB-80BA-49ED-9DFF-ECD6C9EEB2A2}.Release|Win32.Build.0 = Release|Win32
		{C9B6CCBB-80BA-49ED-9DFF-ECD6C9EEB2A2}.Release|x64.ActiveCfg = Release|x64
		{C9B6CCBB-80BA-49ED-9DFF-ECD6C9EEB2A2}.Release|x64.Build.0 = Release|x64
		{579AB25C-E753-4092-A423-DED628F41DF6}.Debug|Any CPU.ActiveCfg = Debug|x64
		{579AB25C-E753-4092-A423-DED628F41DF6}.Debug|Win32.ActiveCfg = Debug|Win32
		{579AB25C-E753-4092-A423-DED628F41DF6}.Debug|Win32.Build.0 = Debug|Win32
		{579AB25C-E753-4092-A423-DED628F41DF6}.Debug|x64.ActiveCfg = Debug|x64
		{579AB25C-E753-4092-A423-DED628F41DF6}.Debug|x64.Build.0 = Debug|x64
		{579AB25C-E753-4092-A423-DED628F41DF6}.Release|Any CPU.ActiveCfg = Release|x64
		{579AB25C-E753-4092-A423-DED628F41DF6}.Release|Win32.ActiveCfg = Release|Win32
		{579AB25C-E753-4092-A423-DED628F41DF6}.Release|Win32.Build.0 = Release|Win32
		{579AB25C-E753-4092-A423-DED628F41DF6}.Release|x64.ActiveCfg = Release|x64
		{579AB25C-E753-4092-A423-DED628F41DF6}.Release|x64.Build.0 = Release|x64
		{876917FD-362F-4C89-8AFA-AAFBA6A405C1}.Debug|Any CPU.ActiveCfg = Debug|x64
		{876917FD-362F-4C89-8AFA-AAFBA6A405C1}.Debug|Win32.ActiveCfg = Debug|Win32
		{876917FD-362F-4C89-8AFA-AAFBA6A405C1}.Debug|Win32.Build.0 = Debug|Win32
		{876917FD-362F-4C89-8AFA-AAFBA6A405C1}.Debug|x64.ActiveCfg = Debug|x64
		{876917FD-362F-4C89-8AFA-AAFBA6A405C1}.Debug|x64.Build.0 = Debug|x64
		{876917FD-362F-4C89-8AFA-AAFBA6A405C1}.Release|Any CPU.ActiveCfg = Release|x64
		{876917FD-362F-4C89-8AFA-AAFBA6A405C1}.Release|Win32.ActiveCfg = Release|Win32
		{876917FD-362F-4C89-8AFA-AAFBA6A405C1}.Release|Win32.Build.0 = Release|Win32
		{876917FD-362F-4C89-8AFA-AAFBA6A405C1}.Release|x64.ActiveCfg = Release|x64
		{876917FD-362F-4C89-8AFA-AAFBA6A405C1}.Release|x64.Build.0 = Release|x64
		{F8031F82-8819-423D-BFE8-D5CE12960D8E}.Debug|Any CPU.ActiveCfg = Debug|x64
		{F8031F82-8819-423D-BFE8-D5CE12960D8E}.Debug|Win32.ActiveCfg = Debug|Win32
		{F8031F82-8819-423D-BFE8-D5CE12960D8E}.Debug|Win32.Build.0 = Debug|Win32
		{F8031F82-8819-423D-BFE8-D5CE12960D8E}.Debug|x64.ActiveCfg = Debug|x64
		{F8031F82-8819-423D-BFE8-D5CE12960D8E}.Debug|x64.Build.0 = Debug|x64
		{F8031F82-8819-423D-BFE8-D5CE12960D8E}.Release|Any CPU.ActiveCfg = Release|x64
		{F8031F82-8819-423D-BFE8-D5CE12960D8E}.Release|Win32.ActiveCfg = Release|Win32
		{F8031F82-8819-423D-BFE8-D5CE12960D8E}.Release|Win32.Build.0 = Release|Win32
		{F8031F82-8819-423D-BFE8-D5CE12960D8E}.Release|x64.ActiveCfg = Release|x64
		{F8031F82-8819-423D-BFE8-D5CE12960D8E}.Release|x64.Build.0 = Release|x64
		{F1B1DE6A-1D50-4156-BAE0-8FAA592CC27E}.Debug|Any CPU.ActiveCfg = Debug|x64
		{F1B1DE6A-1D50-4156-BAE0-8FAA592CC27E}.Debug|Win32.ActiveCfg = Debug|Win32
		{F1B1DE6A-1D50-4156-BAE0-8FAA592CC27E}.Debug|Win32.Build.0 = Debug|Win32
		{F1B1DE6A-1D50-4156-BAE0-8FAA592CC27E}.Debug|x64.ActiveCfg = Debug|x64
		{F1B1DE6A-1D50-4156-BAE0-8FAA592CC27E}.Debug|x64.Build.0 = Debug|x64
		{F1B1DE6A-1D50-4156-BAE0-8FAA592CC27E}.Release|Any CPU.ActiveCfg = Release|x64
		{F1B1DE6A-1D50-4156-BAE0-8FAA592CC27E}.Release|Win32.ActiveCfg = Release|Win32
		{F1B1DE6A-1D50-4156-BAE0-8FAA592CC27E}.Release|Win32.Build.0 = Release|Win32
		{F1B1DE6A-1D50-4156-BAE0-8FAA592CC27E}.Release|x64.ActiveCfg = Release|x64
		{F1B1DE6A-1D50-4156-BAE0-8FAA592CC27E}.Release|x64.Build.0 = Release|x64
		{6163B2FA-45E3-4DC9-910D-94A41D341855}.Debug|Any CPU.ActiveCfg = Debug|Win32
		{6163B2FA-45E3-4DC9-910D-94A41D341855}.Debug|Win32.ActiveCfg = Debug|Win32
		{6163B2FA-45E3-4DC9-910D-94A41D341855}.Debug|Win32.Build.0 = Debug|Win32
		{6163B2FA-45E3-4DC9-910D-94A41D341855}.Debug|x64.ActiveCfg = Debug|x64
		{6163B2FA-45E3-4DC9-910D-94A41D341855}.Debug|x64.Build.0 = Debug|x64
		{6163B2FA-45E3-4DC9-910D-94A41D341855}.Release|Any CPU.ActiveCfg = Release|Win32
		{6163B2FA-45E3-4DC9-910D-94A41D341855}.Release|Win32.ActiveCfg = Release|Win32
		{6163B2FA-45E3-4DC9-910D-94A41D341855}.Release|Win32.Build.0 = Release|Win32
		{6163B2FA-45E3-4DC9-910D-94A41D341855}.Release|x64.ActiveCfg = Release|x64
		{6163B2FA-45E3-4DC9-910D-94A41D341855}.Release|x64.Build.0 = Release|x64
		{4C1E81C6-0256-4708-B45F-A63CC5BAF7C9}.Debug|Any CPU.ActiveCfg = Debug|x64
		{4C1E81C6-0256-4708-B45F-A63CC5BAF7C9}.Debug|Win32.ActiveCfg = Debug|Win32
		{4C1E81C6-0256-4708-B45F-A63CC5BAF7C9}.Debug|Win32.Build.0 = Debug|Win32
		{4C1E81C6-0256-4708-B45F-A63CC5BAF7C9}.Debug|x64.ActiveCfg = Debug|x64
		{4C1E81C6-0256-4708-B45F-A63CC5BAF7C9}.Debug|x64.Build.0 = Debug|x64
		{4C1E81C6-0256-4708-B45F-A63CC5BAF7C9}.Release|Any CPU.ActiveCfg = Release|x64
		{4C1E81C6-0256-4708-B45F-A63CC5BAF7C9}.Release|Win32.ActiveCfg = Release|Win32
		{4C1E81C6-0256-4708-B45F-A63CC5BAF7C9}.Release|Win32.Build.0 = Release|Win32
		{4C1E81C6-0256-4708-B45F-A63CC5BAF7C9}.Release|x64.ActiveCfg = Release|x64
		{4C1E81C6-0256-4708-B45F-A63CC5BAF7C9}.Release|x64.Build.0 = Release|x64
		{A89ED5ED-A0FE-44E6-A29B-5EEF0EB7B3E4}.Debug|Any CPU.ActiveCfg = Debug|Win32
		{A89ED5ED-A0FE-44E6-A29B-5EEF0EB7B3E4}.Debug|Win32.ActiveCfg = Debug|Win32
		{A89ED5ED-A0FE-44E6-A29B-5EEF0EB7B3E4}.Debug|Win32.Build.0 = Debug|Win32
		{A89ED5ED-A0FE-44E6-A29B-5EEF0EB7B3E4}.Debug|x64.ActiveCfg = Debug|x64
		{A89ED5ED-A0FE-44E6-A29B-5EEF0EB7B3E4}.Debug|x64.Build.0 = Debug|x64
		{A89ED5ED-A0FE-44E6-A29B-5EEF0EB7B3E4}.Release|Any CPU.ActiveCfg = Release|Win32
		{A89ED5ED-A0FE-44E6-A29B-5EEF0EB7B3E4}.Release|Win32.ActiveCfg = Release|Win32
		{A89ED5ED-A0FE-44E6-A29B-5EEF0EB7B3E4}.Release|Win32.Build.0 = Release|Win32
		{A89ED5ED-A0FE-44E6-A29B-5EEF0EB7B3E4}.Release|x64.ActiveCfg = Release|x64
		{A89ED5ED-A0FE-44E6-A29B-5EEF0EB7B3E4}.Release|x64.Build.0 = Release|x64
		{F1B1DE6B-1D50-4156-BAE0-8FAA592CC27E}.Debug|Any CPU.ActiveCfg = Debug|x64
		{F1B1DE6B-1D50-4156-BAE0-8FAA592CC27E}.Debug|Win32.ActiveCfg = Debug|Win32
		{F1B1DE6B-1D50-4156-BAE0-8FAA592CC27E}.Debug|Win32.Build.0 = Debug|Win32
		{F1B1DE6B-1D50-4156-BAE0-8FAA592CC27E}.Debug|x64.ActiveCfg = Debug|x64
		{F1B1DE6B-1D50-4156-BAE0-8FAA592CC27E}.Debug|x64.Build.0 = Debug|x64
		{F1B1DE6B-1D50-4156-BAE0-8FAA592CC27E}.Release|Any CPU.ActiveCfg = Release|x64
		{F1B1DE6B-1D50-4156-BAE0-8FAA592CC27E}.Release|Win32.ActiveCfg = Release|Win32
		{F1B1DE6B-1D50-4156-BAE0-8FAA592CC27E}.Release|Win32.Build.0 = Release|Win32
		{F1B1DE6B-1D50-4156-BAE0-8FAA592CC27E}.Release|x64.ActiveCfg = Release|x64
		{F1B1DE6B-1D50-4156-BAE0-8FAA592CC27E}.Release|x64.Build.0 = Release|x64
		{94BE417D-1F37-4FB6-BF6D-C09581161A35}.Debug|Any CPU.ActiveCfg = Debug|x64
		{94BE417D-1F37-4FB6-BF6D-C09581161A35}.Debug|Win32.ActiveCfg = Debug|Win32
		{94BE417D-1F37-4FB6-BF6D-C09581161A35}.Debug|Win32.Build.0 = Debug|Win32
		{94BE417D-1F37-4FB6-BF6D-C09581161A35}.Debug|x64.ActiveCfg = Debug|x64
		{94BE417D-1F37-4FB6-BF6D-C09581161A35}.Debug|x64.Build.0 = Debug|x64
		{94BE417D-1F37-4FB6-BF6D-C09581161A35}.Release|Any CPU.ActiveCfg = Release|x64
		{94BE417D-1F37-4FB6-BF6D-C09581161A35}.Release|Win32.ActiveCfg = Release|Win32
		{94BE417D-1F37-4FB6-BF6D-C09581161A35}.Release|Win32.Build.0 = Release|Win32
		{94BE417D-1F37-4FB6-BF6D-C09581161A35}.Release|x64.ActiveCfg = Release|x64
		{94BE417D-1F37-4FB6-BF6D-C09581161A35}.Release|x64.Build.0 = Release|x64
		{CFE819A4-95EE-49C4-8DE5-3B91193CA169}.Debug|Any CPU.ActiveCfg = Debug|x64
		{CFE819A4-95EE-49C4-8DE5-3B91193CA169}.Debug|Win32.ActiveCfg = Debug|Win32
		{CFE819A4-95EE-49C4-8DE5-3B91193CA169}.Debug|Win32.Build.0 = Debug|Win32
		{CFE819A4-95EE-49C4-8DE5-3B91193CA169}.Debug|x64.ActiveCfg = Debug|x64
		{CFE819A4-95EE-49C4-8DE5-3B91193CA169}.Debug|x64.Build.0 = Debug|x64
		{CFE819A4-95EE-49C4-8DE5-3B91193CA169}.Release|Any CPU.ActiveCfg = Release|x64
		{CFE819A4-95EE-49C4-8DE5-3B91193CA169}.Release|Win32.ActiveCfg = Release|Win32
		{CFE819A4-95EE-49C4-8DE5-3B91193CA169}.Release|Win32.Build.0 = Release|Win32
		{CFE819A4-95EE-49C4-8DE5-3B91193CA169}.Release|x64.ActiveCfg = Release|x64
		{CFE819A4-95EE-49C4-8DE5-3B91193CA169}.Release|x64.Build.0 = Release|x64
		{A0FF0035-4B11-4F1D-AE48-6EC79EE4B8D7}.Debug|Any CPU.ActiveCfg = Debug|Win32
		{A0FF0035-4B11-4F1D-AE48-6EC79EE4B8D7}.Debug|Win32.ActiveCfg = Debug|Win32
		{A0FF0035-4B11-4F1D-AE48-6EC79EE4B8D7}.Debug|Win32.Build.0 = Debug|Win32
		{A0FF0035-4B11-4F1D-AE48-6EC79EE4B8D7}.Debug|x64.ActiveCfg = Debug|x64
		{A0FF0035-4B11-4F1D-AE48-6EC79EE4B8D7}.Debug|x64.Build.0 = Debug|x64
		{A0FF0035-4B11-4F1D-AE48-6EC79EE4B8D7}.Release|Any CPU.ActiveCfg = Release|Win32
		{A0FF0035-4B11-4F1D-AE48-6EC79EE4B8D7}.Release|Win32.ActiveCfg = Release|Win32
		{A0FF0035-4B11-4F1D-AE48-6EC79EE4B8D7}.Release|Win32.Build.0 = Release|Win32
		{A0FF0035-4B11-4F1D-AE48-6EC79EE4B8D7}.Release|x64.ActiveCfg = Release|x64
		{A0FF0035-4B11-4F1D-AE48-6EC79EE4B8D7}.Release|x64.Build.0 = Release|x64
		{F598BB61-CF95-4D31-A2E0-591134041983}.Debug|Any CPU.ActiveCfg = Debug|x64
		{F598BB61-CF95-4D31-A2E0-591134041983}.Debug|Win32.ActiveCfg = Debug|Win32
		{F598BB61-CF95-4D31-A2E0-591134041983}.Debug|Win32.Build.0 = Debug|Win32
		{F598BB61-CF95-4D31-A2E0-591134041983}.Debug|x64.ActiveCfg = Debug|x64
		{F598BB61-CF95-4D31-A2E0-591134041983}.Debug|x64.Build.0 = Debug|x64
		{F598BB61-CF95-4D31-A2E0-591134041983}.Release|Any CPU.ActiveCfg = Release|x64
		{F598BB61-CF95-4D31-A2E0-591134041983}.Release|Win32.ActiveCfg = Release|Win32
		{F598BB61-CF95-4D31-A2E0-591134041983}.Release|Win32.Build.0 = Release|Win32
		{F598BB61-CF95-4D31-A2E0-591134041983}.Release|x64.ActiveCfg = Release|x64
		{F598BB61-CF95-4D31-A2E0-591134041983}.Release|x64.Build.0 = Release|x64
		{57AB317E-24F5-43EB-8DAF-507ECB5C08AC}.Debug|Any CPU.ActiveCfg = Debug|Win32
		{57AB317E-24F5-43EB-8DAF-507ECB5C08AC}.Debug|Win32.ActiveCfg = Debug|Win32
		{57AB317E-24F5-43EB-8DAF-507ECB5C08AC}.Debug|Win32.Build.0 = Debug|Win32
		{57AB317E-24F5-43EB-8DAF-507ECB5C08AC}.Debug|x64.ActiveCfg = Debug|x64
		{57AB317E-24F5-43EB-8DAF-507ECB5C08AC}.Debug|x64.Build.0 = Debug|x64
		{57AB317E-24F5-43EB-8DAF-507ECB5C08AC}.Release|Any CPU.ActiveCfg = Release|Win32
		{57AB317E-24F5-43EB-8DAF-507ECB5C08AC}.Release|Win32.ActiveCfg = Release|Win32
		{57AB317E-24F5-43EB-8DAF-507ECB5C08AC}.Release|Win32.Build.0 = Release|Win32
		{57AB317E-24F5-43EB-8DAF-507ECB5C08AC}.Release|x64.ActiveCfg = Release|x64
		{57AB317E-24F5-43EB-8DAF-507ECB5C08AC}.Release|x64.Build.0 = Release|x64
		{F71571FB-C04D-4062-8555-AD057D047411}.Debug|Any CPU.ActiveCfg = Debug|Win32
		{F71571FB-C04D-4062-8555-AD057D047411}.Debug|Win32.ActiveCfg = Debug|Win32
		{F71571FB-C04D-4062-8555-AD057D047411}.Debug|Win32.Build.0 = Debug|Win32
		{F71571FB-C04D-4062-8555-AD057D047411}.Debug|x64.ActiveCfg = Debug|x64
		{F71571FB-C04D-4062-8555-AD057D047411}.Debug|x64.Build.0 = Debug|x64
		{F71571FB-C04D-4062-8555-AD057D047411}.Release|Any CPU.ActiveCfg = Release|Win32
		{F71571FB-C04D-4062-8555-AD057D047411}.Release|Win32.ActiveCfg = Release|Win32
		{F71571FB-C04D-4062-8555-AD057D047411}.Release|Win32.Build.0 = Release|Win32
		{F71571FB-C04D-4062-8555-AD057D047411}.Release|x64.ActiveCfg = Release|x64
		{F71571FB-C04D-4062-8555-AD057D047411}.Release|x64.Build.0 = Release|x64
		{DD7C7995-0066-4146-A0D3-DD1D23EAD035}.Debug|Any CPU.ActiveCfg = Debug|Win32
		{DD7C7995-0066-4146-A0D3-DD1D23EAD035}.Debug|Win32.ActiveCfg = Debug|Win32
		{DD7C7995-0066-4146-A0D3-DD1D23EAD035}.Debug|Win32.Build.0 = Debug|Win32
		{DD7C7995-0066-4146-A0D3-DD1D23EAD035}.Debug|x64.ActiveCfg = Debug|x64
		{DD7C7995-0066-4146-A0D3-DD1D23EAD035}.Debug|x64.Build.0 = Debug|x64
		{DD7C7995-0066-4146-A0D3-DD1D23EAD035}.Release|Any CPU.ActiveCfg = Release|Win32
		{DD7C7995-0066-4146-A0D3-DD1D23EAD035}.Release|Win32.ActiveCfg = Release|Win32
		{DD7C7995-0066-4146-A0D3-DD1D23EAD035}.Release|Win32.Build.0 = Release|Win32
		{DD7C7995-0066-4146-A0D3-DD1D23EAD035}.Release|x64.ActiveCfg = Release|x64
		{DD7C7995-0066-4146-A0D3-DD1D23EAD035}.Release|x64.Build.0 = Release|x64
		{0775EE45-A508-4987-A31F-D9A3133300E0}.Debug|Any CPU.ActiveCfg = Debug|x64
		{0775EE45-A508-4987-A31F-D9A3133300E0}.Debug|Win32.ActiveCfg = Debug|Win32
		{0775EE45-A508-4987-A31F-D9A3133300E0}.Debug|Win32.Build.0 = Debug|Win32
		{0775EE45-A508-4987-A31F-D9A3133300E0}.Debug|x64.ActiveCfg = Debug|x64
		{0775EE45-A508-4987-A31F-D9A3133300E0}.Debug|x64.Build.0 = Debug|x64
		{0775EE45-A508-4987-A31F-D9A3133300E0}.Release|Any CPU.ActiveCfg = Release|x64
		{0775EE45-A508-4987-A31F-D9A3133300E0}.Release|Win32.ActiveCfg = Release|Win32
		{0775EE45-A508-4987-A31F-D9A3133300E0}.Release|Win32.Build.0 = Release|Win32
		{0775EE45-A508-4987-A31F-D9A3133300E0}.Release|x64.ActiveCfg = Release|x64
		{0775EE45-A508-4987-A31F-D9A3133300E0}.Release|x64.Build.0 = Release|x64
		{F1083805-B4C2-499D-BA94-451D4D2E9644}.Debug|Any CPU.ActiveCfg = Debug|x64
		{F1083805-B4C2-499D-BA94-451D4D2E9644}.Debug|Win32.ActiveCfg = Debug|Win32
		{F1083805-B4C2-499D-BA94-451D4D2E9644}.Debug|Win32.Build.0 = Debug|Win32
		{F1083805-B4C2-499D-BA94-451D4D2E9644}.Debug|x64.ActiveCfg = Debug|x64
		{F1083805-B4C2-499D-BA94-451D4D2E9644}.Debug|x64.Build.0 = Debug|x64
		{F1083805-B4C2-499D-BA94-451D4D2E9644}.Release|Any CPU.ActiveCfg = Release|x64
		{F1083805-B4C2-499D-BA94-451D4D2E9644}.Release|Win32.ActiveCfg = Release|Win32
		{F1083805-B4C2-499D-BA94-451D4D2E9644}.Release|Win32.Build.0 = Release|Win32
		{F1083805-B4C2-499D-BA94-451D4D2E9644}.Release|x64.ActiveCfg = Release|x64
		{F1083805-B4C2-499D-BA94-451D4D2E9644}.Release|x64.Build.0 = Release|x64
		{0517E936-0CE1-468A-AC52-82E9358B61D4}.Debug|Any CPU.ActiveCfg = Debug|x64
		{0517E936-0CE1-468A-AC52-82E9358B61D4}.Debug|Win32.ActiveCfg = Debug|Win32
		{0517E936-0CE1-468A-AC52-82E9358B61D4}.Debug|Win32.Build.0 = Debug|Win32
		{0517E936-0CE1-468A-AC52-82E9358B61D4}.Debug|x64.ActiveCfg = Debug|x64
		{0517E936-0CE1-468A-AC52-82E9358B61D4}.Debug|x64.Build.0 = Debug|x64
		{0517E936-0CE1-468A-AC52-82E9358B61D4}.Release|Any CPU.ActiveCfg = Release|x64
		{0517E936-0CE1-468A-AC52-82E9358B61D4}.Release|Win32.ActiveCfg = Release|Win32
		{0517E936-0CE1-468A-AC52-82E9358B61D4}.Release|Win32.Build.0 = Release|Win32
		{0517E936-0CE1-468A-AC52-82E9358B61D4}.Release|x64.ActiveCfg = Release|x64
		{0517E936-0CE1-468A-AC52-82E9358B61D4}.Release|x64.Build.0 = Release|x64
		{F24AE31C-F478-4D22-8E15-F84B82F0F6FA}.Debug|Any CPU.ActiveCfg = Debug|x64
		{F24AE31C-F478-4D22-8E15-F84B82F0F6FA}.Debug|Win32.ActiveCfg = Debug|Win32
		{F24AE31C-F478-4D22-8E15-F84B82F0F6FA}.Debug|Win32.Build.0 = Debug|Win32
		{F24AE31C-F478-4D22-8E15-F84B82F0F6FA}.Debug|x64.ActiveCfg = Debug|x64
		{F24AE31C-F478-4D22-8E15-F84B82F0F6FA}.Debug|x64.Build.0 = Debug|x64
		{F24AE31C-F478-4D22-8E15-F84B82F0F6FA}.Release|Any CPU.ActiveCfg = Release|x64
		{F24AE31C-F478-4D22-8E15-F84B82F0F6FA}.Release|Win32.ActiveCfg = Release|Win32
		{F24AE31C-F478-4D22-8E15-F84B82F0F6FA}.Release|Win32.Build.0 = Release|Win32
		{F24AE31C-F478-4D22-8E15-F84B82F0F6FA}.Release|x64.ActiveCfg = Release|x64
		{F24AE31C-F478-4D22-8E15-F84B82F0F6FA}.Release|x64.Build.0 = Release|x64
		{A1400097-DE43-4D7E-AC56-81C1DA58D3C0}.Debug|Any CPU.ActiveCfg = Debug|Win32
		{A1400097-DE43-4D7E-AC56-81C1DA58D3C0}.Debug|Win32.ActiveCfg = Debug|Win32
		{A1400097-DE43-4D7E-AC56-81C1DA58D3C0}.Debug|Win32.Build.0 = Debug|Win32
		{A1400097-DE43-4D7E-AC56-81C1DA58D3C0}.Debug|x64.ActiveCfg = Debug|x64
		{A1400097-DE43-4D7E-AC56-81C1DA58D3C0}.Debug|x64.Build.0 = Debug|x64
		{A1400097-DE43-4D7E-AC56-81C1DA58D3C0}.Release|Any CPU.ActiveCfg = Release|Win32
		{A1400097-DE43-4D7E-AC56-81C1DA58D3C0}.Release|Win32.ActiveCfg = Release|Win32
		{A1400097-DE43-4D7E-AC56-81C1DA58D3C0}.Release|Win32.Build.0 = Release|Win32
		{A1400097-DE43-4D7E-AC56-81C1DA58D3C0}.Release|x64.ActiveCfg = Release|x64
		{A1400097-DE43-4D7E-AC56-81C1DA58D3C0}.Release|x64.Build.0 = Release|x64
		{217F271A-8EF6-4206-8F67-BC15E990C339}.Debug|Any CPU.ActiveCfg = Debug|x64
		{217F271A-8EF6-4206-8F67-BC15E990C339}.Debug|Win32.ActiveCfg = Debug|Win32
		{217F271A-8EF6-4206-8F67-BC15E990C339}.Debug|Win32.Build.0 = Debug|Win32
		{217F271A-8EF6-4206-8F67-BC15E990C339}.Debug|x64.ActiveCfg = Debug|x64
		{217F271A-8EF6-4206-8F67-BC15E990C339}.Debug|x64.Build.0 = Debug|x64
		{217F271A-8EF6-4206-8F67-BC15E990C339}.Release|Any CPU.ActiveCfg = Release|x64
		{217F271A-8EF6-4206-8F67-BC15E990C339}.Release|Win32.ActiveCfg = Release|Win32
		{217F271A-8EF6-4206-8F67-BC15E990C339}.Release|Win32.Build.0 = Release|Win32
		{217F271A-8EF6-4206-8F67-BC15E990C339}.Release|x64.ActiveCfg = Release|x64
		{217F271A-8EF6-4206-8F67-BC15E990C339}.Release|x64.Build.0 = Release|x64
		{DBE32ACB-C4D7-4B2A-8D99-3E3AA36A3D9C}.Debug|Any CPU.ActiveCfg = Debug|x64
		{DBE32ACB-C4D7-4B2A-8D99-3E3AA36A3D9C}.Debug|Win32.ActiveCfg = Debug|Win32
		{DBE32ACB-C4D7-4B2A-8D99-3E3AA36A3D9C}.Debug|Win32.Build.0 = Debug|Win32
		{DBE32ACB-C4D7-4B2A-8D99-3E3AA36A3D9C}.Debug|x64.ActiveCfg = Debug|x64
		{DBE32ACB-C4D7-4B2A-8D99-3E3AA36A3D9C}.Debug|x64.Build.0 = Debug|x64
		{DBE32ACB-C4D7-4B2A-8D99-3E3AA36A3D9C}.Release|Any CPU.ActiveCfg = Release|x64
		{DBE32ACB-C4D7-4B2A-8D99-3E3AA36A3D9C}.Release|Win32.ActiveCfg = Release|Win32
		{DBE32ACB-C4D7-4B2A-8D99-3E3AA36A3D9C}.Release|Win32.Build.0 = Release|Win32
		{DBE32ACB-C4D7-4B2A-8D99-3E3AA36A3D9C}.Release|x64.ActiveCfg = Release|x64
		{DBE32ACB-C4D7-4B2A-8D99-3E3AA36A3D9C}.Release|x64.Build.0 = Release|x64
		{40660173-2A45-4738-B0DF-FFD0F20709B0}.Debug|Any CPU.ActiveCfg = Debug|Win32
		{40660173-2A45-4738-B0DF-FFD0F20709B0}.Debug|Win32.ActiveCfg = Debug|Win32
		{40660173-2A45-4738-B0DF-FFD0F20709B0}.Debug|Win32.Build.0 = Debug|Win32
		{40660173-2A45-4738-B0DF-FFD0F20709B0}.Debug|x64.ActiveCfg = Debug|x64
		{40660173-2A45-4738-B0DF-FFD0F20709B0}.Debug|x64.Build.0 = Debug|x64
		{40660173-2A45-4738-B0DF-FFD0F20709B0}.Release|Any CPU.ActiveCfg = Release|Win32
		{40660173-2A45-4738-B0DF-FFD0F20709B0}.Release|Win32.ActiveCfg = Release|Win32
		{40660173-2A45-4738-B0DF-FFD0F20709B0}.Release|Win32.Build.0 = Release|Win32
		{40660173-2A45-4738-B0DF-FFD0F20709B0}.Release|x64.ActiveCfg = Release|x64
		{40660173-2A45-4738-B0DF-FFD0F20709B0}.Release|x64.Build.0 = Release|x64
		{1613E6EA-AF1C-4978-B97D-E6FA0F08BC91}.Debug|Any CPU.ActiveCfg = Debug|Win32
		{1613E6EA-AF1C-4978-B97D-E6FA0F08BC91}.Debug|Win32.ActiveCfg = Debug|Win32
		{1613E6EA-AF1C-4978-B97D-E6FA0F08BC91}.Debug|Win32.Build.0 = Debug|Win32
		{1613E6EA-AF1C-4978-B97D-E6FA0F08BC91}.Debug|x64.ActiveCfg = Debug|x64
		{1613E6EA-AF1C-4978-B97D-E6FA0F08BC91}.Debug|x64.Build.0 = Debug|x64
		{1613E6EA-AF1C-4978-B97D-E6FA0F08BC91}.Release|Any CPU.ActiveCfg = Release|Win32
		{1613E6EA-AF1C-4978-B97D-E6FA0F08BC91}.Release|Win32.ActiveCfg = Release|Win32
		{1613E6EA-AF1C-4978-B97D-E6FA0F08BC91}.Release|Win32.Build.0 = Release|Win32
		{1613E6EA-AF1C-4978-B97D-E6FA0F08BC91}.Release|x64.ActiveCfg = Release|x64
		{1613E6EA-AF1C-4978-B97D-E6FA0F08BC91}.Release|x64.Build.0 = Release|x64
		{898C0BFA-1003-4C6E-B673-BBFD406F43A8}.Debug|Any CPU.ActiveCfg = Debug|Win32
		{898C0BFA-1003-4C6E-B673-BBFD406F43A8}.Debug|Win32.ActiveCfg = Debug|Win32
		{898C0BFA-1003-4C6E-B673-BBFD406F43A8}.Debug|x64.ActiveCfg = Debug|x64
		{898C0BFA-1003-4C6E-B673-BBFD406F43A8}.Release|Any CPU.ActiveCfg = Release|Win32
		{898C0BFA-1003-4C6E-B673-BBFD406F43A8}.Release|Win32.ActiveCfg = Release|Win32
		{898C0BFA-1003-4C6E-B673-BBFD406F43A8}.Release|x64.ActiveCfg = Release|x64
		{0352E38A-B1F7-49BA-BC9E-4B0C585007DF}.Debug|Any CPU.ActiveCfg = Debug|Win32
		{0352E38A-B1F7-49BA-BC9E-4B0C585007DF}.Debug|Win32.ActiveCfg = Debug|Win32
		{0352E38A-B1F7-49BA-BC9E-4B0C585007DF}.Debug|Win32.Build.0 = Debug|Win32
		{0352E38A-B1F7-49BA-BC9E-4B0C585007DF}.Debug|x64.ActiveCfg = Debug|x64
		{0352E38A-B1F7-49BA-BC9E-4B0C585007DF}.Debug|x64.Build.0 = Debug|x64
		{0352E38A-B1F7-49BA-BC9E-4B0C585007DF}.Release|Any CPU.ActiveCfg = Release|Win32
		{0352E38A-B1F7-49BA-BC9E-4B0C585007DF}.Release|Win32.ActiveCfg = Release|Win32
		{0352E38A-B1F7-49BA-BC9E-4B0C585007DF}.Release|Win32.Build.0 = Release|Win32
		{0352E38A-B1F7-49BA-BC9E-4B0C585007DF}.Release|x64.ActiveCfg = Release|x64
		{0352E38A-B1F7-49BA-BC9E-4B0C585007DF}.Release|x64.Build.0 = Release|x64
		{DB9AA6FB-36AA-488D-8AD5-29AD401BDE22}.Debug|Any CPU.ActiveCfg = Debug|Win32
		{DB9AA6FB-36AA-488D-8AD5-29AD401BDE22}.Debug|Win32.ActiveCfg = Debug|Win32
		{DB9AA6FB-36AA-488D-8AD5-29AD401BDE22}.Debug|Win32.Build.0 = Debug|Win32
		{DB9AA6FB-36AA-488D-8AD5-29AD401BDE22}.Debug|x64.ActiveCfg = Debug|x64
		{DB9AA6FB-36AA-488D-8AD5-29AD401BDE22}.Debug|x64.Build.0 = Debug|x64
		{DB9AA6FB-36AA-488D-8AD5-29AD401BDE22}.Release|Any CPU.ActiveCfg = Release|Win32
		{DB9AA6FB-36AA-488D-8AD5-29AD401BDE22}.Release|Win32.ActiveCfg = Release|Win32
		{DB9AA6FB-36AA-488D-8AD5-29AD401BDE22}.Release|Win32.Build.0 = Release|Win32
		{DB9AA6FB-36AA-488D-8AD5-29AD401BDE22}.Release|x64.ActiveCfg = Release|x64
		{DB9AA6FB-36AA-488D-8AD5-29AD401BDE22}.Release|x64.Build.0 = Release|x64
		{F1B1DE6D-1D50-4156-BAE0-8FAA592CC27E}.Debug|Any CPU.ActiveCfg = Debug|x64
		{F1B1DE6D-1D50-4156-BAE0-8FAA592CC27E}.Debug|Win32.ActiveCfg = Debug|Win32
		{F1B1DE6D-1D50-4156-BAE0-8FAA592CC27E}.Debug|Win32.Build.0 = Debug|Win32
		{F1B1DE6D-1D50-4156-BAE0-8FAA592CC27E}.Debug|x64.ActiveCfg = Debug|x64
		{F1B1DE6D-1D50-4156-BAE0-8FAA592CC27E}.Debug|x64.Build.0 = Debug|x64
		{F1B1DE6D-1D50-4156-BAE0-8FAA592CC27E}.Release|Any CPU.ActiveCfg = Release|x64
		{F1B1DE6D-1D50-4156-BAE0-8FAA592CC27E}.Release|Win32.ActiveCfg = Release|Win32
		{F1B1DE6D-1D50-4156-BAE0-8FAA592CC27E}.Release|Win32.Build.0 = Release|Win32
		{F1B1DE6D-1D50-4156-BAE0-8FAA592CC27E}.Release|x64.ActiveCfg = Release|x64
		{F1B1DE6D-1D50-4156-BAE0-8FAA592CC27E}.Release|x64.Build.0 = Release|x64
		{F1B1DE6C-1D50-4156-BAE0-8FAA592CC27E}.Debug|Any CPU.ActiveCfg = Debug|x64
		{F1B1DE6C-1D50-4156-BAE0-8FAA592CC27E}.Debug|Win32.ActiveCfg = Debug|Win32
		{F1B1DE6C-1D50-4156-BAE0-8FAA592CC27E}.Debug|Win32.Build.0 = Debug|Win32
		{F1B1DE6C-1D50-4156-BAE0-8FAA592CC27E}.Debug|x64.ActiveCfg = Debug|x64
		{F1B1DE6C-1D50-4156-BAE0-8FAA592CC27E}.Debug|x64.Build.0 = Debug|x64
		{F1B1DE6C-1D50-4156-BAE0-8FAA592CC27E}.Release|Any CPU.ActiveCfg = Release|x64
		{F1B1DE6C-1D50-4156-BAE0-8FAA592CC27E}.Release|Win32.ActiveCfg = Release|Win32
		{F1B1DE6C-1D50-4156-BAE0-8FAA592CC27E}.Release|Win32.Build.0 = Release|Win32
		{F1B1DE6C-1D50-4156-BAE0-8FAA592CC27E}.Release|x64.ActiveCfg = Release|x64
		{F1B1DE6C-1D50-4156-BAE0-8FAA592CC27E}.Release|x64.Build.0 = Release|x64
		{B61AADC7-6A76-4E0D-B398-85C2A2BDAB7B}.Debug|Any CPU.ActiveCfg = Debug|x64
		{B61AADC7-6A76-4E0D-B398-85C2A2BDAB7B}.Debug|Win32.ActiveCfg = Debug|Win32
		{B61AADC7-6A76-4E0D-B398-85C2A2BDAB7B}.Debug|Win32.Build.0 = Debug|Win32
		{B61AADC7-6A76-4E0D-B398-85C2A2BDAB7B}.Debug|x64.ActiveCfg = Debug|x64
		{B61AADC7-6A76-4E0D-B398-85C2A2BDAB7B}.Debug|x64.Build.0 = Debug|x64
		{B61AADC7-6A76-4E0D-B398-85C2A2BDAB7B}.Release|Any CPU.ActiveCfg = Release|x64
		{B61AADC7-6A76-4E0D-B398-85C2A2BDAB7B}.Release|Win32.ActiveCfg = Release|Win32
		{B61AADC7-6A76-4E0D-B398-85C2A2BDAB7B}.Release|Win32.Build.0 = Release|Win32
		{B61AADC7-6A76-4E0D-B398-85C2A2BDAB7B}.Release|x64.ActiveCfg = Release|x64
		{B61AADC7-6A76-4E0D-B398-85C2A2BDAB7B}.Release|x64.Build.0 = Release|x64
	EndGlobalSection
	GlobalSection(SolutionProperties) = preSolution
		HideSolutionNode = FALSE
	EndGlobalSection
EndGlobal
