Microsoft Visual Studio Solution File, Format Version 8.00
Project("{8BC9CEB8-8B4A-11D0-8D11-00A0C91BC942}") = "_ndas_inc", "..\inc\_ndas_inc.vcproj", "{2B926D88-5292-4897-B0CD-DD149FF042D8}"
	ProjectSection(ProjectDependencies) = postProject
	EndProjectSection
EndProject
Project("{8BC9CEB8-8B4A-11D0-8D11-00A0C91BC942}") = "_ndas_setuphlp_inc", "inc\_ndas_setuphlp_inc.vcproj", "{728CE3CC-6FD9-461F-B9AE-7DA54068E744}"
	ProjectSection(ProjectDependencies) = postProject
	EndProjectSection
EndProject
Project("{8BC9CEB8-8B4A-11D0-8D11-00A0C91BC942}") = "ndmsica", "ndmsica\ndmsica.vcproj", "{E25EC600-6E99-4EB6-B2C8-1A36C7E2E3C3}"
	ProjectSection(ProjectDependencies) = postProject
		{E89F410F-D0C8-4E2E-8311-9C755C6427D7} = {E89F410F-D0C8-4E2E-8311-9C755C6427D7}
	EndProjectSection
EndProject
Project("{8BC9CEB8-8B4A-11D0-8D11-00A0C91BC942}") = "ndasdi", "ndasdi\ndasdi.vcproj", "{E89F410F-D0C8-4E2E-8311-9C755C6427D7}"
	ProjectSection(ProjectDependencies) = postProject
	EndProjectSection
EndProject
Project("{8BC9CEB8-8B4A-11D0-8D11-00A0C91BC942}") = "ndasdi_cmdtool", "ndasdi\cmdtool\cmdtool.vcproj", "{8D624F3C-850A-4EB9-8616-60AC950BE961}"
	ProjectSection(ProjectDependencies) = postProject
		{E89F410F-D0C8-4E2E-8311-9C755C6427D7} = {E89F410F-D0C8-4E2E-8311-9C755C6427D7}
	EndProjectSection
EndProject
Project("{8BC9CEB8-8B4A-11D0-8D11-00A0C91BC942}") = "ndupdate", "ndupdate\ndupdate.vcproj", "{D2088912-157A-49FA-84C4-BC190BAA679C}"
	ProjectSection(ProjectDependencies) = postProject
	EndProjectSection
EndProject
Project("{8BC9CEB8-8B4A-11D0-8D11-00A0C91BC942}") = "ndasetup", "ndasetup\ndasetup.vcproj", "{E89F410F-D0C8-4E2E-8311-9C755C6427D9}"
	ProjectSection(ProjectDependencies) = postProject
	EndProjectSection
EndProject
Global
	GlobalSection(SolutionConfiguration) = preSolution
		Debug = Debug
		Release = Release
	EndGlobalSection
	GlobalSection(ProjectDependencies) = postSolution
	EndGlobalSection
	GlobalSection(ProjectConfiguration) = postSolution
		{2B926D88-5292-4897-B0CD-DD149FF042D8}.Debug.ActiveCfg = Debug|Win32
		{2B926D88-5292-4897-B0CD-DD149FF042D8}.Release.ActiveCfg = Release|Win32
		{728CE3CC-6FD9-461F-B9AE-7DA54068E744}.Debug.ActiveCfg = Debug|Win32
		{728CE3CC-6FD9-461F-B9AE-7DA54068E744}.Release.ActiveCfg = Release|Win32
		{E25EC600-6E99-4EB6-B2C8-1A36C7E2E3C3}.Debug.ActiveCfg = Debug|Win32
		{E25EC600-6E99-4EB6-B2C8-1A36C7E2E3C3}.Debug.Build.0 = Debug|Win32
		{E25EC600-6E99-4EB6-B2C8-1A36C7E2E3C3}.Release.ActiveCfg = Release|Win32
		{E25EC600-6E99-4EB6-B2C8-1A36C7E2E3C3}.Release.Build.0 = Release|Win32
		{E89F410F-D0C8-4E2E-8311-9C755C6427D7}.Debug.ActiveCfg = Debug|Win32
		{E89F410F-D0C8-4E2E-8311-9C755C6427D7}.Debug.Build.0 = Debug|Win32
		{E89F410F-D0C8-4E2E-8311-9C755C6427D7}.Release.ActiveCfg = Release|Win32
		{E89F410F-D0C8-4E2E-8311-9C755C6427D7}.Release.Build.0 = Release|Win32
		{8D624F3C-850A-4EB9-8616-60AC950BE961}.Debug.ActiveCfg = Debug|Win32
		{8D624F3C-850A-4EB9-8616-60AC950BE961}.Debug.Build.0 = Debug|Win32
		{8D624F3C-850A-4EB9-8616-60AC950BE961}.Release.ActiveCfg = Release|Win32
		{8D624F3C-850A-4EB9-8616-60AC950BE961}.Release.Build.0 = Release|Win32
		{D2088912-157A-49FA-84C4-BC190BAA679C}.Debug.ActiveCfg = Debug|Win32
		{D2088912-157A-49FA-84C4-BC190BAA679C}.Debug.Build.0 = Debug|Win32
		{D2088912-157A-49FA-84C4-BC190BAA679C}.Release.ActiveCfg = Release|Win32
		{D2088912-157A-49FA-84C4-BC190BAA679C}.Release.Build.0 = Release|Win32
		{E89F410F-D0C8-4E2E-8311-9C755C6427D9}.Debug.ActiveCfg = Debug|Win32
		{E89F410F-D0C8-4E2E-8311-9C755C6427D9}.Debug.Build.0 = Debug|Win32
		{E89F410F-D0C8-4E2E-8311-9C755C6427D9}.Release.ActiveCfg = Release|Win32
		{E89F410F-D0C8-4E2E-8311-9C755C6427D9}.Release.Build.0 = Release|Win32
	EndGlobalSection
	GlobalSection(ExtensibilityGlobals) = postSolution
	EndGlobalSection
	GlobalSection(ExtensibilityAddIns) = postSolution
	EndGlobalSection
EndGlobal
