
Microsoft Visual Studio Solution File, Format Version 9.00
# Visual Studio 2005
Project("{8BC9CEB8-8B4A-11D0-8D11-00A0C91BC942}") = "ndasidt", "ndasidt.vcproj", "{42B5FFAA-F60B-446E-8A05-A0675B24D917}"
EndProject
Global
	GlobalSection(SolutionConfigurationPlatforms) = preSolution
		Debug|Win32 = Debug|Win32
		Release|Win32 = Release|Win32
	EndGlobalSection
	GlobalSection(ProjectConfigurationPlatforms) = postSolution
		{42B5FFAA-F60B-446E-8A05-A0675B24D917}.Debug|Win32.ActiveCfg = Debug|Win32
		{42B5FFAA-F60B-446E-8A05-A0675B24D917}.Debug|Win32.Build.0 = Debug|Win32
		{42B5FFAA-F60B-446E-8A05-A0675B24D917}.Release|Win32.ActiveCfg = Release|Win32
		{42B5FFAA-F60B-446E-8A05-A0675B24D917}.Release|Win32.Build.0 = Release|Win32
	EndGlobalSection
	GlobalSection(SolutionProperties) = preSolution
		HideSolutionNode = FALSE
	EndGlobalSection
EndGlobal
