Microsoft Visual Studio Solution File, Format Version 9.00
# Visual Studio 2005
Project("{8BC9CEB8-8B4A-11D0-8D11-00A0C91BC942}") = "_inc_ndas_private", "inc\_vs80__inc_ndas_private.vcproj", "{0BB4ECC0-7DDC-44B8-B624-8A1E15426A62}"
EndProject
Project("{8BC9CEB8-8B4A-11D0-8D11-00A0C91BC942}") = "_inc_ndas_public", "inc\public\_vs80__inc_ndas_public.vcproj", "{5052B92F-1150-493D-815F-0A4B3AF06410}"
EndProject
Project("{8BC9CEB8-8B4A-11D0-8D11-00A0C91BC942}") = "aes", "common\aes\_vs80_aes.vcproj", "{72A13239-1F02-40BF-97AA-DA1DDD3D3383}"
EndProject
Project("{8BC9CEB8-8B4A-11D0-8D11-00A0C91BC942}") = "des", "common\des\_vs80_des.vcproj", "{5EC1A688-29AA-4363-AE98-E1FC2E1D0CF2}"
EndProject
Project("{8BC9CEB8-8B4A-11D0-8D11-00A0C91BC942}") = "desc", "common\desc\_vs80_desc.vcproj", "{E1EEAF1B-E21A-40BC-86C1-11989A74A8DB}"
EndProject
Project("{8BC9CEB8-8B4A-11D0-8D11-00A0C91BC942}") = "hash", "common\hash\_vs80_hash.vcproj", "{D04817F6-0673-47FF-872A-E5A6AB661BB4}"
EndProject
Project("{8BC9CEB8-8B4A-11D0-8D11-00A0C91BC942}") = "lsp", "common\lsp\_vs80_lsp.vcproj", "{E908DDF7-8E7D-47E7-AA4B-2F06AE928349}"
EndProject
Project("{8BC9CEB8-8B4A-11D0-8D11-00A0C91BC942}") = "ndasautrs", "common\ndasautrs\_vs80_ndasautrs.vcproj", "{EFFED033-3A53-4B9C-A09C-026F13EF426A}"
EndProject
Project("{8BC9CEB8-8B4A-11D0-8D11-00A0C91BC942}") = "ndascntenc", "common\ndascntenc\_vs80_ndascntenc.vcproj", "{F0F6ACD5-3171-4769-8FAE-5182984A963B}"
EndProject
Project("{8BC9CEB8-8B4A-11D0-8D11-00A0C91BC942}") = "ndasid", "common\ndasid\_vs80_ndasid.vcproj", "{7E1B8EBB-057C-407A-B470-E3F4DE80E619}"
EndProject
Project("{8BC9CEB8-8B4A-11D0-8D11-00A0C91BC942}") = "ndasidenc", "common\ndasidenc\_vs80_ndasidenc.vcproj", "{362E60EC-BB0F-4D53-95C0-584C7DE081F4}"
EndProject
Project("{8BC9CEB8-8B4A-11D0-8D11-00A0C91BC942}") = "ndassyscfg", "common\ndassyscfg\_vs80_ndassyscfg.vcproj", "{20AFB993-ADEC-4EC3-9DD6-51CCCD6D8EDF}"
EndProject
Project("{8BC9CEB8-8B4A-11D0-8D11-00A0C91BC942}") = "scrc32", "common\scrc32\_vs80_scrc32.vcproj", "{5F6E73F1-8261-4CB9-A6AE-FB01B9725D64}"
EndProject
Project("{8BC9CEB8-8B4A-11D0-8D11-00A0C91BC942}") = "xcrypt", "common\xcrypt\_vs80_xcrypt.vcproj", "{1B83DEAC-135B-4370-A4B0-CC25540CB2E7}"
EndProject
Project("{8BC9CEB8-8B4A-11D0-8D11-00A0C91BC942}") = "xdbgprn", "common\xdbgprn\_vs80_xdbgprn.vcproj", "{6EC22831-09ED-4443-B8F0-DA28A93AB9BF}"
EndProject
Project("{8BC9CEB8-8B4A-11D0-8D11-00A0C91BC942}") = "xregcfg", "common\xregcfg\_vs80_xregcfg.vcproj", "{A23C814B-C72B-46F8-BD55-260CBB7DC774}"
EndProject
Project("{8BC9CEB8-8B4A-11D0-8D11-00A0C91BC942}") = "afdtcp", "drivers\afdtcp\_vs80_afdtcp.vcproj", "{B31105F6-5CB9-45BD-B93B-26B8A009E239}"
EndProject
Project("{8BC9CEB8-8B4A-11D0-8D11-00A0C91BC942}") = "_inc_ndas_drivers", "drivers\inc\_vs80__inc_ndas_drivers.vcproj", "{878CAB34-D312-442D-A15C-6E2B371C4DD1}"
EndProject
Project("{8BC9CEB8-8B4A-11D0-8D11-00A0C91BC942}") = "lfsfilt", "drivers\lfsfilter\_vs80_lfsfilt.vcproj", "{E6DE1424-92F7-4F22-84CD-2D73750035AA}"
EndProject
Project("{8BC9CEB8-8B4A-11D0-8D11-00A0C91BC942}") = "lfsfiltlib", "drivers\lfsfiltlib\_vs80_lfsfiltlib.vcproj", "{A3AD3346-B8BE-4CAE-9136-D1B490FEB238}"
EndProject
Project("{8BC9CEB8-8B4A-11D0-8D11-00A0C91BC942}") = "lpx", "drivers\lpx\_vs80_lpx.vcproj", "{998B9911-1BC2-4EB5-A775-FDCC3EB71E05}"
EndProject
Project("{8BC9CEB8-8B4A-11D0-8D11-00A0C91BC942}") = "lpxtdi", "drivers\lpxtdi\_vs80_lpxtdi.vcproj", "{E145BD01-59DE-4598-B1B4-77ECECBF14CE}"
EndProject
Project("{8BC9CEB8-8B4A-11D0-8D11-00A0C91BC942}") = "ndasiomg", "drivers\ndasiomsg\_vs80_ndasiomg.vcproj", "{B3B9CB7E-E5B9-4603-AEAA-A9D1232E69F1}"
EndProject
Project("{8BC9CEB8-8B4A-11D0-8D11-00A0C91BC942}") = "rofilt", "drivers\rofilt\_vs80_rofilt.vcproj", "{14A02AD7-50D3-4C06-B299-1E78AC604FAD}"
EndProject
Project("{8BC9CEB8-8B4A-11D0-8D11-00A0C91BC942}") = "tcptdi", "drivers\tcptdi\_vs80_tcptdi.vcproj", "{25618785-8903-485D-99FA-FE35FAC8545A}"
EndProject
Project("{8BC9CEB8-8B4A-11D0-8D11-00A0C91BC942}") = "w2kfatlib", "drivers\w2kfatlib\_vs80_w2kfatlib.vcproj", "{1B4F7ADD-BD4D-455C-B1A3-3C806F3BB13B}"
EndProject
Project("{8BC9CEB8-8B4A-11D0-8D11-00A0C91BC942}") = "w2kntfslib", "drivers\w2kntfslib\_vs80_w2kntfslib.vcproj", "{D964511C-C73B-4EF2-86C1-6FFCB2193E01}"
EndProject
Project("{8BC9CEB8-8B4A-11D0-8D11-00A0C91BC942}") = "wanscsioplib", "drivers\wanscsioplib\_vs80_wanscsioplib.vcproj", "{06AAD67C-C748-46F4-B4C4-E29A8FCF1FB5}"
EndProject
Project("{8BC9CEB8-8B4A-11D0-8D11-00A0C91BC942}") = "wnetfatlib", "drivers\wnetfatlib\_vs80_wnetfatlib.vcproj", "{86B94FAA-1CEC-4141-AEB9-5C8F48CCAC73}"
EndProject
Project("{8BC9CEB8-8B4A-11D0-8D11-00A0C91BC942}") = "wshlpx", "drivers\wshlpx\_vs80_wshlpx.vcproj", "{4DBF16C9-D7C7-4E6C-B129-B14D505ABA0F}"
EndProject
Project("{8BC9CEB8-8B4A-11D0-8D11-00A0C91BC942}") = "wxpfatlib", "drivers\wxpfatlib\_vs80_wxpfatlib.vcproj", "{5E541326-4261-4F7D-8BFA-DD1319D54665}"
EndProject
Project("{8BC9CEB8-8B4A-11D0-8D11-00A0C91BC942}") = "wxpntfslib", "drivers\wxpntfslib\_vs80_wxpntfslib.vcproj", "{F953FC6E-CB05-44CC-95EB-0FAE83902778}"
EndProject
Project("{8BC9CEB8-8B4A-11D0-8D11-00A0C91BC942}") = "lfsfiltctl", "umapps\lfsfiltctl\_vs80_lfsfiltctl.vcproj", "{368478A8-F73B-4518-9475-F0D2121400E7}"
EndProject
Project("{8BC9CEB8-8B4A-11D0-8D11-00A0C91BC942}") = "lsbusctl", "umapps\lsbusctl\_vs80_lsbusctl.vcproj", "{0775EE45-A508-4987-A31F-D9A3133300E0}"
EndProject
Project("{8BC9CEB8-8B4A-11D0-8D11-00A0C91BC942}") = "ndascmd", "umapps\ndascmd\_vs80_ndascmd.vcproj", "{37CCBD02-11AD-4310-9E8A-4D1EFC2A21C8}"
EndProject
Project("{8BC9CEB8-8B4A-11D0-8D11-00A0C91BC942}") = "ndascomm", "umapps\ndascomm\_vs80_ndascomm.vcproj", "{1FEA1228-8887-4A08-9DEF-660928F90813}"
EndProject
Project("{8BC9CEB8-8B4A-11D0-8D11-00A0C91BC942}") = "ndashear", "umapps\ndashear\_vs80_ndashear.vcproj", "{A75333E3-A78F-440C-8141-742740A6A8C1}"
EndProject
Project("{8BC9CEB8-8B4A-11D0-8D11-00A0C91BC942}") = "ndasmsg", "umapps\ndasmsg\_vs80_ndasmsg.vcproj", "{7D90F2C6-26F4-4697-B768-4B0E885C1D5C}"
EndProject
Project("{8BC9CEB8-8B4A-11D0-8D11-00A0C91BC942}") = "ndasop", "umapps\ndasop\_vs80_ndasop.vcproj", "{3DD5BFBF-D51B-47FC-A643-F24CFAD701C4}"
EndProject
Project("{8BC9CEB8-8B4A-11D0-8D11-00A0C91BC942}") = "lpxtrans", "umapps\ndassvc\lpxtrans\_vs80_lpxtrans.vcproj", "{E3F6FBA7-F863-4830-BC35-4C3434327112}"
EndProject
Project("{8BC9CEB8-8B4A-11D0-8D11-00A0C91BC942}") = "ndassvc", "umapps\ndassvc\service\_vs80_ndassvc.vcproj", "{AE025CB5-7E75-40CD-9B7E-AE1130DA3832}"
EndProject
Project("{8BC9CEB8-8B4A-11D0-8D11-00A0C91BC942}") = "ndassvc_support", "umapps\ndassvc\support\_vs80_ndassvc_support.vcproj", "{0C401A79-BA06-43E6-BBD6-83BEDD664052}"
EndProject
Project("{8BC9CEB8-8B4A-11D0-8D11-00A0C91BC942}") = "xdbgflags", "umapps\ndassvc\xdbgflags\_vs80_xdbgflags.vcproj", "{06518A36-8328-44CC-A0C0-76EC478F5564}"
EndProject
Project("{8BC9CEB8-8B4A-11D0-8D11-00A0C91BC942}") = "ndasuser", "umapps\ndasuser\_vs80_ndasuser.vcproj", "{57D3FC4E-F9C1-486E-AD02-B5B59EE9084C}"
EndProject
Project("{8BC9CEB8-8B4A-11D0-8D11-00A0C91BC942}") = "nhixnotify", "umapps\nhixnotify\_vs80_nhixnotify.vcproj", "{EC8BAD1E-FA93-4302-9E43-D2D4F2805694}"
EndProject
Project("{8BC9CEB8-8B4A-11D0-8D11-00A0C91BC942}") = "rofiltcmd", "umapps\rofiltcmd\_vs80_rofiltcmd.vcproj", "{CFE819A3-95EE-49C4-8DE5-3B91193CA169}"
EndProject
Project("{8BC9CEB8-8B4A-11D0-8D11-00A0C91BC942}") = "rofiltctl", "umapps\rofiltctl\_vs80_rofiltctl.vcproj", "{99D70D2C-4945-44AD-9A90-66B296E76852}"
EndProject
Project("{8BC9CEB8-8B4A-11D0-8D11-00A0C91BC942}") = "vendorctl", "umapps\vendorctl\_vs80_vendorctl.vcproj", "{7C3CEAE3-A99E-469E-A793-1D10643FE229}"
EndProject
Project("{8BC9CEB8-8B4A-11D0-8D11-00A0C91BC942}") = "dsig", "setuphlp\dsig\_vs80_dsig.vcproj", "{FB26A50E-693E-4CFC-A585-D70B0B3E3F7C}"
EndProject
Project("{8BC9CEB8-8B4A-11D0-8D11-00A0C91BC942}") = "_inc_ndas_setup", "setuphlp\inc\_vs80__inc_ndas_setup.vcproj", "{7F757832-2DB1-42DF-A977-A92F359AC679}"
EndProject
Project("{8BC9CEB8-8B4A-11D0-8D11-00A0C91BC942}") = "ndasdi", "setuphlp\ndasdi\_vs80_ndasdi.vcproj", "{C9B6CCBB-80BA-49ED-9DFF-ECD6C9EEB2A2}"
EndProject
Project("{8BC9CEB8-8B4A-11D0-8D11-00A0C91BC942}") = "ndasetup", "setuphlp\ndasetup\_vs80_ndasetup.vcproj", "{4D13E995-E31D-4CF7-A273-8A4EF0670161}"
EndProject
Project("{8BC9CEB8-8B4A-11D0-8D11-00A0C91BC942}") = "ndupdate", "setuphlp\ndupdate\_vs80_ndupdate.vcproj", "{579AB25C-E753-4092-A423-DED628F41DF6}"
EndProject
Project("{8BC9CEB8-8B4A-11D0-8D11-00A0C91BC942}") = "splaytree", "common\splaytree\splaytree.vcproj", "{5D148DA8-E8F4-43BF-9BCA-1FB739B00F25}"
EndProject
Project("{8BC9CEB8-8B4A-11D0-8D11-00A0C91BC942}") = "ndasmgmt", "umapps\ndasmgmt\_vs80_ndasmgmt.vcproj", "{876917FD-362F-4C89-8AFA-AAFBA6A405C1}"
EndProject
Project("{8BC9CEB8-8B4A-11D0-8D11-00A0C91BC942}") = "ndasbind", "umapps\ndasbind\_vs80_ndasbind.vcproj", "{F8031F82-8819-423D-BFE8-D5CE12960D8E}"
EndProject
Project("{8BC9CEB8-8B4A-11D0-8D11-00A0C91BC942}") = "ndmsica", "setuphlp\ndasmsi\_vs80_ndmsica.vcproj", "{F1B1DE6A-1D50-4156-BAE0-8FAA592CC27E}"
EndProject
Project("{8BC9CEB8-8B4A-11D0-8D11-00A0C91BC942}") = "ndasbus", "drivers\ndasbus\_vs80_ndasbus.vcproj", "{6163B2FA-45E3-4DC9-910D-94A41D341855}"
EndProject
Project("{8BC9CEB8-8B4A-11D0-8D11-00A0C91BC942}") = "ndasscsi", "drivers\ndasscsi\_vs80_ndasscsi.vcproj", "{4C1E81C6-0256-4708-B45F-A63CC5BAF7C9}"
EndProject
Project("{8BC9CEB8-8B4A-11D0-8D11-00A0C91BC942}") = "ndask", "drivers\ndasklib\_vs80_ndask.vcproj", "{A89ED5ED-A0FE-44E6-A29B-5EEF0EB7B3E4}"
EndProject
Project("{8BC9CEB8-8B4A-11D0-8D11-00A0C91BC942}") = "setup", "setuphlp\setup\_vs80_setup.vcproj", "{F1B1DE6B-1D50-4156-BAE0-8FAA592CC27E}"
EndProject
Project("{8BC9CEB8-8B4A-11D0-8D11-00A0C91BC942}") = "ndasemu", "tools\ndasemu\ndasemu.vcproj", "{94BE417D-1F37-4FB6-BF6D-C09581161A35}"
EndProject
Project("{8BC9CEB8-8B4A-11D0-8D11-00A0C91BC942}") = "ndasvol", "umapps\ndasvol\_vs80_ndasvol.vcproj", "{CFE819A4-95EE-49C4-8DE5-3B91193CA169}"
EndProject
Project("{8BC9CEB8-8B4A-11D0-8D11-00A0C91BC942}") = "ndasfat", "drivers\ndasfat\_vs80_ndasfat.vcproj", "{A0FF0035-4B11-4F1D-AE48-6EC79EE4B8D7}"
EndProject
Project("{8BC9CEB8-8B4A-11D0-8D11-00A0C91BC942}") = "ndasntfs", "drivers\ndasntfs\_vs80_ndasntfs.vcproj", "{10CFDFC0-483D-4E50-B2E9-364F30998AB0}"
EndProject
Project("{8BC9CEB8-8B4A-11D0-8D11-00A0C91BC942}") = "ndasbootlib", "drivers\ndasbootlib\_vs80_ndasbootlib.vcproj", "{B9E68879-C9B2-4179-9B26-AA0CCBBB0ACE}"
EndProject
Project("{8BC9CEB8-8B4A-11D0-8D11-00A0C91BC942}") = "ntkrnllib", "drivers\ntkrnllib\_vs80_ntkrnllib.vcproj", "{AFABDCCE-8DAB-46E1-A3BF-BFB7F0B8C3C1}"
EndProject
Global
	GlobalSection(SolutionConfigurationPlatforms) = preSolution
		Debug|Win32 = Debug|Win32
		Debug|x64 = Debug|x64
		Release|Win32 = Release|Win32
		Release|x64 = Release|x64
	EndGlobalSection
	GlobalSection(ProjectConfigurationPlatforms) = postSolution
		{0BB4ECC0-7DDC-44B8-B624-8A1E15426A62}.Debug|Win32.ActiveCfg = Debug|Win32
		{0BB4ECC0-7DDC-44B8-B624-8A1E15426A62}.Debug|Win32.Build.0 = Debug|Win32
		{0BB4ECC0-7DDC-44B8-B624-8A1E15426A62}.Debug|x64.ActiveCfg = Debug|x64
		{0BB4ECC0-7DDC-44B8-B624-8A1E15426A62}.Debug|x64.Build.0 = Debug|x64
		{0BB4ECC0-7DDC-44B8-B624-8A1E15426A62}.Release|Win32.ActiveCfg = Release|Win32
		{0BB4ECC0-7DDC-44B8-B624-8A1E15426A62}.Release|Win32.Build.0 = Release|Win32
		{0BB4ECC0-7DDC-44B8-B624-8A1E15426A62}.Release|x64.ActiveCfg = Release|x64
		{0BB4ECC0-7DDC-44B8-B624-8A1E15426A62}.Release|x64.Build.0 = Release|x64
		{5052B92F-1150-493D-815F-0A4B3AF06410}.Debug|Win32.ActiveCfg = Debug|Win32
		{5052B92F-1150-493D-815F-0A4B3AF06410}.Debug|Win32.Build.0 = Debug|Win32
		{5052B92F-1150-493D-815F-0A4B3AF06410}.Debug|x64.ActiveCfg = Debug|x64
		{5052B92F-1150-493D-815F-0A4B3AF06410}.Debug|x64.Build.0 = Debug|x64
		{5052B92F-1150-493D-815F-0A4B3AF06410}.Release|Win32.ActiveCfg = Release|Win32
		{5052B92F-1150-493D-815F-0A4B3AF06410}.Release|Win32.Build.0 = Release|Win32
		{5052B92F-1150-493D-815F-0A4B3AF06410}.Release|x64.ActiveCfg = Release|x64
		{5052B92F-1150-493D-815F-0A4B3AF06410}.Release|x64.Build.0 = Release|x64
		{72A13239-1F02-40BF-97AA-DA1DDD3D3383}.Debug|Win32.ActiveCfg = Debug|Win32
		{72A13239-1F02-40BF-97AA-DA1DDD3D3383}.Debug|Win32.Build.0 = Debug|Win32
		{72A13239-1F02-40BF-97AA-DA1DDD3D3383}.Debug|x64.ActiveCfg = Debug|x64
		{72A13239-1F02-40BF-97AA-DA1DDD3D3383}.Debug|x64.Build.0 = Debug|x64
		{72A13239-1F02-40BF-97AA-DA1DDD3D3383}.Release|Win32.ActiveCfg = Release|Win32
		{72A13239-1F02-40BF-97AA-DA1DDD3D3383}.Release|Win32.Build.0 = Release|Win32
		{72A13239-1F02-40BF-97AA-DA1DDD3D3383}.Release|x64.ActiveCfg = Release|x64
		{72A13239-1F02-40BF-97AA-DA1DDD3D3383}.Release|x64.Build.0 = Release|x64
		{5EC1A688-29AA-4363-AE98-E1FC2E1D0CF2}.Debug|Win32.ActiveCfg = Debug|Win32
		{5EC1A688-29AA-4363-AE98-E1FC2E1D0CF2}.Debug|Win32.Build.0 = Debug|Win32
		{5EC1A688-29AA-4363-AE98-E1FC2E1D0CF2}.Debug|x64.ActiveCfg = Debug|x64
		{5EC1A688-29AA-4363-AE98-E1FC2E1D0CF2}.Debug|x64.Build.0 = Debug|x64
		{5EC1A688-29AA-4363-AE98-E1FC2E1D0CF2}.Release|Win32.ActiveCfg = Release|Win32
		{5EC1A688-29AA-4363-AE98-E1FC2E1D0CF2}.Release|Win32.Build.0 = Release|Win32
		{5EC1A688-29AA-4363-AE98-E1FC2E1D0CF2}.Release|x64.ActiveCfg = Release|x64
		{5EC1A688-29AA-4363-AE98-E1FC2E1D0CF2}.Release|x64.Build.0 = Release|x64
		{E1EEAF1B-E21A-40BC-86C1-11989A74A8DB}.Debug|Win32.ActiveCfg = Debug|Win32
		{E1EEAF1B-E21A-40BC-86C1-11989A74A8DB}.Debug|Win32.Build.0 = Debug|Win32
		{E1EEAF1B-E21A-40BC-86C1-11989A74A8DB}.Debug|x64.ActiveCfg = Debug|x64
		{E1EEAF1B-E21A-40BC-86C1-11989A74A8DB}.Debug|x64.Build.0 = Debug|x64
		{E1EEAF1B-E21A-40BC-86C1-11989A74A8DB}.Release|Win32.ActiveCfg = Release|Win32
		{E1EEAF1B-E21A-40BC-86C1-11989A74A8DB}.Release|Win32.Build.0 = Release|Win32
		{E1EEAF1B-E21A-40BC-86C1-11989A74A8DB}.Release|x64.ActiveCfg = Release|x64
		{E1EEAF1B-E21A-40BC-86C1-11989A74A8DB}.Release|x64.Build.0 = Release|x64
		{D04817F6-0673-47FF-872A-E5A6AB661BB4}.Debug|Win32.ActiveCfg = Debug|Win32
		{D04817F6-0673-47FF-872A-E5A6AB661BB4}.Debug|Win32.Build.0 = Debug|Win32
		{D04817F6-0673-47FF-872A-E5A6AB661BB4}.Debug|x64.ActiveCfg = Debug|x64
		{D04817F6-0673-47FF-872A-E5A6AB661BB4}.Debug|x64.Build.0 = Debug|x64
		{D04817F6-0673-47FF-872A-E5A6AB661BB4}.Release|Win32.ActiveCfg = Release|Win32
		{D04817F6-0673-47FF-872A-E5A6AB661BB4}.Release|Win32.Build.0 = Release|Win32
		{D04817F6-0673-47FF-872A-E5A6AB661BB4}.Release|x64.ActiveCfg = Release|x64
		{D04817F6-0673-47FF-872A-E5A6AB661BB4}.Release|x64.Build.0 = Release|x64
		{E908DDF7-8E7D-47E7-AA4B-2F06AE928349}.Debug|Win32.ActiveCfg = Debug|Win32
		{E908DDF7-8E7D-47E7-AA4B-2F06AE928349}.Debug|Win32.Build.0 = Debug|Win32
		{E908DDF7-8E7D-47E7-AA4B-2F06AE928349}.Debug|x64.ActiveCfg = Debug|x64
		{E908DDF7-8E7D-47E7-AA4B-2F06AE928349}.Debug|x64.Build.0 = Debug|x64
		{E908DDF7-8E7D-47E7-AA4B-2F06AE928349}.Release|Win32.ActiveCfg = Release|Win32
		{E908DDF7-8E7D-47E7-AA4B-2F06AE928349}.Release|Win32.Build.0 = Release|Win32
		{E908DDF7-8E7D-47E7-AA4B-2F06AE928349}.Release|x64.ActiveCfg = Release|x64
		{E908DDF7-8E7D-47E7-AA4B-2F06AE928349}.Release|x64.Build.0 = Release|x64
		{EFFED033-3A53-4B9C-A09C-026F13EF426A}.Debug|Win32.ActiveCfg = Debug|Win32
		{EFFED033-3A53-4B9C-A09C-026F13EF426A}.Debug|Win32.Build.0 = Debug|Win32
		{EFFED033-3A53-4B9C-A09C-026F13EF426A}.Debug|x64.ActiveCfg = Debug|x64
		{EFFED033-3A53-4B9C-A09C-026F13EF426A}.Debug|x64.Build.0 = Debug|x64
		{EFFED033-3A53-4B9C-A09C-026F13EF426A}.Release|Win32.ActiveCfg = Release|Win32
		{EFFED033-3A53-4B9C-A09C-026F13EF426A}.Release|Win32.Build.0 = Release|Win32
		{EFFED033-3A53-4B9C-A09C-026F13EF426A}.Release|x64.ActiveCfg = Release|x64
		{EFFED033-3A53-4B9C-A09C-026F13EF426A}.Release|x64.Build.0 = Release|x64
		{F0F6ACD5-3171-4769-8FAE-5182984A963B}.Debug|Win32.ActiveCfg = Debug|Win32
		{F0F6ACD5-3171-4769-8FAE-5182984A963B}.Debug|Win32.Build.0 = Debug|Win32
		{F0F6ACD5-3171-4769-8FAE-5182984A963B}.Debug|x64.ActiveCfg = Debug|x64
		{F0F6ACD5-3171-4769-8FAE-5182984A963B}.Debug|x64.Build.0 = Debug|x64
		{F0F6ACD5-3171-4769-8FAE-5182984A963B}.Release|Win32.ActiveCfg = Release|Win32
		{F0F6ACD5-3171-4769-8FAE-5182984A963B}.Release|Win32.Build.0 = Release|Win32
		{F0F6ACD5-3171-4769-8FAE-5182984A963B}.Release|x64.ActiveCfg = Release|x64
		{F0F6ACD5-3171-4769-8FAE-5182984A963B}.Release|x64.Build.0 = Release|x64
		{7E1B8EBB-057C-407A-B470-E3F4DE80E619}.Debug|Win32.ActiveCfg = Debug|Win32
		{7E1B8EBB-057C-407A-B470-E3F4DE80E619}.Debug|Win32.Build.0 = Debug|Win32
		{7E1B8EBB-057C-407A-B470-E3F4DE80E619}.Debug|x64.ActiveCfg = Debug|x64
		{7E1B8EBB-057C-407A-B470-E3F4DE80E619}.Debug|x64.Build.0 = Debug|x64
		{7E1B8EBB-057C-407A-B470-E3F4DE80E619}.Release|Win32.ActiveCfg = Release|Win32
		{7E1B8EBB-057C-407A-B470-E3F4DE80E619}.Release|Win32.Build.0 = Release|Win32
		{7E1B8EBB-057C-407A-B470-E3F4DE80E619}.Release|x64.ActiveCfg = Release|x64
		{7E1B8EBB-057C-407A-B470-E3F4DE80E619}.Release|x64.Build.0 = Release|x64
		{362E60EC-BB0F-4D53-95C0-584C7DE081F4}.Debug|Win32.ActiveCfg = Debug|Win32
		{362E60EC-BB0F-4D53-95C0-584C7DE081F4}.Debug|Win32.Build.0 = Debug|Win32
		{362E60EC-BB0F-4D53-95C0-584C7DE081F4}.Debug|x64.ActiveCfg = Debug|x64
		{362E60EC-BB0F-4D53-95C0-584C7DE081F4}.Debug|x64.Build.0 = Debug|x64
		{362E60EC-BB0F-4D53-95C0-584C7DE081F4}.Release|Win32.ActiveCfg = Release|Win32
		{362E60EC-BB0F-4D53-95C0-584C7DE081F4}.Release|Win32.Build.0 = Release|Win32
		{362E60EC-BB0F-4D53-95C0-584C7DE081F4}.Release|x64.ActiveCfg = Release|x64
		{362E60EC-BB0F-4D53-95C0-584C7DE081F4}.Release|x64.Build.0 = Release|x64
		{20AFB993-ADEC-4EC3-9DD6-51CCCD6D8EDF}.Debug|Win32.ActiveCfg = Debug|Win32
		{20AFB993-ADEC-4EC3-9DD6-51CCCD6D8EDF}.Debug|Win32.Build.0 = Debug|Win32
		{20AFB993-ADEC-4EC3-9DD6-51CCCD6D8EDF}.Debug|x64.ActiveCfg = Debug|x64
		{20AFB993-ADEC-4EC3-9DD6-51CCCD6D8EDF}.Debug|x64.Build.0 = Debug|x64
		{20AFB993-ADEC-4EC3-9DD6-51CCCD6D8EDF}.Release|Win32.ActiveCfg = Release|Win32
		{20AFB993-ADEC-4EC3-9DD6-51CCCD6D8EDF}.Release|Win32.Build.0 = Release|Win32
		{20AFB993-ADEC-4EC3-9DD6-51CCCD6D8EDF}.Release|x64.ActiveCfg = Release|x64
		{20AFB993-ADEC-4EC3-9DD6-51CCCD6D8EDF}.Release|x64.Build.0 = Release|x64
		{5F6E73F1-8261-4CB9-A6AE-FB01B9725D64}.Debug|Win32.ActiveCfg = Debug|Win32
		{5F6E73F1-8261-4CB9-A6AE-FB01B9725D64}.Debug|Win32.Build.0 = Debug|Win32
		{5F6E73F1-8261-4CB9-A6AE-FB01B9725D64}.Debug|x64.ActiveCfg = Debug|x64
		{5F6E73F1-8261-4CB9-A6AE-FB01B9725D64}.Debug|x64.Build.0 = Debug|x64
		{5F6E73F1-8261-4CB9-A6AE-FB01B9725D64}.Release|Win32.ActiveCfg = Release|Win32
		{5F6E73F1-8261-4CB9-A6AE-FB01B9725D64}.Release|Win32.Build.0 = Release|Win32
		{5F6E73F1-8261-4CB9-A6AE-FB01B9725D64}.Release|x64.ActiveCfg = Release|x64
		{5F6E73F1-8261-4CB9-A6AE-FB01B9725D64}.Release|x64.Build.0 = Release|x64
		{1B83DEAC-135B-4370-A4B0-CC25540CB2E7}.Debug|Win32.ActiveCfg = Debug|Win32
		{1B83DEAC-135B-4370-A4B0-CC25540CB2E7}.Debug|Win32.Build.0 = Debug|Win32
		{1B83DEAC-135B-4370-A4B0-CC25540CB2E7}.Debug|x64.ActiveCfg = Debug|x64
		{1B83DEAC-135B-4370-A4B0-CC25540CB2E7}.Debug|x64.Build.0 = Debug|x64
		{1B83DEAC-135B-4370-A4B0-CC25540CB2E7}.Release|Win32.ActiveCfg = Release|Win32
		{1B83DEAC-135B-4370-A4B0-CC25540CB2E7}.Release|Win32.Build.0 = Release|Win32
		{1B83DEAC-135B-4370-A4B0-CC25540CB2E7}.Release|x64.ActiveCfg = Release|x64
		{1B83DEAC-135B-4370-A4B0-CC25540CB2E7}.Release|x64.Build.0 = Release|x64
		{6EC22831-09ED-4443-B8F0-DA28A93AB9BF}.Debug|Win32.ActiveCfg = Debug|Win32
		{6EC22831-09ED-4443-B8F0-DA28A93AB9BF}.Debug|Win32.Build.0 = Debug|Win32
		{6EC22831-09ED-4443-B8F0-DA28A93AB9BF}.Debug|x64.ActiveCfg = Debug|x64
		{6EC22831-09ED-4443-B8F0-DA28A93AB9BF}.Debug|x64.Build.0 = Debug|x64
		{6EC22831-09ED-4443-B8F0-DA28A93AB9BF}.Release|Win32.ActiveCfg = Release|Win32
		{6EC22831-09ED-4443-B8F0-DA28A93AB9BF}.Release|Win32.Build.0 = Release|Win32
		{6EC22831-09ED-4443-B8F0-DA28A93AB9BF}.Release|x64.ActiveCfg = Release|x64
		{6EC22831-09ED-4443-B8F0-DA28A93AB9BF}.Release|x64.Build.0 = Release|x64
		{A23C814B-C72B-46F8-BD55-260CBB7DC774}.Debug|Win32.ActiveCfg = Debug|Win32
		{A23C814B-C72B-46F8-BD55-260CBB7DC774}.Debug|Win32.Build.0 = Debug|Win32
		{A23C814B-C72B-46F8-BD55-260CBB7DC774}.Debug|x64.ActiveCfg = Debug|x64
		{A23C814B-C72B-46F8-BD55-260CBB7DC774}.Debug|x64.Build.0 = Debug|x64
		{A23C814B-C72B-46F8-BD55-260CBB7DC774}.Release|Win32.ActiveCfg = Release|Win32
		{A23C814B-C72B-46F8-BD55-260CBB7DC774}.Release|Win32.Build.0 = Release|Win32
		{A23C814B-C72B-46F8-BD55-260CBB7DC774}.Release|x64.ActiveCfg = Release|x64
		{A23C814B-C72B-46F8-BD55-260CBB7DC774}.Release|x64.Build.0 = Release|x64
		{B31105F6-5CB9-45BD-B93B-26B8A009E239}.Debug|Win32.ActiveCfg = Debug|Win32
		{B31105F6-5CB9-45BD-B93B-26B8A009E239}.Debug|Win32.Build.0 = Debug|Win32
		{B31105F6-5CB9-45BD-B93B-26B8A009E239}.Debug|x64.ActiveCfg = Debug|x64
		{B31105F6-5CB9-45BD-B93B-26B8A009E239}.Debug|x64.Build.0 = Debug|x64
		{B31105F6-5CB9-45BD-B93B-26B8A009E239}.Release|Win32.ActiveCfg = Release|Win32
		{B31105F6-5CB9-45BD-B93B-26B8A009E239}.Release|Win32.Build.0 = Release|Win32
		{B31105F6-5CB9-45BD-B93B-26B8A009E239}.Release|x64.ActiveCfg = Release|x64
		{B31105F6-5CB9-45BD-B93B-26B8A009E239}.Release|x64.Build.0 = Release|x64
		{878CAB34-D312-442D-A15C-6E2B371C4DD1}.Debug|Win32.ActiveCfg = Debug|Win32
		{878CAB34-D312-442D-A15C-6E2B371C4DD1}.Debug|Win32.Build.0 = Debug|Win32
		{878CAB34-D312-442D-A15C-6E2B371C4DD1}.Debug|x64.ActiveCfg = Debug|x64
		{878CAB34-D312-442D-A15C-6E2B371C4DD1}.Debug|x64.Build.0 = Debug|x64
		{878CAB34-D312-442D-A15C-6E2B371C4DD1}.Release|Win32.ActiveCfg = Release|Win32
		{878CAB34-D312-442D-A15C-6E2B371C4DD1}.Release|Win32.Build.0 = Release|Win32
		{878CAB34-D312-442D-A15C-6E2B371C4DD1}.Release|x64.ActiveCfg = Release|x64
		{878CAB34-D312-442D-A15C-6E2B371C4DD1}.Release|x64.Build.0 = Release|x64
		{E6DE1424-92F7-4F22-84CD-2D73750035AA}.Debug|Win32.ActiveCfg = Debug|Win32
		{E6DE1424-92F7-4F22-84CD-2D73750035AA}.Debug|Win32.Build.0 = Debug|Win32
		{E6DE1424-92F7-4F22-84CD-2D73750035AA}.Debug|x64.ActiveCfg = Debug|x64
		{E6DE1424-92F7-4F22-84CD-2D73750035AA}.Debug|x64.Build.0 = Debug|x64
		{E6DE1424-92F7-4F22-84CD-2D73750035AA}.Release|Win32.ActiveCfg = Release|Win32
		{E6DE1424-92F7-4F22-84CD-2D73750035AA}.Release|Win32.Build.0 = Release|Win32
		{E6DE1424-92F7-4F22-84CD-2D73750035AA}.Release|x64.ActiveCfg = Release|x64
		{E6DE1424-92F7-4F22-84CD-2D73750035AA}.Release|x64.Build.0 = Release|x64
		{A3AD3346-B8BE-4CAE-9136-D1B490FEB238}.Debug|Win32.ActiveCfg = Debug|Win32
		{A3AD3346-B8BE-4CAE-9136-D1B490FEB238}.Debug|Win32.Build.0 = Debug|Win32
		{A3AD3346-B8BE-4CAE-9136-D1B490FEB238}.Debug|x64.ActiveCfg = Debug|x64
		{A3AD3346-B8BE-4CAE-9136-D1B490FEB238}.Debug|x64.Build.0 = Debug|x64
		{A3AD3346-B8BE-4CAE-9136-D1B490FEB238}.Release|Win32.ActiveCfg = Release|Win32
		{A3AD3346-B8BE-4CAE-9136-D1B490FEB238}.Release|Win32.Build.0 = Release|Win32
		{A3AD3346-B8BE-4CAE-9136-D1B490FEB238}.Release|x64.ActiveCfg = Release|x64
		{A3AD3346-B8BE-4CAE-9136-D1B490FEB238}.Release|x64.Build.0 = Release|x64
		{998B9911-1BC2-4EB5-A775-FDCC3EB71E05}.Debug|Win32.ActiveCfg = Debug|Win32
		{998B9911-1BC2-4EB5-A775-FDCC3EB71E05}.Debug|Win32.Build.0 = Debug|Win32
		{998B9911-1BC2-4EB5-A775-FDCC3EB71E05}.Debug|x64.ActiveCfg = Debug|x64
		{998B9911-1BC2-4EB5-A775-FDCC3EB71E05}.Debug|x64.Build.0 = Debug|x64
		{998B9911-1BC2-4EB5-A775-FDCC3EB71E05}.Release|Win32.ActiveCfg = Release|Win32
		{998B9911-1BC2-4EB5-A775-FDCC3EB71E05}.Release|Win32.Build.0 = Release|Win32
		{998B9911-1BC2-4EB5-A775-FDCC3EB71E05}.Release|x64.ActiveCfg = Release|x64
		{998B9911-1BC2-4EB5-A775-FDCC3EB71E05}.Release|x64.Build.0 = Release|x64
		{E145BD01-59DE-4598-B1B4-77ECECBF14CE}.Debug|Win32.ActiveCfg = Debug|Win32
		{E145BD01-59DE-4598-B1B4-77ECECBF14CE}.Debug|Win32.Build.0 = Debug|Win32
		{E145BD01-59DE-4598-B1B4-77ECECBF14CE}.Debug|x64.ActiveCfg = Debug|x64
		{E145BD01-59DE-4598-B1B4-77ECECBF14CE}.Debug|x64.Build.0 = Debug|x64
		{E145BD01-59DE-4598-B1B4-77ECECBF14CE}.Release|Win32.ActiveCfg = Release|Win32
		{E145BD01-59DE-4598-B1B4-77ECECBF14CE}.Release|Win32.Build.0 = Release|Win32
		{E145BD01-59DE-4598-B1B4-77ECECBF14CE}.Release|x64.ActiveCfg = Release|x64
		{E145BD01-59DE-4598-B1B4-77ECECBF14CE}.Release|x64.Build.0 = Release|x64
		{B3B9CB7E-E5B9-4603-AEAA-A9D1232E69F1}.Debug|Win32.ActiveCfg = Debug|Win32
		{B3B9CB7E-E5B9-4603-AEAA-A9D1232E69F1}.Debug|Win32.Build.0 = Debug|Win32
		{B3B9CB7E-E5B9-4603-AEAA-A9D1232E69F1}.Debug|x64.ActiveCfg = Debug|x64
		{B3B9CB7E-E5B9-4603-AEAA-A9D1232E69F1}.Debug|x64.Build.0 = Debug|x64
		{B3B9CB7E-E5B9-4603-AEAA-A9D1232E69F1}.Release|Win32.ActiveCfg = Release|Win32
		{B3B9CB7E-E5B9-4603-AEAA-A9D1232E69F1}.Release|Win32.Build.0 = Release|Win32
		{B3B9CB7E-E5B9-4603-AEAA-A9D1232E69F1}.Release|x64.ActiveCfg = Release|x64
		{B3B9CB7E-E5B9-4603-AEAA-A9D1232E69F1}.Release|x64.Build.0 = Release|x64
		{14A02AD7-50D3-4C06-B299-1E78AC604FAD}.Debug|Win32.ActiveCfg = Debug|Win32
		{14A02AD7-50D3-4C06-B299-1E78AC604FAD}.Debug|Win32.Build.0 = Debug|Win32
		{14A02AD7-50D3-4C06-B299-1E78AC604FAD}.Debug|x64.ActiveCfg = Debug|x64
		{14A02AD7-50D3-4C06-B299-1E78AC604FAD}.Debug|x64.Build.0 = Debug|x64
		{14A02AD7-50D3-4C06-B299-1E78AC604FAD}.Release|Win32.ActiveCfg = Release|Win32
		{14A02AD7-50D3-4C06-B299-1E78AC604FAD}.Release|Win32.Build.0 = Release|Win32
		{14A02AD7-50D3-4C06-B299-1E78AC604FAD}.Release|x64.ActiveCfg = Release|x64
		{14A02AD7-50D3-4C06-B299-1E78AC604FAD}.Release|x64.Build.0 = Release|x64
		{25618785-8903-485D-99FA-FE35FAC8545A}.Debug|Win32.ActiveCfg = Debug|Win32
		{25618785-8903-485D-99FA-FE35FAC8545A}.Debug|Win32.Build.0 = Debug|Win32
		{25618785-8903-485D-99FA-FE35FAC8545A}.Debug|x64.ActiveCfg = Debug|x64
		{25618785-8903-485D-99FA-FE35FAC8545A}.Debug|x64.Build.0 = Debug|x64
		{25618785-8903-485D-99FA-FE35FAC8545A}.Release|Win32.ActiveCfg = Release|Win32
		{25618785-8903-485D-99FA-FE35FAC8545A}.Release|Win32.Build.0 = Release|Win32
		{25618785-8903-485D-99FA-FE35FAC8545A}.Release|x64.ActiveCfg = Release|x64
		{25618785-8903-485D-99FA-FE35FAC8545A}.Release|x64.Build.0 = Release|x64
		{1B4F7ADD-BD4D-455C-B1A3-3C806F3BB13B}.Debug|Win32.ActiveCfg = Debug|Win32
		{1B4F7ADD-BD4D-455C-B1A3-3C806F3BB13B}.Debug|Win32.Build.0 = Debug|Win32
		{1B4F7ADD-BD4D-455C-B1A3-3C806F3BB13B}.Debug|x64.ActiveCfg = Debug|x64
		{1B4F7ADD-BD4D-455C-B1A3-3C806F3BB13B}.Debug|x64.Build.0 = Debug|x64
		{1B4F7ADD-BD4D-455C-B1A3-3C806F3BB13B}.Release|Win32.ActiveCfg = Release|Win32
		{1B4F7ADD-BD4D-455C-B1A3-3C806F3BB13B}.Release|Win32.Build.0 = Release|Win32
		{1B4F7ADD-BD4D-455C-B1A3-3C806F3BB13B}.Release|x64.ActiveCfg = Release|x64
		{1B4F7ADD-BD4D-455C-B1A3-3C806F3BB13B}.Release|x64.Build.0 = Release|x64
		{D964511C-C73B-4EF2-86C1-6FFCB2193E01}.Debug|Win32.ActiveCfg = Debug|Win32
		{D964511C-C73B-4EF2-86C1-6FFCB2193E01}.Debug|Win32.Build.0 = Debug|Win32
		{D964511C-C73B-4EF2-86C1-6FFCB2193E01}.Debug|x64.ActiveCfg = Debug|x64
		{D964511C-C73B-4EF2-86C1-6FFCB2193E01}.Debug|x64.Build.0 = Debug|x64
		{D964511C-C73B-4EF2-86C1-6FFCB2193E01}.Release|Win32.ActiveCfg = Release|Win32
		{D964511C-C73B-4EF2-86C1-6FFCB2193E01}.Release|Win32.Build.0 = Release|Win32
		{D964511C-C73B-4EF2-86C1-6FFCB2193E01}.Release|x64.ActiveCfg = Release|x64
		{D964511C-C73B-4EF2-86C1-6FFCB2193E01}.Release|x64.Build.0 = Release|x64
		{06AAD67C-C748-46F4-B4C4-E29A8FCF1FB5}.Debug|Win32.ActiveCfg = Debug|Win32
		{06AAD67C-C748-46F4-B4C4-E29A8FCF1FB5}.Debug|Win32.Build.0 = Debug|Win32
		{06AAD67C-C748-46F4-B4C4-E29A8FCF1FB5}.Debug|x64.ActiveCfg = Debug|x64
		{06AAD67C-C748-46F4-B4C4-E29A8FCF1FB5}.Debug|x64.Build.0 = Debug|x64
		{06AAD67C-C748-46F4-B4C4-E29A8FCF1FB5}.Release|Win32.ActiveCfg = Release|Win32
		{06AAD67C-C748-46F4-B4C4-E29A8FCF1FB5}.Release|Win32.Build.0 = Release|Win32
		{06AAD67C-C748-46F4-B4C4-E29A8FCF1FB5}.Release|x64.ActiveCfg = Release|x64
		{06AAD67C-C748-46F4-B4C4-E29A8FCF1FB5}.Release|x64.Build.0 = Release|x64
		{86B94FAA-1CEC-4141-AEB9-5C8F48CCAC73}.Debug|Win32.ActiveCfg = Debug|Win32
		{86B94FAA-1CEC-4141-AEB9-5C8F48CCAC73}.Debug|Win32.Build.0 = Debug|Win32
		{86B94FAA-1CEC-4141-AEB9-5C8F48CCAC73}.Debug|x64.ActiveCfg = Debug|x64
		{86B94FAA-1CEC-4141-AEB9-5C8F48CCAC73}.Debug|x64.Build.0 = Debug|x64
		{86B94FAA-1CEC-4141-AEB9-5C8F48CCAC73}.Release|Win32.ActiveCfg = Release|Win32
		{86B94FAA-1CEC-4141-AEB9-5C8F48CCAC73}.Release|Win32.Build.0 = Release|Win32
		{86B94FAA-1CEC-4141-AEB9-5C8F48CCAC73}.Release|x64.ActiveCfg = Release|x64
		{86B94FAA-1CEC-4141-AEB9-5C8F48CCAC73}.Release|x64.Build.0 = Release|x64
		{4DBF16C9-D7C7-4E6C-B129-B14D505ABA0F}.Debug|Win32.ActiveCfg = Debug|Win32
		{4DBF16C9-D7C7-4E6C-B129-B14D505ABA0F}.Debug|Win32.Build.0 = Debug|Win32
		{4DBF16C9-D7C7-4E6C-B129-B14D505ABA0F}.Debug|x64.ActiveCfg = Debug|x64
		{4DBF16C9-D7C7-4E6C-B129-B14D505ABA0F}.Debug|x64.Build.0 = Debug|x64
		{4DBF16C9-D7C7-4E6C-B129-B14D505ABA0F}.Release|Win32.ActiveCfg = Release|Win32
		{4DBF16C9-D7C7-4E6C-B129-B14D505ABA0F}.Release|Win32.Build.0 = Release|Win32
		{4DBF16C9-D7C7-4E6C-B129-B14D505ABA0F}.Release|x64.ActiveCfg = Release|x64
		{4DBF16C9-D7C7-4E6C-B129-B14D505ABA0F}.Release|x64.Build.0 = Release|x64
		{5E541326-4261-4F7D-8BFA-DD1319D54665}.Debug|Win32.ActiveCfg = Debug|Win32
		{5E541326-4261-4F7D-8BFA-DD1319D54665}.Debug|Win32.Build.0 = Debug|Win32
		{5E541326-4261-4F7D-8BFA-DD1319D54665}.Debug|x64.ActiveCfg = Debug|x64
		{5E541326-4261-4F7D-8BFA-DD1319D54665}.Debug|x64.Build.0 = Debug|x64
		{5E541326-4261-4F7D-8BFA-DD1319D54665}.Release|Win32.ActiveCfg = Release|Win32
		{5E541326-4261-4F7D-8BFA-DD1319D54665}.Release|Win32.Build.0 = Release|Win32
		{5E541326-4261-4F7D-8BFA-DD1319D54665}.Release|x64.ActiveCfg = Release|x64
		{5E541326-4261-4F7D-8BFA-DD1319D54665}.Release|x64.Build.0 = Release|x64
		{F953FC6E-CB05-44CC-95EB-0FAE83902778}.Debug|Win32.ActiveCfg = Debug|Win32
		{F953FC6E-CB05-44CC-95EB-0FAE83902778}.Debug|Win32.Build.0 = Debug|Win32
		{F953FC6E-CB05-44CC-95EB-0FAE83902778}.Debug|x64.ActiveCfg = Debug|x64
		{F953FC6E-CB05-44CC-95EB-0FAE83902778}.Debug|x64.Build.0 = Debug|x64
		{F953FC6E-CB05-44CC-95EB-0FAE83902778}.Release|Win32.ActiveCfg = Release|Win32
		{F953FC6E-CB05-44CC-95EB-0FAE83902778}.Release|Win32.Build.0 = Release|Win32
		{F953FC6E-CB05-44CC-95EB-0FAE83902778}.Release|x64.ActiveCfg = Release|x64
		{F953FC6E-CB05-44CC-95EB-0FAE83902778}.Release|x64.Build.0 = Release|x64
		{368478A8-F73B-4518-9475-F0D2121400E7}.Debug|Win32.ActiveCfg = Debug|Win32
		{368478A8-F73B-4518-9475-F0D2121400E7}.Debug|Win32.Build.0 = Debug|Win32
		{368478A8-F73B-4518-9475-F0D2121400E7}.Debug|x64.ActiveCfg = Debug|x64
		{368478A8-F73B-4518-9475-F0D2121400E7}.Debug|x64.Build.0 = Debug|x64
		{368478A8-F73B-4518-9475-F0D2121400E7}.Release|Win32.ActiveCfg = Release|Win32
		{368478A8-F73B-4518-9475-F0D2121400E7}.Release|Win32.Build.0 = Release|Win32
		{368478A8-F73B-4518-9475-F0D2121400E7}.Release|x64.ActiveCfg = Release|x64
		{368478A8-F73B-4518-9475-F0D2121400E7}.Release|x64.Build.0 = Release|x64
		{0775EE45-A508-4987-A31F-D9A3133300E0}.Debug|Win32.ActiveCfg = Debug|Win32
		{0775EE45-A508-4987-A31F-D9A3133300E0}.Debug|Win32.Build.0 = Debug|Win32
		{0775EE45-A508-4987-A31F-D9A3133300E0}.Debug|x64.ActiveCfg = Debug|x64
		{0775EE45-A508-4987-A31F-D9A3133300E0}.Debug|x64.Build.0 = Debug|x64
		{0775EE45-A508-4987-A31F-D9A3133300E0}.Release|Win32.ActiveCfg = Release|Win32
		{0775EE45-A508-4987-A31F-D9A3133300E0}.Release|Win32.Build.0 = Release|Win32
		{0775EE45-A508-4987-A31F-D9A3133300E0}.Release|x64.ActiveCfg = Release|x64
		{0775EE45-A508-4987-A31F-D9A3133300E0}.Release|x64.Build.0 = Release|x64
		{37CCBD02-11AD-4310-9E8A-4D1EFC2A21C8}.Debug|Win32.ActiveCfg = Debug|Win32
		{37CCBD02-11AD-4310-9E8A-4D1EFC2A21C8}.Debug|Win32.Build.0 = Debug|Win32
		{37CCBD02-11AD-4310-9E8A-4D1EFC2A21C8}.Debug|x64.ActiveCfg = Debug|x64
		{37CCBD02-11AD-4310-9E8A-4D1EFC2A21C8}.Debug|x64.Build.0 = Debug|x64
		{37CCBD02-11AD-4310-9E8A-4D1EFC2A21C8}.Release|Win32.ActiveCfg = Release|Win32
		{37CCBD02-11AD-4310-9E8A-4D1EFC2A21C8}.Release|Win32.Build.0 = Release|Win32
		{37CCBD02-11AD-4310-9E8A-4D1EFC2A21C8}.Release|x64.ActiveCfg = Release|x64
		{37CCBD02-11AD-4310-9E8A-4D1EFC2A21C8}.Release|x64.Build.0 = Release|x64
		{1FEA1228-8887-4A08-9DEF-660928F90813}.Debug|Win32.ActiveCfg = Debug|Win32
		{1FEA1228-8887-4A08-9DEF-660928F90813}.Debug|Win32.Build.0 = Debug|Win32
		{1FEA1228-8887-4A08-9DEF-660928F90813}.Debug|x64.ActiveCfg = Debug|x64
		{1FEA1228-8887-4A08-9DEF-660928F90813}.Debug|x64.Build.0 = Debug|x64
		{1FEA1228-8887-4A08-9DEF-660928F90813}.Release|Win32.ActiveCfg = Release|Win32
		{1FEA1228-8887-4A08-9DEF-660928F90813}.Release|Win32.Build.0 = Release|Win32
		{1FEA1228-8887-4A08-9DEF-660928F90813}.Release|x64.ActiveCfg = Release|x64
		{1FEA1228-8887-4A08-9DEF-660928F90813}.Release|x64.Build.0 = Release|x64
		{A75333E3-A78F-440C-8141-742740A6A8C1}.Debug|Win32.ActiveCfg = Debug|Win32
		{A75333E3-A78F-440C-8141-742740A6A8C1}.Debug|Win32.Build.0 = Debug|Win32
		{A75333E3-A78F-440C-8141-742740A6A8C1}.Debug|x64.ActiveCfg = Debug|x64
		{A75333E3-A78F-440C-8141-742740A6A8C1}.Debug|x64.Build.0 = Debug|x64
		{A75333E3-A78F-440C-8141-742740A6A8C1}.Release|Win32.ActiveCfg = Release|Win32
		{A75333E3-A78F-440C-8141-742740A6A8C1}.Release|Win32.Build.0 = Release|Win32
		{A75333E3-A78F-440C-8141-742740A6A8C1}.Release|x64.ActiveCfg = Release|x64
		{A75333E3-A78F-440C-8141-742740A6A8C1}.Release|x64.Build.0 = Release|x64
		{7D90F2C6-26F4-4697-B768-4B0E885C1D5C}.Debug|Win32.ActiveCfg = Debug|Win32
		{7D90F2C6-26F4-4697-B768-4B0E885C1D5C}.Debug|Win32.Build.0 = Debug|Win32
		{7D90F2C6-26F4-4697-B768-4B0E885C1D5C}.Debug|x64.ActiveCfg = Debug|x64
		{7D90F2C6-26F4-4697-B768-4B0E885C1D5C}.Debug|x64.Build.0 = Debug|x64
		{7D90F2C6-26F4-4697-B768-4B0E885C1D5C}.Release|Win32.ActiveCfg = Release|Win32
		{7D90F2C6-26F4-4697-B768-4B0E885C1D5C}.Release|Win32.Build.0 = Release|Win32
		{7D90F2C6-26F4-4697-B768-4B0E885C1D5C}.Release|x64.ActiveCfg = Release|x64
		{7D90F2C6-26F4-4697-B768-4B0E885C1D5C}.Release|x64.Build.0 = Release|x64
		{3DD5BFBF-D51B-47FC-A643-F24CFAD701C4}.Debug|Win32.ActiveCfg = Debug|Win32
		{3DD5BFBF-D51B-47FC-A643-F24CFAD701C4}.Debug|Win32.Build.0 = Debug|Win32
		{3DD5BFBF-D51B-47FC-A643-F24CFAD701C4}.Debug|x64.ActiveCfg = Debug|x64
		{3DD5BFBF-D51B-47FC-A643-F24CFAD701C4}.Debug|x64.Build.0 = Debug|x64
		{3DD5BFBF-D51B-47FC-A643-F24CFAD701C4}.Release|Win32.ActiveCfg = Release|Win32
		{3DD5BFBF-D51B-47FC-A643-F24CFAD701C4}.Release|Win32.Build.0 = Release|Win32
		{3DD5BFBF-D51B-47FC-A643-F24CFAD701C4}.Release|x64.ActiveCfg = Release|x64
		{3DD5BFBF-D51B-47FC-A643-F24CFAD701C4}.Release|x64.Build.0 = Release|x64
		{E3F6FBA7-F863-4830-BC35-4C3434327112}.Debug|Win32.ActiveCfg = Debug|Win32
		{E3F6FBA7-F863-4830-BC35-4C3434327112}.Debug|Win32.Build.0 = Debug|Win32
		{E3F6FBA7-F863-4830-BC35-4C3434327112}.Debug|x64.ActiveCfg = Debug|x64
		{E3F6FBA7-F863-4830-BC35-4C3434327112}.Debug|x64.Build.0 = Debug|x64
		{E3F6FBA7-F863-4830-BC35-4C3434327112}.Release|Win32.ActiveCfg = Release|Win32
		{E3F6FBA7-F863-4830-BC35-4C3434327112}.Release|Win32.Build.0 = Release|Win32
		{E3F6FBA7-F863-4830-BC35-4C3434327112}.Release|x64.ActiveCfg = Release|x64
		{E3F6FBA7-F863-4830-BC35-4C3434327112}.Release|x64.Build.0 = Release|x64
		{AE025CB5-7E75-40CD-9B7E-AE1130DA3832}.Debug|Win32.ActiveCfg = Debug|Win32
		{AE025CB5-7E75-40CD-9B7E-AE1130DA3832}.Debug|Win32.Build.0 = Debug|Win32
		{AE025CB5-7E75-40CD-9B7E-AE1130DA3832}.Debug|x64.ActiveCfg = Debug|x64
		{AE025CB5-7E75-40CD-9B7E-AE1130DA3832}.Debug|x64.Build.0 = Debug|x64
		{AE025CB5-7E75-40CD-9B7E-AE1130DA3832}.Release|Win32.ActiveCfg = Release|Win32
		{AE025CB5-7E75-40CD-9B7E-AE1130DA3832}.Release|Win32.Build.0 = Release|Win32
		{AE025CB5-7E75-40CD-9B7E-AE1130DA3832}.Release|x64.ActiveCfg = Release|x64
		{AE025CB5-7E75-40CD-9B7E-AE1130DA3832}.Release|x64.Build.0 = Release|x64
		{0C401A79-BA06-43E6-BBD6-83BEDD664052}.Debug|Win32.ActiveCfg = Debug|Win32
		{0C401A79-BA06-43E6-BBD6-83BEDD664052}.Debug|Win32.Build.0 = Debug|Win32
		{0C401A79-BA06-43E6-BBD6-83BEDD664052}.Debug|x64.ActiveCfg = Debug|x64
		{0C401A79-BA06-43E6-BBD6-83BEDD664052}.Debug|x64.Build.0 = Debug|x64
		{0C401A79-BA06-43E6-BBD6-83BEDD664052}.Release|Win32.ActiveCfg = Release|Win32
		{0C401A79-BA06-43E6-BBD6-83BEDD664052}.Release|Win32.Build.0 = Release|Win32
		{0C401A79-BA06-43E6-BBD6-83BEDD664052}.Release|x64.ActiveCfg = Release|x64
		{0C401A79-BA06-43E6-BBD6-83BEDD664052}.Release|x64.Build.0 = Release|x64
		{06518A36-8328-44CC-A0C0-76EC478F5564}.Debug|Win32.ActiveCfg = Debug|Win32
		{06518A36-8328-44CC-A0C0-76EC478F5564}.Debug|Win32.Build.0 = Debug|Win32
		{06518A36-8328-44CC-A0C0-76EC478F5564}.Debug|x64.ActiveCfg = Debug|x64
		{06518A36-8328-44CC-A0C0-76EC478F5564}.Debug|x64.Build.0 = Debug|x64
		{06518A36-8328-44CC-A0C0-76EC478F5564}.Release|Win32.ActiveCfg = Release|Win32
		{06518A36-8328-44CC-A0C0-76EC478F5564}.Release|Win32.Build.0 = Release|Win32
		{06518A36-8328-44CC-A0C0-76EC478F5564}.Release|x64.ActiveCfg = Release|x64
		{06518A36-8328-44CC-A0C0-76EC478F5564}.Release|x64.Build.0 = Release|x64
		{57D3FC4E-F9C1-486E-AD02-B5B59EE9084C}.Debug|Win32.ActiveCfg = Debug|Win32
		{57D3FC4E-F9C1-486E-AD02-B5B59EE9084C}.Debug|Win32.Build.0 = Debug|Win32
		{57D3FC4E-F9C1-486E-AD02-B5B59EE9084C}.Debug|x64.ActiveCfg = Debug|x64
		{57D3FC4E-F9C1-486E-AD02-B5B59EE9084C}.Debug|x64.Build.0 = Debug|x64
		{57D3FC4E-F9C1-486E-AD02-B5B59EE9084C}.Release|Win32.ActiveCfg = Release|Win32
		{57D3FC4E-F9C1-486E-AD02-B5B59EE9084C}.Release|Win32.Build.0 = Release|Win32
		{57D3FC4E-F9C1-486E-AD02-B5B59EE9084C}.Release|x64.ActiveCfg = Release|x64
		{57D3FC4E-F9C1-486E-AD02-B5B59EE9084C}.Release|x64.Build.0 = Release|x64
		{EC8BAD1E-FA93-4302-9E43-D2D4F2805694}.Debug|Win32.ActiveCfg = Debug|Win32
		{EC8BAD1E-FA93-4302-9E43-D2D4F2805694}.Debug|Win32.Build.0 = Debug|Win32
		{EC8BAD1E-FA93-4302-9E43-D2D4F2805694}.Debug|x64.ActiveCfg = Debug|x64
		{EC8BAD1E-FA93-4302-9E43-D2D4F2805694}.Debug|x64.Build.0 = Debug|x64
		{EC8BAD1E-FA93-4302-9E43-D2D4F2805694}.Release|Win32.ActiveCfg = Release|Win32
		{EC8BAD1E-FA93-4302-9E43-D2D4F2805694}.Release|Win32.Build.0 = Release|Win32
		{EC8BAD1E-FA93-4302-9E43-D2D4F2805694}.Release|x64.ActiveCfg = Release|x64
		{EC8BAD1E-FA93-4302-9E43-D2D4F2805694}.Release|x64.Build.0 = Release|x64
		{CFE819A3-95EE-49C4-8DE5-3B91193CA169}.Debug|Win32.ActiveCfg = Debug|Win32
		{CFE819A3-95EE-49C4-8DE5-3B91193CA169}.Debug|Win32.Build.0 = Debug|Win32
		{CFE819A3-95EE-49C4-8DE5-3B91193CA169}.Debug|x64.ActiveCfg = Debug|x64
		{CFE819A3-95EE-49C4-8DE5-3B91193CA169}.Debug|x64.Build.0 = Debug|x64
		{CFE819A3-95EE-49C4-8DE5-3B91193CA169}.Release|Win32.ActiveCfg = Release|Win32
		{CFE819A3-95EE-49C4-8DE5-3B91193CA169}.Release|Win32.Build.0 = Release|Win32
		{CFE819A3-95EE-49C4-8DE5-3B91193CA169}.Release|x64.ActiveCfg = Release|x64
		{CFE819A3-95EE-49C4-8DE5-3B91193CA169}.Release|x64.Build.0 = Release|x64
		{99D70D2C-4945-44AD-9A90-66B296E76852}.Debug|Win32.ActiveCfg = Debug|Win32
		{99D70D2C-4945-44AD-9A90-66B296E76852}.Debug|Win32.Build.0 = Debug|Win32
		{99D70D2C-4945-44AD-9A90-66B296E76852}.Debug|x64.ActiveCfg = Debug|x64
		{99D70D2C-4945-44AD-9A90-66B296E76852}.Debug|x64.Build.0 = Debug|x64
		{99D70D2C-4945-44AD-9A90-66B296E76852}.Release|Win32.ActiveCfg = Release|Win32
		{99D70D2C-4945-44AD-9A90-66B296E76852}.Release|Win32.Build.0 = Release|Win32
		{99D70D2C-4945-44AD-9A90-66B296E76852}.Release|x64.ActiveCfg = Release|x64
		{99D70D2C-4945-44AD-9A90-66B296E76852}.Release|x64.Build.0 = Release|x64
		{7C3CEAE3-A99E-469E-A793-1D10643FE229}.Debug|Win32.ActiveCfg = Debug|Win32
		{7C3CEAE3-A99E-469E-A793-1D10643FE229}.Debug|Win32.Build.0 = Debug|Win32
		{7C3CEAE3-A99E-469E-A793-1D10643FE229}.Debug|x64.ActiveCfg = Debug|x64
		{7C3CEAE3-A99E-469E-A793-1D10643FE229}.Debug|x64.Build.0 = Debug|x64
		{7C3CEAE3-A99E-469E-A793-1D10643FE229}.Release|Win32.ActiveCfg = Release|Win32
		{7C3CEAE3-A99E-469E-A793-1D10643FE229}.Release|Win32.Build.0 = Release|Win32
		{7C3CEAE3-A99E-469E-A793-1D10643FE229}.Release|x64.ActiveCfg = Release|x64
		{7C3CEAE3-A99E-469E-A793-1D10643FE229}.Release|x64.Build.0 = Release|x64
		{FB26A50E-693E-4CFC-A585-D70B0B3E3F7C}.Debug|Win32.ActiveCfg = Debug|Win32
		{FB26A50E-693E-4CFC-A585-D70B0B3E3F7C}.Debug|Win32.Build.0 = Debug|Win32
		{FB26A50E-693E-4CFC-A585-D70B0B3E3F7C}.Debug|x64.ActiveCfg = Debug|x64
		{FB26A50E-693E-4CFC-A585-D70B0B3E3F7C}.Debug|x64.Build.0 = Debug|x64
		{FB26A50E-693E-4CFC-A585-D70B0B3E3F7C}.Release|Win32.ActiveCfg = Release|Win32
		{FB26A50E-693E-4CFC-A585-D70B0B3E3F7C}.Release|Win32.Build.0 = Release|Win32
		{FB26A50E-693E-4CFC-A585-D70B0B3E3F7C}.Release|x64.ActiveCfg = Release|x64
		{FB26A50E-693E-4CFC-A585-D70B0B3E3F7C}.Release|x64.Build.0 = Release|x64
		{7F757832-2DB1-42DF-A977-A92F359AC679}.Debug|Win32.ActiveCfg = Debug|Win32
		{7F757832-2DB1-42DF-A977-A92F359AC679}.Debug|Win32.Build.0 = Debug|Win32
		{7F757832-2DB1-42DF-A977-A92F359AC679}.Debug|x64.ActiveCfg = Debug|x64
		{7F757832-2DB1-42DF-A977-A92F359AC679}.Debug|x64.Build.0 = Debug|x64
		{7F757832-2DB1-42DF-A977-A92F359AC679}.Release|Win32.ActiveCfg = Release|Win32
		{7F757832-2DB1-42DF-A977-A92F359AC679}.Release|Win32.Build.0 = Release|Win32
		{7F757832-2DB1-42DF-A977-A92F359AC679}.Release|x64.ActiveCfg = Release|x64
		{7F757832-2DB1-42DF-A977-A92F359AC679}.Release|x64.Build.0 = Release|x64
		{C9B6CCBB-80BA-49ED-9DFF-ECD6C9EEB2A2}.Debug|Win32.ActiveCfg = Debug|Win32
		{C9B6CCBB-80BA-49ED-9DFF-ECD6C9EEB2A2}.Debug|Win32.Build.0 = Debug|Win32
		{C9B6CCBB-80BA-49ED-9DFF-ECD6C9EEB2A2}.Debug|x64.ActiveCfg = Debug|x64
		{C9B6CCBB-80BA-49ED-9DFF-ECD6C9EEB2A2}.Debug|x64.Build.0 = Debug|x64
		{C9B6CCBB-80BA-49ED-9DFF-ECD6C9EEB2A2}.Release|Win32.ActiveCfg = Release|Win32
		{C9B6CCBB-80BA-49ED-9DFF-ECD6C9EEB2A2}.Release|Win32.Build.0 = Release|Win32
		{C9B6CCBB-80BA-49ED-9DFF-ECD6C9EEB2A2}.Release|x64.ActiveCfg = Release|x64
		{C9B6CCBB-80BA-49ED-9DFF-ECD6C9EEB2A2}.Release|x64.Build.0 = Release|x64
		{4D13E995-E31D-4CF7-A273-8A4EF0670161}.Debug|Win32.ActiveCfg = Debug|Win32
		{4D13E995-E31D-4CF7-A273-8A4EF0670161}.Debug|Win32.Build.0 = Debug|Win32
		{4D13E995-E31D-4CF7-A273-8A4EF0670161}.Debug|x64.ActiveCfg = Debug|x64
		{4D13E995-E31D-4CF7-A273-8A4EF0670161}.Debug|x64.Build.0 = Debug|x64
		{4D13E995-E31D-4CF7-A273-8A4EF0670161}.Release|Win32.ActiveCfg = Release|Win32
		{4D13E995-E31D-4CF7-A273-8A4EF0670161}.Release|Win32.Build.0 = Release|Win32
		{4D13E995-E31D-4CF7-A273-8A4EF0670161}.Release|x64.ActiveCfg = Release|x64
		{4D13E995-E31D-4CF7-A273-8A4EF0670161}.Release|x64.Build.0 = Release|x64
		{579AB25C-E753-4092-A423-DED628F41DF6}.Debug|Win32.ActiveCfg = Debug|Win32
		{579AB25C-E753-4092-A423-DED628F41DF6}.Debug|Win32.Build.0 = Debug|Win32
		{579AB25C-E753-4092-A423-DED628F41DF6}.Debug|x64.ActiveCfg = Debug|x64
		{579AB25C-E753-4092-A423-DED628F41DF6}.Debug|x64.Build.0 = Debug|x64
		{579AB25C-E753-4092-A423-DED628F41DF6}.Release|Win32.ActiveCfg = Release|Win32
		{579AB25C-E753-4092-A423-DED628F41DF6}.Release|Win32.Build.0 = Release|Win32
		{579AB25C-E753-4092-A423-DED628F41DF6}.Release|x64.ActiveCfg = Release|x64
		{579AB25C-E753-4092-A423-DED628F41DF6}.Release|x64.Build.0 = Release|x64
		{5D148DA8-E8F4-43BF-9BCA-1FB739B00F25}.Debug|Win32.ActiveCfg = Debug|Win32
		{5D148DA8-E8F4-43BF-9BCA-1FB739B00F25}.Debug|Win32.Build.0 = Debug|Win32
		{5D148DA8-E8F4-43BF-9BCA-1FB739B00F25}.Debug|x64.ActiveCfg = Debug|x64
		{5D148DA8-E8F4-43BF-9BCA-1FB739B00F25}.Debug|x64.Build.0 = Debug|x64
		{5D148DA8-E8F4-43BF-9BCA-1FB739B00F25}.Release|Win32.ActiveCfg = Release|Win32
		{5D148DA8-E8F4-43BF-9BCA-1FB739B00F25}.Release|Win32.Build.0 = Release|Win32
		{5D148DA8-E8F4-43BF-9BCA-1FB739B00F25}.Release|x64.ActiveCfg = Release|Win32
		{876917FD-362F-4C89-8AFA-AAFBA6A405C1}.Debug|Win32.ActiveCfg = Debug|Win32
		{876917FD-362F-4C89-8AFA-AAFBA6A405C1}.Debug|Win32.Build.0 = Debug|Win32
		{876917FD-362F-4C89-8AFA-AAFBA6A405C1}.Debug|x64.ActiveCfg = Debug|x64
		{876917FD-362F-4C89-8AFA-AAFBA6A405C1}.Debug|x64.Build.0 = Debug|x64
		{876917FD-362F-4C89-8AFA-AAFBA6A405C1}.Release|Win32.ActiveCfg = Release|Win32
		{876917FD-362F-4C89-8AFA-AAFBA6A405C1}.Release|Win32.Build.0 = Release|Win32
		{876917FD-362F-4C89-8AFA-AAFBA6A405C1}.Release|x64.ActiveCfg = Release|x64
		{876917FD-362F-4C89-8AFA-AAFBA6A405C1}.Release|x64.Build.0 = Release|x64
		{F8031F82-8819-423D-BFE8-D5CE12960D8E}.Debug|Win32.ActiveCfg = Debug|Win32
		{F8031F82-8819-423D-BFE8-D5CE12960D8E}.Debug|Win32.Build.0 = Debug|Win32
		{F8031F82-8819-423D-BFE8-D5CE12960D8E}.Debug|x64.ActiveCfg = Debug|x64
		{F8031F82-8819-423D-BFE8-D5CE12960D8E}.Debug|x64.Build.0 = Debug|x64
		{F8031F82-8819-423D-BFE8-D5CE12960D8E}.Release|Win32.ActiveCfg = Release|Win32
		{F8031F82-8819-423D-BFE8-D5CE12960D8E}.Release|Win32.Build.0 = Release|Win32
		{F8031F82-8819-423D-BFE8-D5CE12960D8E}.Release|x64.ActiveCfg = Release|x64
		{F8031F82-8819-423D-BFE8-D5CE12960D8E}.Release|x64.Build.0 = Release|x64
		{F1B1DE6A-1D50-4156-BAE0-8FAA592CC27E}.Debug|Win32.ActiveCfg = Debug|Win32
		{F1B1DE6A-1D50-4156-BAE0-8FAA592CC27E}.Debug|Win32.Build.0 = Debug|Win32
		{F1B1DE6A-1D50-4156-BAE0-8FAA592CC27E}.Debug|x64.ActiveCfg = Debug|x64
		{F1B1DE6A-1D50-4156-BAE0-8FAA592CC27E}.Debug|x64.Build.0 = Debug|x64
		{F1B1DE6A-1D50-4156-BAE0-8FAA592CC27E}.Release|Win32.ActiveCfg = Release|Win32
		{F1B1DE6A-1D50-4156-BAE0-8FAA592CC27E}.Release|Win32.Build.0 = Release|Win32
		{F1B1DE6A-1D50-4156-BAE0-8FAA592CC27E}.Release|x64.ActiveCfg = Release|x64
		{F1B1DE6A-1D50-4156-BAE0-8FAA592CC27E}.Release|x64.Build.0 = Release|x64
		{6163B2FA-45E3-4DC9-910D-94A41D341855}.Debug|Win32.ActiveCfg = Debug|Win32
		{6163B2FA-45E3-4DC9-910D-94A41D341855}.Debug|Win32.Build.0 = Debug|Win32
		{6163B2FA-45E3-4DC9-910D-94A41D341855}.Debug|x64.ActiveCfg = Debug|x64
		{6163B2FA-45E3-4DC9-910D-94A41D341855}.Debug|x64.Build.0 = Debug|x64
		{6163B2FA-45E3-4DC9-910D-94A41D341855}.Release|Win32.ActiveCfg = Release|Win32
		{6163B2FA-45E3-4DC9-910D-94A41D341855}.Release|Win32.Build.0 = Release|Win32
		{6163B2FA-45E3-4DC9-910D-94A41D341855}.Release|x64.ActiveCfg = Release|x64
		{6163B2FA-45E3-4DC9-910D-94A41D341855}.Release|x64.Build.0 = Release|x64
		{4C1E81C6-0256-4708-B45F-A63CC5BAF7C9}.Debug|Win32.ActiveCfg = Debug|Win32
		{4C1E81C6-0256-4708-B45F-A63CC5BAF7C9}.Debug|Win32.Build.0 = Debug|Win32
		{4C1E81C6-0256-4708-B45F-A63CC5BAF7C9}.Debug|x64.ActiveCfg = Debug|x64
		{4C1E81C6-0256-4708-B45F-A63CC5BAF7C9}.Debug|x64.Build.0 = Debug|x64
		{4C1E81C6-0256-4708-B45F-A63CC5BAF7C9}.Release|Win32.ActiveCfg = Release|Win32
		{4C1E81C6-0256-4708-B45F-A63CC5BAF7C9}.Release|Win32.Build.0 = Release|Win32
		{4C1E81C6-0256-4708-B45F-A63CC5BAF7C9}.Release|x64.ActiveCfg = Release|x64
		{4C1E81C6-0256-4708-B45F-A63CC5BAF7C9}.Release|x64.Build.0 = Release|x64
		{A89ED5ED-A0FE-44E6-A29B-5EEF0EB7B3E4}.Debug|Win32.ActiveCfg = Debug|Win32
		{A89ED5ED-A0FE-44E6-A29B-5EEF0EB7B3E4}.Debug|Win32.Build.0 = Debug|Win32
		{A89ED5ED-A0FE-44E6-A29B-5EEF0EB7B3E4}.Debug|x64.ActiveCfg = Debug|x64
		{A89ED5ED-A0FE-44E6-A29B-5EEF0EB7B3E4}.Debug|x64.Build.0 = Debug|x64
		{A89ED5ED-A0FE-44E6-A29B-5EEF0EB7B3E4}.Release|Win32.ActiveCfg = Release|Win32
		{A89ED5ED-A0FE-44E6-A29B-5EEF0EB7B3E4}.Release|Win32.Build.0 = Release|Win32
		{A89ED5ED-A0FE-44E6-A29B-5EEF0EB7B3E4}.Release|x64.ActiveCfg = Release|x64
		{A89ED5ED-A0FE-44E6-A29B-5EEF0EB7B3E4}.Release|x64.Build.0 = Release|x64
		{F1B1DE6B-1D50-4156-BAE0-8FAA592CC27E}.Debug|Win32.ActiveCfg = Debug|Win32
		{F1B1DE6B-1D50-4156-BAE0-8FAA592CC27E}.Debug|Win32.Build.0 = Debug|Win32
		{F1B1DE6B-1D50-4156-BAE0-8FAA592CC27E}.Debug|x64.ActiveCfg = Debug|x64
		{F1B1DE6B-1D50-4156-BAE0-8FAA592CC27E}.Debug|x64.Build.0 = Debug|x64
		{F1B1DE6B-1D50-4156-BAE0-8FAA592CC27E}.Release|Win32.ActiveCfg = Release|Win32
		{F1B1DE6B-1D50-4156-BAE0-8FAA592CC27E}.Release|Win32.Build.0 = Release|Win32
		{F1B1DE6B-1D50-4156-BAE0-8FAA592CC27E}.Release|x64.ActiveCfg = Release|x64
		{F1B1DE6B-1D50-4156-BAE0-8FAA592CC27E}.Release|x64.Build.0 = Release|x64
		{94BE417D-1F37-4FB6-BF6D-C09581161A35}.Debug|Win32.ActiveCfg = Debug|Win32
		{94BE417D-1F37-4FB6-BF6D-C09581161A35}.Debug|Win32.Build.0 = Debug|Win32
		{94BE417D-1F37-4FB6-BF6D-C09581161A35}.Debug|x64.ActiveCfg = Debug|x64
		{94BE417D-1F37-4FB6-BF6D-C09581161A35}.Debug|x64.Build.0 = Debug|x64
		{94BE417D-1F37-4FB6-BF6D-C09581161A35}.Release|Win32.ActiveCfg = Release|Win32
		{94BE417D-1F37-4FB6-BF6D-C09581161A35}.Release|Win32.Build.0 = Release|Win32
		{94BE417D-1F37-4FB6-BF6D-C09581161A35}.Release|x64.ActiveCfg = Release|Win32
		{CFE819A4-95EE-49C4-8DE5-3B91193CA169}.Debug|Win32.ActiveCfg = Debug|Win32
		{CFE819A4-95EE-49C4-8DE5-3B91193CA169}.Debug|Win32.Build.0 = Debug|Win32
		{CFE819A4-95EE-49C4-8DE5-3B91193CA169}.Debug|x64.ActiveCfg = Debug|x64
		{CFE819A4-95EE-49C4-8DE5-3B91193CA169}.Debug|x64.Build.0 = Debug|x64
		{CFE819A4-95EE-49C4-8DE5-3B91193CA169}.Release|Win32.ActiveCfg = Release|Win32
		{CFE819A4-95EE-49C4-8DE5-3B91193CA169}.Release|Win32.Build.0 = Release|Win32
		{CFE819A4-95EE-49C4-8DE5-3B91193CA169}.Release|x64.ActiveCfg = Release|x64
		{CFE819A4-95EE-49C4-8DE5-3B91193CA169}.Release|x64.Build.0 = Release|x64
		{A0FF0035-4B11-4F1D-AE48-6EC79EE4B8D7}.Debug|Win32.ActiveCfg = Debug|Win32
		{A0FF0035-4B11-4F1D-AE48-6EC79EE4B8D7}.Debug|Win32.Build.0 = Debug|Win32
		{A0FF0035-4B11-4F1D-AE48-6EC79EE4B8D7}.Debug|x64.ActiveCfg = Debug|Win32
		{A0FF0035-4B11-4F1D-AE48-6EC79EE4B8D7}.Release|Win32.ActiveCfg = Release|Win32
		{A0FF0035-4B11-4F1D-AE48-6EC79EE4B8D7}.Release|Win32.Build.0 = Release|Win32
		{A0FF0035-4B11-4F1D-AE48-6EC79EE4B8D7}.Release|x64.ActiveCfg = Release|Win32
		{10CFDFC0-483D-4E50-B2E9-364F30998AB0}.Debug|Win32.ActiveCfg = Debug|Win32
		{10CFDFC0-483D-4E50-B2E9-364F30998AB0}.Debug|Win32.Build.0 = Debug|Win32
		{10CFDFC0-483D-4E50-B2E9-364F30998AB0}.Debug|x64.ActiveCfg = Debug|Win32
		{10CFDFC0-483D-4E50-B2E9-364F30998AB0}.Release|Win32.ActiveCfg = Release|Win32
		{10CFDFC0-483D-4E50-B2E9-364F30998AB0}.Release|Win32.Build.0 = Release|Win32
		{10CFDFC0-483D-4E50-B2E9-364F30998AB0}.Release|x64.ActiveCfg = Release|Win32
		{B9E68879-C9B2-4179-9B26-AA0CCBBB0ACE}.Debug|Win32.ActiveCfg = Debug|Win32
		{B9E68879-C9B2-4179-9B26-AA0CCBBB0ACE}.Debug|Win32.Build.0 = Debug|Win32
		{B9E68879-C9B2-4179-9B26-AA0CCBBB0ACE}.Debug|x64.ActiveCfg = Debug|Win32
		{B9E68879-C9B2-4179-9B26-AA0CCBBB0ACE}.Release|Win32.ActiveCfg = Release|Win32
		{B9E68879-C9B2-4179-9B26-AA0CCBBB0ACE}.Release|Win32.Build.0 = Release|Win32
		{B9E68879-C9B2-4179-9B26-AA0CCBBB0ACE}.Release|x64.ActiveCfg = Release|Win32
		{AFABDCCE-8DAB-46E1-A3BF-BFB7F0B8C3C1}.Debug|Win32.ActiveCfg = Debug|Win32
		{AFABDCCE-8DAB-46E1-A3BF-BFB7F0B8C3C1}.Debug|Win32.Build.0 = Debug|Win32
		{AFABDCCE-8DAB-46E1-A3BF-BFB7F0B8C3C1}.Debug|x64.ActiveCfg = Debug|Win32
		{AFABDCCE-8DAB-46E1-A3BF-BFB7F0B8C3C1}.Release|Win32.ActiveCfg = Release|Win32
		{AFABDCCE-8DAB-46E1-A3BF-BFB7F0B8C3C1}.Release|Win32.Build.0 = Release|Win32
		{AFABDCCE-8DAB-46E1-A3BF-BFB7F0B8C3C1}.Release|x64.ActiveCfg = Release|Win32
	EndGlobalSection
	GlobalSection(SolutionProperties) = preSolution
		HideSolutionNode = FALSE
	EndGlobalSection
EndGlobal
