Microsoft Visual Studio Solution File, Format Version 9.00
# Visual Studio 2005
Project("{8BC9CEB8-8B4A-11D0-8D11-00A0C91BC942}") = "lfsfiltctl", "lfsfiltctl\_vs80_lfsfiltctl.vcproj", "{368478A8-F73B-4518-9475-F0D2121400E7}"
EndProject
Project("{8BC9CEB8-8B4A-11D0-8D11-00A0C91BC942}") = "ndasbusctl", "lsbusctl\_vs80_lsbusctl.vcproj", "{0775EE45-A508-4987-A31F-D9A3133300E0}"
EndProject
Project("{8BC9CEB8-8B4A-11D0-8D11-00A0C91BC942}") = "ndascmd", "ndascmd\_vs80_ndascmd.vcproj", "{37CCBD02-11AD-4310-9E8A-4D1EFC2A21C8}"
EndProject
Project("{8BC9CEB8-8B4A-11D0-8D11-00A0C91BC942}") = "ndascomm", "ndascomm\_vs80_ndascomm.vcproj", "{1FEA1228-8887-4A08-9DEF-660928F90813}"
EndProject
Project("{8BC9CEB8-8B4A-11D0-8D11-00A0C91BC942}") = "ndashear", "ndashear\_vs80_ndashear.vcproj", "{A75333E3-A78F-440C-8141-742740A6A8C1}"
EndProject
Project("{8BC9CEB8-8B4A-11D0-8D11-00A0C91BC942}") = "ndasmsg", "ndasmsg\_vs80_ndasmsg.vcproj", "{7D90F2C6-26F4-4697-B768-4B0E885C1D5C}"
EndProject
Project("{8BC9CEB8-8B4A-11D0-8D11-00A0C91BC942}") = "ndasop", "ndasop\_vs80_ndasop.vcproj", "{3DD5BFBF-D51B-47FC-A643-F24CFAD701C4}"
EndProject
Project("{8BC9CEB8-8B4A-11D0-8D11-00A0C91BC942}") = "lpxtrans", "ndassvc\lpxtrans\_vs80_lpxtrans.vcproj", "{E3F6FBA7-F863-4830-BC35-4C3434327112}"
EndProject
Project("{8BC9CEB8-8B4A-11D0-8D11-00A0C91BC942}") = "ndassvc", "ndassvc\service\_vs80_ndassvc.vcproj", "{AE025CB5-7E75-40CD-9B7E-AE1130DA3832}"
EndProject
Project("{8BC9CEB8-8B4A-11D0-8D11-00A0C91BC942}") = "ndassvc_support", "ndassvc\support\_vs80_ndassvc_support.vcproj", "{0C401A79-BA06-43E6-BBD6-83BEDD664052}"
EndProject
Project("{8BC9CEB8-8B4A-11D0-8D11-00A0C91BC942}") = "ndasuser", "ndasuser\_vs80_ndasuser.vcproj", "{57D3FC4E-F9C1-486E-AD02-B5B59EE9084C}"
EndProject
Project("{8BC9CEB8-8B4A-11D0-8D11-00A0C91BC942}") = "nhixnotify", "nhixnotify\_vs80_nhixnotify.vcproj", "{EC8BAD1E-FA93-4302-9E43-D2D4F2805694}"
EndProject
Project("{8BC9CEB8-8B4A-11D0-8D11-00A0C91BC942}") = "rofiltcmd", "rofiltcmd\_vs80_rofiltcmd.vcproj", "{CFE819A3-95EE-49C4-8DE5-3B91193CA169}"
EndProject
Project("{8BC9CEB8-8B4A-11D0-8D11-00A0C91BC942}") = "rofiltctl", "rofiltctl\_vs80_rofiltctl.vcproj", "{99D70D2C-4945-44AD-9A90-66B296E76852}"
EndProject
Project("{8BC9CEB8-8B4A-11D0-8D11-00A0C91BC942}") = "vendorctl", "vendorctl\_vs80_vendorctl.vcproj", "{7C3CEAE3-A99E-469E-A793-1D10643FE229}"
EndProject
Project("{8BC9CEB8-8B4A-11D0-8D11-00A0C91BC942}") = "_inc_ndas_private", "..\inc\_vs80__inc_ndas_private.vcproj", "{0BB4ECC0-7DDC-44B8-B624-8A1E15426A62}"
EndProject
Project("{8BC9CEB8-8B4A-11D0-8D11-00A0C91BC942}") = "_inc_ndas_public", "..\inc\public\_vs80__inc_ndas_public.vcproj", "{5052B92F-1150-493D-815F-0A4B3AF06410}"
EndProject
Project("{8BC9CEB8-8B4A-11D0-8D11-00A0C91BC942}") = "ndasbind", "ndasbind\_vs80_ndasbind.vcproj", "{F8031F82-8819-423D-BFE8-D5CE12960D8E}"
EndProject
Project("{8BC9CEB8-8B4A-11D0-8D11-00A0C91BC942}") = "ndasmgmt", "ndasmgmt\_vs80_ndasmgmt.vcproj", "{876917FD-362F-4C89-8AFA-AAFBA6A405C1}"
EndProject
Project("{8BC9CEB8-8B4A-11D0-8D11-00A0C91BC942}") = "ndasvol", "ndasvol\_vs80_ndasvol.vcproj", "{CFE819A4-95EE-49C4-8DE5-3B91193CA169}"
EndProject
Project("{8BC9CEB8-8B4A-11D0-8D11-00A0C91BC942}") = "xtl", "..\inc\xtl\_vs80_inc_xtl.vcproj", "{F71571FB-C04D-4062-8555-AD057D047411}"
EndProject
Project("{8BC9CEB8-8B4A-11D0-8D11-00A0C91BC942}") = "ndasscsictl", "ndscctl\ndscctl.vcproj", "{DD7C7995-0066-4146-A0D3-DD1D23EAD035}"
EndProject
Global
	GlobalSection(SolutionConfigurationPlatforms) = preSolution
		Debug|Win32 = Debug|Win32
		Debug|x64 = Debug|x64
		Release|Win32 = Release|Win32
		Release|x64 = Release|x64
	EndGlobalSection
	GlobalSection(ProjectConfigurationPlatforms) = postSolution
		{368478A8-F73B-4518-9475-F0D2121400E7}.Debug|Win32.ActiveCfg = Debug|Win32
		{368478A8-F73B-4518-9475-F0D2121400E7}.Debug|Win32.Build.0 = Debug|Win32
		{368478A8-F73B-4518-9475-F0D2121400E7}.Debug|x64.ActiveCfg = Debug|x64
		{368478A8-F73B-4518-9475-F0D2121400E7}.Debug|x64.Build.0 = Debug|x64
		{368478A8-F73B-4518-9475-F0D2121400E7}.Release|Win32.ActiveCfg = Release|Win32
		{368478A8-F73B-4518-9475-F0D2121400E7}.Release|Win32.Build.0 = Release|Win32
		{368478A8-F73B-4518-9475-F0D2121400E7}.Release|x64.ActiveCfg = Release|x64
		{368478A8-F73B-4518-9475-F0D2121400E7}.Release|x64.Build.0 = Release|x64
		{0775EE45-A508-4987-A31F-D9A3133300E0}.Debug|Win32.ActiveCfg = Debug|Win32
		{0775EE45-A508-4987-A31F-D9A3133300E0}.Debug|Win32.Build.0 = Debug|Win32
		{0775EE45-A508-4987-A31F-D9A3133300E0}.Debug|x64.ActiveCfg = Debug|x64
		{0775EE45-A508-4987-A31F-D9A3133300E0}.Debug|x64.Build.0 = Debug|x64
		{0775EE45-A508-4987-A31F-D9A3133300E0}.Release|Win32.ActiveCfg = Release|Win32
		{0775EE45-A508-4987-A31F-D9A3133300E0}.Release|Win32.Build.0 = Release|Win32
		{0775EE45-A508-4987-A31F-D9A3133300E0}.Release|x64.ActiveCfg = Release|x64
		{0775EE45-A508-4987-A31F-D9A3133300E0}.Release|x64.Build.0 = Release|x64
		{37CCBD02-11AD-4310-9E8A-4D1EFC2A21C8}.Debug|Win32.ActiveCfg = Debug|Win32
		{37CCBD02-11AD-4310-9E8A-4D1EFC2A21C8}.Debug|Win32.Build.0 = Debug|Win32
		{37CCBD02-11AD-4310-9E8A-4D1EFC2A21C8}.Debug|x64.ActiveCfg = Debug|x64
		{37CCBD02-11AD-4310-9E8A-4D1EFC2A21C8}.Debug|x64.Build.0 = Debug|x64
		{37CCBD02-11AD-4310-9E8A-4D1EFC2A21C8}.Release|Win32.ActiveCfg = Release|Win32
		{37CCBD02-11AD-4310-9E8A-4D1EFC2A21C8}.Release|Win32.Build.0 = Release|Win32
		{37CCBD02-11AD-4310-9E8A-4D1EFC2A21C8}.Release|x64.ActiveCfg = Release|x64
		{37CCBD02-11AD-4310-9E8A-4D1EFC2A21C8}.Release|x64.Build.0 = Release|x64
		{1FEA1228-8887-4A08-9DEF-660928F90813}.Debug|Win32.ActiveCfg = Debug|Win32
		{1FEA1228-8887-4A08-9DEF-660928F90813}.Debug|Win32.Build.0 = Debug|Win32
		{1FEA1228-8887-4A08-9DEF-660928F90813}.Debug|x64.ActiveCfg = Debug|x64
		{1FEA1228-8887-4A08-9DEF-660928F90813}.Debug|x64.Build.0 = Debug|x64
		{1FEA1228-8887-4A08-9DEF-660928F90813}.Release|Win32.ActiveCfg = Release|Win32
		{1FEA1228-8887-4A08-9DEF-660928F90813}.Release|Win32.Build.0 = Release|Win32
		{1FEA1228-8887-4A08-9DEF-660928F90813}.Release|x64.ActiveCfg = Release|x64
		{1FEA1228-8887-4A08-9DEF-660928F90813}.Release|x64.Build.0 = Release|x64
		{A75333E3-A78F-440C-8141-742740A6A8C1}.Debug|Win32.ActiveCfg = Debug|Win32
		{A75333E3-A78F-440C-8141-742740A6A8C1}.Debug|Win32.Build.0 = Debug|Win32
		{A75333E3-A78F-440C-8141-742740A6A8C1}.Debug|x64.ActiveCfg = Debug|x64
		{A75333E3-A78F-440C-8141-742740A6A8C1}.Debug|x64.Build.0 = Debug|x64
		{A75333E3-A78F-440C-8141-742740A6A8C1}.Release|Win32.ActiveCfg = Release|Win32
		{A75333E3-A78F-440C-8141-742740A6A8C1}.Release|Win32.Build.0 = Release|Win32
		{A75333E3-A78F-440C-8141-742740A6A8C1}.Release|x64.ActiveCfg = Release|x64
		{A75333E3-A78F-440C-8141-742740A6A8C1}.Release|x64.Build.0 = Release|x64
		{7D90F2C6-26F4-4697-B768-4B0E885C1D5C}.Debug|Win32.ActiveCfg = Debug|Win32
		{7D90F2C6-26F4-4697-B768-4B0E885C1D5C}.Debug|Win32.Build.0 = Debug|Win32
		{7D90F2C6-26F4-4697-B768-4B0E885C1D5C}.Debug|x64.ActiveCfg = Debug|x64
		{7D90F2C6-26F4-4697-B768-4B0E885C1D5C}.Debug|x64.Build.0 = Debug|x64
		{7D90F2C6-26F4-4697-B768-4B0E885C1D5C}.Release|Win32.ActiveCfg = Release|Win32
		{7D90F2C6-26F4-4697-B768-4B0E885C1D5C}.Release|Win32.Build.0 = Release|Win32
		{7D90F2C6-26F4-4697-B768-4B0E885C1D5C}.Release|x64.ActiveCfg = Release|x64
		{7D90F2C6-26F4-4697-B768-4B0E885C1D5C}.Release|x64.Build.0 = Release|x64
		{3DD5BFBF-D51B-47FC-A643-F24CFAD701C4}.Debug|Win32.ActiveCfg = Debug|Win32
		{3DD5BFBF-D51B-47FC-A643-F24CFAD701C4}.Debug|Win32.Build.0 = Debug|Win32
		{3DD5BFBF-D51B-47FC-A643-F24CFAD701C4}.Debug|x64.ActiveCfg = Debug|x64
		{3DD5BFBF-D51B-47FC-A643-F24CFAD701C4}.Debug|x64.Build.0 = Debug|x64
		{3DD5BFBF-D51B-47FC-A643-F24CFAD701C4}.Release|Win32.ActiveCfg = Release|Win32
		{3DD5BFBF-D51B-47FC-A643-F24CFAD701C4}.Release|Win32.Build.0 = Release|Win32
		{3DD5BFBF-D51B-47FC-A643-F24CFAD701C4}.Release|x64.ActiveCfg = Release|x64
		{3DD5BFBF-D51B-47FC-A643-F24CFAD701C4}.Release|x64.Build.0 = Release|x64
		{E3F6FBA7-F863-4830-BC35-4C3434327112}.Debug|Win32.ActiveCfg = Debug|Win32
		{E3F6FBA7-F863-4830-BC35-4C3434327112}.Debug|Win32.Build.0 = Debug|Win32
		{E3F6FBA7-F863-4830-BC35-4C3434327112}.Debug|x64.ActiveCfg = Debug|x64
		{E3F6FBA7-F863-4830-BC35-4C3434327112}.Debug|x64.Build.0 = Debug|x64
		{E3F6FBA7-F863-4830-BC35-4C3434327112}.Release|Win32.ActiveCfg = Release|Win32
		{E3F6FBA7-F863-4830-BC35-4C3434327112}.Release|Win32.Build.0 = Release|Win32
		{E3F6FBA7-F863-4830-BC35-4C3434327112}.Release|x64.ActiveCfg = Release|x64
		{E3F6FBA7-F863-4830-BC35-4C3434327112}.Release|x64.Build.0 = Release|x64
		{AE025CB5-7E75-40CD-9B7E-AE1130DA3832}.Debug|Win32.ActiveCfg = Debug|Win32
		{AE025CB5-7E75-40CD-9B7E-AE1130DA3832}.Debug|Win32.Build.0 = Debug|Win32
		{AE025CB5-7E75-40CD-9B7E-AE1130DA3832}.Debug|x64.ActiveCfg = Debug|x64
		{AE025CB5-7E75-40CD-9B7E-AE1130DA3832}.Debug|x64.Build.0 = Debug|x64
		{AE025CB5-7E75-40CD-9B7E-AE1130DA3832}.Release|Win32.ActiveCfg = Release|Win32
		{AE025CB5-7E75-40CD-9B7E-AE1130DA3832}.Release|Win32.Build.0 = Release|Win32
		{AE025CB5-7E75-40CD-9B7E-AE1130DA3832}.Release|x64.ActiveCfg = Release|x64
		{AE025CB5-7E75-40CD-9B7E-AE1130DA3832}.Release|x64.Build.0 = Release|x64
		{0C401A79-BA06-43E6-BBD6-83BEDD664052}.Debug|Win32.ActiveCfg = Debug|Win32
		{0C401A79-BA06-43E6-BBD6-83BEDD664052}.Debug|Win32.Build.0 = Debug|Win32
		{0C401A79-BA06-43E6-BBD6-83BEDD664052}.Debug|x64.ActiveCfg = Debug|x64
		{0C401A79-BA06-43E6-BBD6-83BEDD664052}.Debug|x64.Build.0 = Debug|x64
		{0C401A79-BA06-43E6-BBD6-83BEDD664052}.Release|Win32.ActiveCfg = Release|Win32
		{0C401A79-BA06-43E6-BBD6-83BEDD664052}.Release|Win32.Build.0 = Release|Win32
		{0C401A79-BA06-43E6-BBD6-83BEDD664052}.Release|x64.ActiveCfg = Release|x64
		{0C401A79-BA06-43E6-BBD6-83BEDD664052}.Release|x64.Build.0 = Release|x64
		{57D3FC4E-F9C1-486E-AD02-B5B59EE9084C}.Debug|Win32.ActiveCfg = Debug|Win32
		{57D3FC4E-F9C1-486E-AD02-B5B59EE9084C}.Debug|Win32.Build.0 = Debug|Win32
		{57D3FC4E-F9C1-486E-AD02-B5B59EE9084C}.Debug|x64.ActiveCfg = Debug|x64
		{57D3FC4E-F9C1-486E-AD02-B5B59EE9084C}.Debug|x64.Build.0 = Debug|x64
		{57D3FC4E-F9C1-486E-AD02-B5B59EE9084C}.Release|Win32.ActiveCfg = Release|Win32
		{57D3FC4E-F9C1-486E-AD02-B5B59EE9084C}.Release|Win32.Build.0 = Release|Win32
		{57D3FC4E-F9C1-486E-AD02-B5B59EE9084C}.Release|x64.ActiveCfg = Release|x64
		{57D3FC4E-F9C1-486E-AD02-B5B59EE9084C}.Release|x64.Build.0 = Release|x64
		{EC8BAD1E-FA93-4302-9E43-D2D4F2805694}.Debug|Win32.ActiveCfg = Debug|Win32
		{EC8BAD1E-FA93-4302-9E43-D2D4F2805694}.Debug|Win32.Build.0 = Debug|Win32
		{EC8BAD1E-FA93-4302-9E43-D2D4F2805694}.Debug|x64.ActiveCfg = Debug|x64
		{EC8BAD1E-FA93-4302-9E43-D2D4F2805694}.Debug|x64.Build.0 = Debug|x64
		{EC8BAD1E-FA93-4302-9E43-D2D4F2805694}.Release|Win32.ActiveCfg = Release|Win32
		{EC8BAD1E-FA93-4302-9E43-D2D4F2805694}.Release|Win32.Build.0 = Release|Win32
		{EC8BAD1E-FA93-4302-9E43-D2D4F2805694}.Release|x64.ActiveCfg = Release|x64
		{EC8BAD1E-FA93-4302-9E43-D2D4F2805694}.Release|x64.Build.0 = Release|x64
		{CFE819A3-95EE-49C4-8DE5-3B91193CA169}.Debug|Win32.ActiveCfg = Debug|Win32
		{CFE819A3-95EE-49C4-8DE5-3B91193CA169}.Debug|Win32.Build.0 = Debug|Win32
		{CFE819A3-95EE-49C4-8DE5-3B91193CA169}.Debug|x64.ActiveCfg = Debug|x64
		{CFE819A3-95EE-49C4-8DE5-3B91193CA169}.Debug|x64.Build.0 = Debug|x64
		{CFE819A3-95EE-49C4-8DE5-3B91193CA169}.Release|Win32.ActiveCfg = Release|Win32
		{CFE819A3-95EE-49C4-8DE5-3B91193CA169}.Release|Win32.Build.0 = Release|Win32
		{CFE819A3-95EE-49C4-8DE5-3B91193CA169}.Release|x64.ActiveCfg = Release|x64
		{CFE819A3-95EE-49C4-8DE5-3B91193CA169}.Release|x64.Build.0 = Release|x64
		{99D70D2C-4945-44AD-9A90-66B296E76852}.Debug|Win32.ActiveCfg = Debug|Win32
		{99D70D2C-4945-44AD-9A90-66B296E76852}.Debug|Win32.Build.0 = Debug|Win32
		{99D70D2C-4945-44AD-9A90-66B296E76852}.Debug|x64.ActiveCfg = Debug|x64
		{99D70D2C-4945-44AD-9A90-66B296E76852}.Debug|x64.Build.0 = Debug|x64
		{99D70D2C-4945-44AD-9A90-66B296E76852}.Release|Win32.ActiveCfg = Release|Win32
		{99D70D2C-4945-44AD-9A90-66B296E76852}.Release|Win32.Build.0 = Release|Win32
		{99D70D2C-4945-44AD-9A90-66B296E76852}.Release|x64.ActiveCfg = Release|x64
		{99D70D2C-4945-44AD-9A90-66B296E76852}.Release|x64.Build.0 = Release|x64
		{7C3CEAE3-A99E-469E-A793-1D10643FE229}.Debug|Win32.ActiveCfg = Debug|Win32
		{7C3CEAE3-A99E-469E-A793-1D10643FE229}.Debug|Win32.Build.0 = Debug|Win32
		{7C3CEAE3-A99E-469E-A793-1D10643FE229}.Debug|x64.ActiveCfg = Debug|x64
		{7C3CEAE3-A99E-469E-A793-1D10643FE229}.Debug|x64.Build.0 = Debug|x64
		{7C3CEAE3-A99E-469E-A793-1D10643FE229}.Release|Win32.ActiveCfg = Release|Win32
		{7C3CEAE3-A99E-469E-A793-1D10643FE229}.Release|Win32.Build.0 = Release|Win32
		{7C3CEAE3-A99E-469E-A793-1D10643FE229}.Release|x64.ActiveCfg = Release|x64
		{7C3CEAE3-A99E-469E-A793-1D10643FE229}.Release|x64.Build.0 = Release|x64
		{0BB4ECC0-7DDC-44B8-B624-8A1E15426A62}.Debug|Win32.ActiveCfg = Debug|Win32
		{0BB4ECC0-7DDC-44B8-B624-8A1E15426A62}.Debug|Win32.Build.0 = Debug|Win32
		{0BB4ECC0-7DDC-44B8-B624-8A1E15426A62}.Debug|x64.ActiveCfg = Debug|x64
		{0BB4ECC0-7DDC-44B8-B624-8A1E15426A62}.Debug|x64.Build.0 = Debug|x64
		{0BB4ECC0-7DDC-44B8-B624-8A1E15426A62}.Release|Win32.ActiveCfg = Release|Win32
		{0BB4ECC0-7DDC-44B8-B624-8A1E15426A62}.Release|Win32.Build.0 = Release|Win32
		{0BB4ECC0-7DDC-44B8-B624-8A1E15426A62}.Release|x64.ActiveCfg = Release|x64
		{0BB4ECC0-7DDC-44B8-B624-8A1E15426A62}.Release|x64.Build.0 = Release|x64
		{5052B92F-1150-493D-815F-0A4B3AF06410}.Debug|Win32.ActiveCfg = Debug|Win32
		{5052B92F-1150-493D-815F-0A4B3AF06410}.Debug|Win32.Build.0 = Debug|Win32
		{5052B92F-1150-493D-815F-0A4B3AF06410}.Debug|x64.ActiveCfg = Debug|x64
		{5052B92F-1150-493D-815F-0A4B3AF06410}.Debug|x64.Build.0 = Debug|x64
		{5052B92F-1150-493D-815F-0A4B3AF06410}.Release|Win32.ActiveCfg = Release|Win32
		{5052B92F-1150-493D-815F-0A4B3AF06410}.Release|Win32.Build.0 = Release|Win32
		{5052B92F-1150-493D-815F-0A4B3AF06410}.Release|x64.ActiveCfg = Release|x64
		{5052B92F-1150-493D-815F-0A4B3AF06410}.Release|x64.Build.0 = Release|x64
		{F8031F82-8819-423D-BFE8-D5CE12960D8E}.Debug|Win32.ActiveCfg = Debug|Win32
		{F8031F82-8819-423D-BFE8-D5CE12960D8E}.Debug|Win32.Build.0 = Debug|Win32
		{F8031F82-8819-423D-BFE8-D5CE12960D8E}.Debug|x64.ActiveCfg = Debug|x64
		{F8031F82-8819-423D-BFE8-D5CE12960D8E}.Debug|x64.Build.0 = Debug|x64
		{F8031F82-8819-423D-BFE8-D5CE12960D8E}.Release|Win32.ActiveCfg = Release|Win32
		{F8031F82-8819-423D-BFE8-D5CE12960D8E}.Release|Win32.Build.0 = Release|Win32
		{F8031F82-8819-423D-BFE8-D5CE12960D8E}.Release|x64.ActiveCfg = Release|x64
		{F8031F82-8819-423D-BFE8-D5CE12960D8E}.Release|x64.Build.0 = Release|x64
		{876917FD-362F-4C89-8AFA-AAFBA6A405C1}.Debug|Win32.ActiveCfg = Debug|Win32
		{876917FD-362F-4C89-8AFA-AAFBA6A405C1}.Debug|Win32.Build.0 = Debug|Win32
		{876917FD-362F-4C89-8AFA-AAFBA6A405C1}.Debug|x64.ActiveCfg = Debug|x64
		{876917FD-362F-4C89-8AFA-AAFBA6A405C1}.Debug|x64.Build.0 = Debug|x64
		{876917FD-362F-4C89-8AFA-AAFBA6A405C1}.Release|Win32.ActiveCfg = Release|Win32
		{876917FD-362F-4C89-8AFA-AAFBA6A405C1}.Release|Win32.Build.0 = Release|Win32
		{876917FD-362F-4C89-8AFA-AAFBA6A405C1}.Release|x64.ActiveCfg = Release|x64
		{876917FD-362F-4C89-8AFA-AAFBA6A405C1}.Release|x64.Build.0 = Release|x64
		{CFE819A4-95EE-49C4-8DE5-3B91193CA169}.Debug|Win32.ActiveCfg = Debug|Win32
		{CFE819A4-95EE-49C4-8DE5-3B91193CA169}.Debug|Win32.Build.0 = Debug|Win32
		{CFE819A4-95EE-49C4-8DE5-3B91193CA169}.Debug|x64.ActiveCfg = Debug|x64
		{CFE819A4-95EE-49C4-8DE5-3B91193CA169}.Debug|x64.Build.0 = Debug|x64
		{CFE819A4-95EE-49C4-8DE5-3B91193CA169}.Release|Win32.ActiveCfg = Release|Win32
		{CFE819A4-95EE-49C4-8DE5-3B91193CA169}.Release|Win32.Build.0 = Release|Win32
		{CFE819A4-95EE-49C4-8DE5-3B91193CA169}.Release|x64.ActiveCfg = Release|x64
		{CFE819A4-95EE-49C4-8DE5-3B91193CA169}.Release|x64.Build.0 = Release|x64
		{F71571FB-C04D-4062-8555-AD057D047411}.Debug|Win32.ActiveCfg = Debug|Win32
		{F71571FB-C04D-4062-8555-AD057D047411}.Debug|Win32.Build.0 = Debug|Win32
		{F71571FB-C04D-4062-8555-AD057D047411}.Debug|x64.ActiveCfg = Debug|Win32
		{F71571FB-C04D-4062-8555-AD057D047411}.Release|Win32.ActiveCfg = Release|Win32
		{F71571FB-C04D-4062-8555-AD057D047411}.Release|Win32.Build.0 = Release|Win32
		{F71571FB-C04D-4062-8555-AD057D047411}.Release|x64.ActiveCfg = Release|Win32
		{DD7C7995-0066-4146-A0D3-DD1D23EAD035}.Debug|Win32.ActiveCfg = Debug|Win32
		{DD7C7995-0066-4146-A0D3-DD1D23EAD035}.Debug|Win32.Build.0 = Debug|Win32
		{DD7C7995-0066-4146-A0D3-DD1D23EAD035}.Debug|x64.ActiveCfg = Debug|Win32
		{DD7C7995-0066-4146-A0D3-DD1D23EAD035}.Release|Win32.ActiveCfg = Release|Win32
		{DD7C7995-0066-4146-A0D3-DD1D23EAD035}.Release|Win32.Build.0 = Release|Win32
		{DD7C7995-0066-4146-A0D3-DD1D23EAD035}.Release|x64.ActiveCfg = Release|Win32
	EndGlobalSection
	GlobalSection(SolutionProperties) = preSolution
		HideSolutionNode = FALSE
	EndGlobalSection
EndGlobal
